
Microsoft Visual Studio Solution File, Format Version 12.00
# Visual Studio 15
VisualStudioVersion = 15.0.27004.2006
MinimumVisualStudioVersion = 10.0.40219.1
Project("{6EC3EE1D-3C4E-46DD-8F32-0CC8E7565705}") = "Elmish.XamarinForms", "Elmish.XamarinForms\Elmish.XamarinForms.fsproj", "{B459AFAD-BB5B-43C3-BD86-609E8DB3E3FD}"
EndProject
Project("{6EC3EE1D-3C4E-46DD-8F32-0CC8E7565705}") = "Elmish.XamarinForms.Maps", "extensions\Maps\Elmish.XamarinForms.Maps.fsproj", "{B459AFAD-BB5B-43C3-BD86-609E8DB3E3FE}"
EndProject
Project("{6EC3EE1D-3C4E-46DD-8F32-0CC8E7565705}") = "Elmish.XamarinForms.SkiaSharp", "extensions\SkiaSharp\Elmish.XamarinForms.SkiaSharp.fsproj", "{B459AFAD-BB5B-43C3-BD86-609E8DB3E3FF}"
EndProject
Project("{2150E333-8FDC-42A3-9474-1A3956D46DE8}") = "Samples", "Samples", "{FB194A8D-00A6-4416-AA8D-A89C1541935B}"
EndProject
Project("{2150E333-8FDC-42A3-9474-1A3956D46DE8}") = "StaticView", "StaticView", "{FB194A8D-00A6-4416-AA8D-A89C1541935C}"
EndProject
Project("{2150E333-8FDC-42A3-9474-1A3956D46DE8}") = "CounterApp", "CounterApp", "{A832662D-05EB-4582-B871-143798897673}"
EndProject
Project("{6EC3EE1D-3C4E-46DD-8F32-0CC8E7565705}") = "CounterApp", "Samples\StaticView\CounterApp\CounterApp\CounterApp.fsproj", "{4282E90F-2519-46D0-B593-D57CFCA36A2D}"
EndProject
Project("{F2A71F9B-5D33-465A-A702-920D77279786}") = "CounterApp.Droid", "Samples\StaticView\CounterApp\Droid\CounterApp.Droid.fsproj", "{2D3CBBD7-118F-4457-817E-0D60E03C5534}"
EndProject
Project("{F2A71F9B-5D33-465A-A702-920D77279786}") = "CounterApp.iOS", "Samples\StaticView\CounterApp\iOS\CounterApp.iOS.fsproj", "{71C30453-89CF-4955-8DFA-F09231DD99ED}"
EndProject
Project("{2150E333-8FDC-42A3-9474-1A3956D46DE8}") = "TicTacToe", "TicTacToe", "{9869E35B-39CD-490C-A843-842C09938630}"
EndProject
Project("{6EC3EE1D-3C4E-46DD-8F32-0CC8E7565705}") = "TicTacToe", "Samples\TicTacToe\TicTacToe\TicTacToe.fsproj", "{AE045D79-7FF3-45F3-BFD0-305542A1C728}"
EndProject
Project("{F2A71F9B-5D33-465A-A702-920D77279786}") = "TicTacToe.iOS", "Samples\TicTacToe\iOS\TicTacToe.iOS.fsproj", "{E43D02E6-04E7-4E4E-A527-3C5D00D9D826}"
EndProject
Project("{F2A71F9B-5D33-465A-A702-920D77279786}") = "TicTacToe.Droid", "Samples\TicTacToe\Droid\TicTacToe.Droid.fsproj", "{8E482415-A728-4B35-9C9A-31F4D3AE1D54}"
EndProject
Project("{2150E333-8FDC-42A3-9474-1A3956D46DE8}") = "AllControls", "AllControls", "{12D18417-809C-4CA9-AD3E-474333B181BC}"
EndProject
Project("{6EC3EE1D-3C4E-46DD-8F32-0CC8E7565705}") = "AllControls", "Samples\AllControls\AllControls\AllControls.fsproj", "{13F140D6-2D21-41BE-AC90-4B14D8C16A47}"
EndProject
Project("{F2A71F9B-5D33-465A-A702-920D77279786}") = "AllControls.Droid", "Samples\AllControls\Droid\AllControls.Droid.fsproj", "{5CCD3C0C-3434-434C-B8C2-7FFDEDCC2437}"
EndProject
Project("{F2A71F9B-5D33-465A-A702-920D77279786}") = "AllControls.iOS", "Samples\AllControls\iOS\AllControls.iOS.fsproj", "{9031246B-4B08-47C9-A500-30334A245272}"
EndProject
Project("{2150E333-8FDC-42A3-9474-1A3956D46DE8}") = "CounterApp", "CounterApp", "{A61655CB-26DF-47E7-BCC0-91FD9A7D83AA}"
EndProject
Project("{6EC3EE1D-3C4E-46DD-8F32-0CC8E7565705}") = "CounterApp", "Samples\CounterApp\CounterApp\CounterApp.fsproj", "{AC36B11A-383D-45A3-8999-4F6475E9DD13}"
EndProject
Project("{F2A71F9B-5D33-465A-A702-920D77279786}") = "CounterApp.Droid", "Samples\CounterApp\Droid\CounterApp.Droid.fsproj", "{13181907-1C53-47C1-BDF0-DBECCC2ED92E}"
EndProject
Project("{F2A71F9B-5D33-465A-A702-920D77279786}") = "CounterApp.iOS", "Samples\CounterApp\iOS\CounterApp.iOS.fsproj", "{F557905B-B099-44AB-939C-AB169499A36E}"
EndProject
Project("{6EC3EE1D-3C4E-46DD-8F32-0CC8E7565705}") = "Generator", "Generator\Generator.fsproj", "{10DF5D2F-17FA-43DE-9549-B84E6CF26602}"
EndProject
Global
	GlobalSection(SolutionConfigurationPlatforms) = preSolution
		Debug|Any CPU = Debug|Any CPU
		Debug|iPhone = Debug|iPhone
		Debug|iPhoneSimulator = Debug|iPhoneSimulator
		Debug|x86 = Debug|x86
		Release|Any CPU = Release|Any CPU
		Release|iPhone = Release|iPhone
		Release|iPhoneSimulator = Release|iPhoneSimulator
		Release|x86 = Release|x86
	EndGlobalSection
	GlobalSection(ProjectConfigurationPlatforms) = postSolution
		{B459AFAD-BB5B-43C3-BD86-609E8DB3E3FD}.Debug|Any CPU.ActiveCfg = Debug|Any CPU
		{B459AFAD-BB5B-43C3-BD86-609E8DB3E3FD}.Debug|Any CPU.Build.0 = Debug|Any CPU
		{B459AFAD-BB5B-43C3-BD86-609E8DB3E3FD}.Debug|iPhone.ActiveCfg = Debug|Any CPU
		{B459AFAD-BB5B-43C3-BD86-609E8DB3E3FD}.Debug|iPhone.Build.0 = Debug|Any CPU
		{B459AFAD-BB5B-43C3-BD86-609E8DB3E3FD}.Debug|iPhoneSimulator.ActiveCfg = Debug|Any CPU
		{B459AFAD-BB5B-43C3-BD86-609E8DB3E3FD}.Debug|iPhoneSimulator.Build.0 = Debug|Any CPU
		{B459AFAD-BB5B-43C3-BD86-609E8DB3E3FD}.Debug|x86.ActiveCfg = Debug|Any CPU
		{B459AFAD-BB5B-43C3-BD86-609E8DB3E3FD}.Debug|x86.Build.0 = Debug|Any CPU
		{B459AFAD-BB5B-43C3-BD86-609E8DB3E3FD}.Release|Any CPU.ActiveCfg = Release|Any CPU
		{B459AFAD-BB5B-43C3-BD86-609E8DB3E3FD}.Release|Any CPU.Build.0 = Release|Any CPU
		{B459AFAD-BB5B-43C3-BD86-609E8DB3E3FD}.Release|iPhone.ActiveCfg = Release|Any CPU
		{B459AFAD-BB5B-43C3-BD86-609E8DB3E3FD}.Release|iPhone.Build.0 = Release|Any CPU
		{B459AFAD-BB5B-43C3-BD86-609E8DB3E3FD}.Release|iPhoneSimulator.ActiveCfg = Release|Any CPU
		{B459AFAD-BB5B-43C3-BD86-609E8DB3E3FD}.Release|iPhoneSimulator.Build.0 = Release|Any CPU
		{B459AFAD-BB5B-43C3-BD86-609E8DB3E3FD}.Release|x86.ActiveCfg = Release|Any CPU
		{B459AFAD-BB5B-43C3-BD86-609E8DB3E3FD}.Release|x86.Build.0 = Release|Any CPU
		{B459AFAD-BB5B-43C3-BD86-609E8DB3E3FE}.Debug|Any CPU.ActiveCfg = Debug|Any CPU
		{B459AFAD-BB5B-43C3-BD86-609E8DB3E3FE}.Debug|Any CPU.Build.0 = Debug|Any CPU
		{B459AFAD-BB5B-43C3-BD86-609E8DB3E3FE}.Debug|iPhone.ActiveCfg = Debug|Any CPU
		{B459AFAD-BB5B-43C3-BD86-609E8DB3E3FE}.Debug|iPhone.Build.0 = Debug|Any CPU
		{B459AFAD-BB5B-43C3-BD86-609E8DB3E3FE}.Debug|iPhoneSimulator.ActiveCfg = Debug|Any CPU
		{B459AFAD-BB5B-43C3-BD86-609E8DB3E3FE}.Debug|iPhoneSimulator.Build.0 = Debug|Any CPU
		{B459AFAD-BB5B-43C3-BD86-609E8DB3E3FE}.Debug|x86.ActiveCfg = Debug|Any CPU
		{B459AFAD-BB5B-43C3-BD86-609E8DB3E3FE}.Debug|x86.Build.0 = Debug|Any CPU
		{B459AFAD-BB5B-43C3-BD86-609E8DB3E3FE}.Release|Any CPU.ActiveCfg = Release|Any CPU
		{B459AFAD-BB5B-43C3-BD86-609E8DB3E3FE}.Release|Any CPU.Build.0 = Release|Any CPU
		{B459AFAD-BB5B-43C3-BD86-609E8DB3E3FE}.Release|iPhone.ActiveCfg = Release|Any CPU
		{B459AFAD-BB5B-43C3-BD86-609E8DB3E3FE}.Release|iPhone.Build.0 = Release|Any CPU
		{B459AFAD-BB5B-43C3-BD86-609E8DB3E3FE}.Release|iPhoneSimulator.ActiveCfg = Release|Any CPU
		{B459AFAD-BB5B-43C3-BD86-609E8DB3E3FE}.Release|iPhoneSimulator.Build.0 = Release|Any CPU
		{B459AFAD-BB5B-43C3-BD86-609E8DB3E3FE}.Release|x86.ActiveCfg = Release|Any CPU
		{B459AFAD-BB5B-43C3-BD86-609E8DB3E3FE}.Release|x86.Build.0 = Release|Any CPU
		{B459AFAD-BB5B-43C3-BD86-609E8DB3E3FF}.Debug|Any CPU.ActiveCfg = Debug|Any CPU
		{B459AFAD-BB5B-43C3-BD86-609E8DB3E3FF}.Debug|Any CPU.Build.0 = Debug|Any CPU
		{B459AFAD-BB5B-43C3-BD86-609E8DB3E3FF}.Debug|iPhone.ActiveCfg = Debug|Any CPU
		{B459AFAD-BB5B-43C3-BD86-609E8DB3E3FF}.Debug|iPhone.Build.0 = Debug|Any CPU
		{B459AFAD-BB5B-43C3-BD86-609E8DB3E3FF}.Debug|iPhoneSimulator.ActiveCfg = Debug|Any CPU
		{B459AFAD-BB5B-43C3-BD86-609E8DB3E3FF}.Debug|iPhoneSimulator.Build.0 = Debug|Any CPU
		{B459AFAD-BB5B-43C3-BD86-609E8DB3E3FF}.Debug|x86.ActiveCfg = Debug|Any CPU
		{B459AFAD-BB5B-43C3-BD86-609E8DB3E3FF}.Debug|x86.Build.0 = Debug|Any CPU
		{B459AFAD-BB5B-43C3-BD86-609E8DB3E3FF}.Release|Any CPU.ActiveCfg = Release|Any CPU
		{B459AFAD-BB5B-43C3-BD86-609E8DB3E3FF}.Release|Any CPU.Build.0 = Release|Any CPU
		{B459AFAD-BB5B-43C3-BD86-609E8DB3E3FF}.Release|iPhone.ActiveCfg = Release|Any CPU
		{B459AFAD-BB5B-43C3-BD86-609E8DB3E3FF}.Release|iPhone.Build.0 = Release|Any CPU
		{B459AFAD-BB5B-43C3-BD86-609E8DB3E3FF}.Release|iPhoneSimulator.ActiveCfg = Release|Any CPU
		{B459AFAD-BB5B-43C3-BD86-609E8DB3E3FF}.Release|iPhoneSimulator.Build.0 = Release|Any CPU
		{B459AFAD-BB5B-43C3-BD86-609E8DB3E3FF}.Release|x86.ActiveCfg = Release|Any CPU
		{B459AFAD-BB5B-43C3-BD86-609E8DB3E3FF}.Release|x86.Build.0 = Release|Any CPU
		{4282E90F-2519-46D0-B593-D57CFCA36A2D}.Debug|Any CPU.ActiveCfg = Debug|Any CPU
		{4282E90F-2519-46D0-B593-D57CFCA36A2D}.Debug|Any CPU.Build.0 = Debug|Any CPU
		{4282E90F-2519-46D0-B593-D57CFCA36A2D}.Debug|iPhone.ActiveCfg = Debug|Any CPU
		{4282E90F-2519-46D0-B593-D57CFCA36A2D}.Debug|iPhone.Build.0 = Debug|Any CPU
		{4282E90F-2519-46D0-B593-D57CFCA36A2D}.Debug|iPhoneSimulator.ActiveCfg = Debug|Any CPU
		{4282E90F-2519-46D0-B593-D57CFCA36A2D}.Debug|iPhoneSimulator.Build.0 = Debug|Any CPU
		{4282E90F-2519-46D0-B593-D57CFCA36A2D}.Debug|x86.ActiveCfg = Debug|Any CPU
		{4282E90F-2519-46D0-B593-D57CFCA36A2D}.Debug|x86.Build.0 = Debug|Any CPU
		{4282E90F-2519-46D0-B593-D57CFCA36A2D}.Release|Any CPU.ActiveCfg = Release|Any CPU
		{4282E90F-2519-46D0-B593-D57CFCA36A2D}.Release|Any CPU.Build.0 = Release|Any CPU
		{4282E90F-2519-46D0-B593-D57CFCA36A2D}.Release|iPhone.ActiveCfg = Release|Any CPU
		{4282E90F-2519-46D0-B593-D57CFCA36A2D}.Release|iPhone.Build.0 = Release|Any CPU
		{4282E90F-2519-46D0-B593-D57CFCA36A2D}.Release|iPhoneSimulator.ActiveCfg = Release|Any CPU
		{4282E90F-2519-46D0-B593-D57CFCA36A2D}.Release|iPhoneSimulator.Build.0 = Release|Any CPU
		{4282E90F-2519-46D0-B593-D57CFCA36A2D}.Release|x86.ActiveCfg = Release|Any CPU
		{4282E90F-2519-46D0-B593-D57CFCA36A2D}.Release|x86.Build.0 = Release|Any CPU
		{2D3CBBD7-118F-4457-817E-0D60E03C5534}.Debug|Any CPU.ActiveCfg = Debug|Any CPU
		{2D3CBBD7-118F-4457-817E-0D60E03C5534}.Debug|Any CPU.Build.0 = Debug|Any CPU
		{2D3CBBD7-118F-4457-817E-0D60E03C5534}.Debug|Any CPU.Deploy.0 = Debug|Any CPU
		{2D3CBBD7-118F-4457-817E-0D60E03C5534}.Debug|iPhone.ActiveCfg = Debug|Any CPU
		{2D3CBBD7-118F-4457-817E-0D60E03C5534}.Debug|iPhone.Build.0 = Debug|Any CPU
		{2D3CBBD7-118F-4457-817E-0D60E03C5534}.Debug|iPhoneSimulator.ActiveCfg = Debug|Any CPU
		{2D3CBBD7-118F-4457-817E-0D60E03C5534}.Debug|iPhoneSimulator.Build.0 = Debug|Any CPU
		{2D3CBBD7-118F-4457-817E-0D60E03C5534}.Debug|x86.ActiveCfg = Debug|Any CPU
		{2D3CBBD7-118F-4457-817E-0D60E03C5534}.Debug|x86.Build.0 = Debug|Any CPU
		{2D3CBBD7-118F-4457-817E-0D60E03C5534}.Release|Any CPU.ActiveCfg = Release|Any CPU
		{2D3CBBD7-118F-4457-817E-0D60E03C5534}.Release|Any CPU.Build.0 = Release|Any CPU
		{2D3CBBD7-118F-4457-817E-0D60E03C5534}.Release|iPhone.ActiveCfg = Release|Any CPU
		{2D3CBBD7-118F-4457-817E-0D60E03C5534}.Release|iPhone.Build.0 = Release|Any CPU
		{2D3CBBD7-118F-4457-817E-0D60E03C5534}.Release|iPhoneSimulator.ActiveCfg = Release|Any CPU
		{2D3CBBD7-118F-4457-817E-0D60E03C5534}.Release|iPhoneSimulator.Build.0 = Release|Any CPU
		{2D3CBBD7-118F-4457-817E-0D60E03C5534}.Release|x86.ActiveCfg = Release|Any CPU
		{2D3CBBD7-118F-4457-817E-0D60E03C5534}.Release|x86.Build.0 = Release|Any CPU
		{71C30453-89CF-4955-8DFA-F09231DD99ED}.Debug|Any CPU.ActiveCfg = Debug|iPhone
		{71C30453-89CF-4955-8DFA-F09231DD99ED}.Debug|iPhone.ActiveCfg = Debug|iPhone
		{71C30453-89CF-4955-8DFA-F09231DD99ED}.Debug|iPhone.Build.0 = Debug|iPhone
		{71C30453-89CF-4955-8DFA-F09231DD99ED}.Debug|iPhoneSimulator.ActiveCfg = Debug|iPhoneSimulator
		{71C30453-89CF-4955-8DFA-F09231DD99ED}.Debug|iPhoneSimulator.Build.0 = Debug|iPhoneSimulator
		{71C30453-89CF-4955-8DFA-F09231DD99ED}.Debug|x86.ActiveCfg = Debug|iPhoneSimulator
		{71C30453-89CF-4955-8DFA-F09231DD99ED}.Debug|x86.Build.0 = Debug|iPhoneSimulator
		{71C30453-89CF-4955-8DFA-F09231DD99ED}.Release|Any CPU.ActiveCfg = Release|iPhone
		{71C30453-89CF-4955-8DFA-F09231DD99ED}.Release|Any CPU.Build.0 = Release|iPhone
		{71C30453-89CF-4955-8DFA-F09231DD99ED}.Release|iPhone.ActiveCfg = Release|iPhone
		{71C30453-89CF-4955-8DFA-F09231DD99ED}.Release|iPhone.Build.0 = Release|iPhone
		{71C30453-89CF-4955-8DFA-F09231DD99ED}.Release|iPhoneSimulator.ActiveCfg = Release|iPhoneSimulator
		{71C30453-89CF-4955-8DFA-F09231DD99ED}.Release|iPhoneSimulator.Build.0 = Release|iPhoneSimulator
		{71C30453-89CF-4955-8DFA-F09231DD99ED}.Release|x86.ActiveCfg = Release|iPhone
		{71C30453-89CF-4955-8DFA-F09231DD99ED}.Release|x86.Build.0 = Release|iPhone
		{AE045D79-7FF3-45F3-BFD0-305542A1C728}.Debug|Any CPU.ActiveCfg = Debug|Any CPU
		{AE045D79-7FF3-45F3-BFD0-305542A1C728}.Debug|Any CPU.Build.0 = Debug|Any CPU
		{AE045D79-7FF3-45F3-BFD0-305542A1C728}.Debug|iPhone.ActiveCfg = Debug|Any CPU
		{AE045D79-7FF3-45F3-BFD0-305542A1C728}.Debug|iPhone.Build.0 = Debug|Any CPU
		{AE045D79-7FF3-45F3-BFD0-305542A1C728}.Debug|iPhoneSimulator.ActiveCfg = Debug|Any CPU
		{AE045D79-7FF3-45F3-BFD0-305542A1C728}.Debug|iPhoneSimulator.Build.0 = Debug|Any CPU
		{AE045D79-7FF3-45F3-BFD0-305542A1C728}.Debug|x86.ActiveCfg = Debug|Any CPU
		{AE045D79-7FF3-45F3-BFD0-305542A1C728}.Debug|x86.Build.0 = Debug|Any CPU
		{AE045D79-7FF3-45F3-BFD0-305542A1C728}.Release|Any CPU.ActiveCfg = Release|Any CPU
		{AE045D79-7FF3-45F3-BFD0-305542A1C728}.Release|Any CPU.Build.0 = Release|Any CPU
		{AE045D79-7FF3-45F3-BFD0-305542A1C728}.Release|iPhone.ActiveCfg = Release|Any CPU
		{AE045D79-7FF3-45F3-BFD0-305542A1C728}.Release|iPhone.Build.0 = Release|Any CPU
		{AE045D79-7FF3-45F3-BFD0-305542A1C728}.Release|iPhoneSimulator.ActiveCfg = Release|Any CPU
		{AE045D79-7FF3-45F3-BFD0-305542A1C728}.Release|iPhoneSimulator.Build.0 = Release|Any CPU
		{AE045D79-7FF3-45F3-BFD0-305542A1C728}.Release|x86.ActiveCfg = Release|Any CPU
		{AE045D79-7FF3-45F3-BFD0-305542A1C728}.Release|x86.Build.0 = Release|Any CPU
		{E43D02E6-04E7-4E4E-A527-3C5D00D9D826}.Debug|Any CPU.ActiveCfg = Debug|iPhone
		{E43D02E6-04E7-4E4E-A527-3C5D00D9D826}.Debug|iPhone.ActiveCfg = Debug|iPhone
		{E43D02E6-04E7-4E4E-A527-3C5D00D9D826}.Debug|iPhone.Build.0 = Debug|iPhone
		{E43D02E6-04E7-4E4E-A527-3C5D00D9D826}.Debug|iPhoneSimulator.ActiveCfg = Debug|iPhoneSimulator
		{E43D02E6-04E7-4E4E-A527-3C5D00D9D826}.Debug|iPhoneSimulator.Build.0 = Debug|iPhoneSimulator
		{E43D02E6-04E7-4E4E-A527-3C5D00D9D826}.Debug|x86.ActiveCfg = Debug|iPhone
		{E43D02E6-04E7-4E4E-A527-3C5D00D9D826}.Release|Any CPU.ActiveCfg = Release|iPhone
		{E43D02E6-04E7-4E4E-A527-3C5D00D9D826}.Release|iPhone.ActiveCfg = Release|iPhone
		{E43D02E6-04E7-4E4E-A527-3C5D00D9D826}.Release|iPhone.Build.0 = Release|iPhone
		{E43D02E6-04E7-4E4E-A527-3C5D00D9D826}.Release|iPhoneSimulator.ActiveCfg = Release|iPhoneSimulator
		{E43D02E6-04E7-4E4E-A527-3C5D00D9D826}.Release|iPhoneSimulator.Build.0 = Release|iPhoneSimulator
		{E43D02E6-04E7-4E4E-A527-3C5D00D9D826}.Release|x86.ActiveCfg = Release|iPhone
		{8E482415-A728-4B35-9C9A-31F4D3AE1D54}.Debug|Any CPU.ActiveCfg = Debug|Any CPU
		{8E482415-A728-4B35-9C9A-31F4D3AE1D54}.Debug|Any CPU.Build.0 = Debug|Any CPU
		{8E482415-A728-4B35-9C9A-31F4D3AE1D54}.Debug|Any CPU.Deploy.0 = Debug|Any CPU
		{8E482415-A728-4B35-9C9A-31F4D3AE1D54}.Debug|iPhone.ActiveCfg = Debug|Any CPU
		{8E482415-A728-4B35-9C9A-31F4D3AE1D54}.Debug|iPhone.Build.0 = Debug|Any CPU
		{8E482415-A728-4B35-9C9A-31F4D3AE1D54}.Debug|iPhone.Deploy.0 = Debug|Any CPU
		{8E482415-A728-4B35-9C9A-31F4D3AE1D54}.Debug|iPhoneSimulator.ActiveCfg = Debug|Any CPU
		{8E482415-A728-4B35-9C9A-31F4D3AE1D54}.Debug|iPhoneSimulator.Build.0 = Debug|Any CPU
		{8E482415-A728-4B35-9C9A-31F4D3AE1D54}.Debug|iPhoneSimulator.Deploy.0 = Debug|Any CPU
		{8E482415-A728-4B35-9C9A-31F4D3AE1D54}.Debug|x86.ActiveCfg = Debug|Any CPU
		{8E482415-A728-4B35-9C9A-31F4D3AE1D54}.Debug|x86.Build.0 = Debug|Any CPU
		{8E482415-A728-4B35-9C9A-31F4D3AE1D54}.Debug|x86.Deploy.0 = Debug|Any CPU
		{8E482415-A728-4B35-9C9A-31F4D3AE1D54}.Release|Any CPU.ActiveCfg = Release|Any CPU
		{8E482415-A728-4B35-9C9A-31F4D3AE1D54}.Release|Any CPU.Build.0 = Release|Any CPU
		{8E482415-A728-4B35-9C9A-31F4D3AE1D54}.Release|Any CPU.Deploy.0 = Release|Any CPU
		{8E482415-A728-4B35-9C9A-31F4D3AE1D54}.Release|iPhone.ActiveCfg = Release|Any CPU
		{8E482415-A728-4B35-9C9A-31F4D3AE1D54}.Release|iPhone.Build.0 = Release|Any CPU
		{8E482415-A728-4B35-9C9A-31F4D3AE1D54}.Release|iPhone.Deploy.0 = Release|Any CPU
		{8E482415-A728-4B35-9C9A-31F4D3AE1D54}.Release|iPhoneSimulator.ActiveCfg = Release|Any CPU
		{8E482415-A728-4B35-9C9A-31F4D3AE1D54}.Release|iPhoneSimulator.Build.0 = Release|Any CPU
		{8E482415-A728-4B35-9C9A-31F4D3AE1D54}.Release|iPhoneSimulator.Deploy.0 = Release|Any CPU
		{8E482415-A728-4B35-9C9A-31F4D3AE1D54}.Release|x86.ActiveCfg = Release|Any CPU
		{8E482415-A728-4B35-9C9A-31F4D3AE1D54}.Release|x86.Build.0 = Release|Any CPU
		{8E482415-A728-4B35-9C9A-31F4D3AE1D54}.Release|x86.Deploy.0 = Release|Any CPU
		{13F140D6-2D21-41BE-AC90-4B14D8C16A47}.Debug|Any CPU.ActiveCfg = Debug|Any CPU
		{13F140D6-2D21-41BE-AC90-4B14D8C16A47}.Debug|Any CPU.Build.0 = Debug|Any CPU
		{13F140D6-2D21-41BE-AC90-4B14D8C16A47}.Debug|iPhone.ActiveCfg = Debug|Any CPU
		{13F140D6-2D21-41BE-AC90-4B14D8C16A47}.Debug|iPhone.Build.0 = Debug|Any CPU
		{13F140D6-2D21-41BE-AC90-4B14D8C16A47}.Debug|iPhoneSimulator.ActiveCfg = Debug|Any CPU
		{13F140D6-2D21-41BE-AC90-4B14D8C16A47}.Debug|iPhoneSimulator.Build.0 = Debug|Any CPU
		{13F140D6-2D21-41BE-AC90-4B14D8C16A47}.Debug|x86.ActiveCfg = Debug|Any CPU
		{13F140D6-2D21-41BE-AC90-4B14D8C16A47}.Debug|x86.Build.0 = Debug|Any CPU
		{13F140D6-2D21-41BE-AC90-4B14D8C16A47}.Release|Any CPU.ActiveCfg = Release|Any CPU
		{13F140D6-2D21-41BE-AC90-4B14D8C16A47}.Release|Any CPU.Build.0 = Release|Any CPU
		{13F140D6-2D21-41BE-AC90-4B14D8C16A47}.Release|iPhone.ActiveCfg = Release|Any CPU
		{13F140D6-2D21-41BE-AC90-4B14D8C16A47}.Release|iPhone.Build.0 = Release|Any CPU
		{13F140D6-2D21-41BE-AC90-4B14D8C16A47}.Release|iPhoneSimulator.ActiveCfg = Release|Any CPU
		{13F140D6-2D21-41BE-AC90-4B14D8C16A47}.Release|iPhoneSimulator.Build.0 = Release|Any CPU
		{13F140D6-2D21-41BE-AC90-4B14D8C16A47}.Release|x86.ActiveCfg = Release|Any CPU
		{13F140D6-2D21-41BE-AC90-4B14D8C16A47}.Release|x86.Build.0 = Release|Any CPU
		{5CCD3C0C-3434-434C-B8C2-7FFDEDCC2437}.Debug|Any CPU.ActiveCfg = Debug|Any CPU
		{5CCD3C0C-3434-434C-B8C2-7FFDEDCC2437}.Debug|Any CPU.Build.0 = Debug|Any CPU
		{5CCD3C0C-3434-434C-B8C2-7FFDEDCC2437}.Debug|Any CPU.Deploy.0 = Debug|Any CPU
		{5CCD3C0C-3434-434C-B8C2-7FFDEDCC2437}.Debug|iPhone.ActiveCfg = Debug|Any CPU
		{5CCD3C0C-3434-434C-B8C2-7FFDEDCC2437}.Debug|iPhone.Build.0 = Debug|Any CPU
		{5CCD3C0C-3434-434C-B8C2-7FFDEDCC2437}.Debug|iPhone.Deploy.0 = Debug|Any CPU
		{5CCD3C0C-3434-434C-B8C2-7FFDEDCC2437}.Debug|iPhoneSimulator.ActiveCfg = Debug|Any CPU
		{5CCD3C0C-3434-434C-B8C2-7FFDEDCC2437}.Debug|iPhoneSimulator.Build.0 = Debug|Any CPU
		{5CCD3C0C-3434-434C-B8C2-7FFDEDCC2437}.Debug|iPhoneSimulator.Deploy.0 = Debug|Any CPU
		{5CCD3C0C-3434-434C-B8C2-7FFDEDCC2437}.Debug|x86.ActiveCfg = Debug|Any CPU
		{5CCD3C0C-3434-434C-B8C2-7FFDEDCC2437}.Debug|x86.Build.0 = Debug|Any CPU
		{5CCD3C0C-3434-434C-B8C2-7FFDEDCC2437}.Debug|x86.Deploy.0 = Debug|Any CPU
		{5CCD3C0C-3434-434C-B8C2-7FFDEDCC2437}.Release|Any CPU.ActiveCfg = Release|Any CPU
		{5CCD3C0C-3434-434C-B8C2-7FFDEDCC2437}.Release|Any CPU.Build.0 = Release|Any CPU
		{5CCD3C0C-3434-434C-B8C2-7FFDEDCC2437}.Release|Any CPU.Deploy.0 = Release|Any CPU
		{5CCD3C0C-3434-434C-B8C2-7FFDEDCC2437}.Release|iPhone.ActiveCfg = Release|Any CPU
		{5CCD3C0C-3434-434C-B8C2-7FFDEDCC2437}.Release|iPhone.Build.0 = Release|Any CPU
		{5CCD3C0C-3434-434C-B8C2-7FFDEDCC2437}.Release|iPhone.Deploy.0 = Release|Any CPU
		{5CCD3C0C-3434-434C-B8C2-7FFDEDCC2437}.Release|iPhoneSimulator.ActiveCfg = Release|Any CPU
		{5CCD3C0C-3434-434C-B8C2-7FFDEDCC2437}.Release|iPhoneSimulator.Build.0 = Release|Any CPU
		{5CCD3C0C-3434-434C-B8C2-7FFDEDCC2437}.Release|iPhoneSimulator.Deploy.0 = Release|Any CPU
		{5CCD3C0C-3434-434C-B8C2-7FFDEDCC2437}.Release|x86.ActiveCfg = Release|Any CPU
		{5CCD3C0C-3434-434C-B8C2-7FFDEDCC2437}.Release|x86.Build.0 = Release|Any CPU
		{5CCD3C0C-3434-434C-B8C2-7FFDEDCC2437}.Release|x86.Deploy.0 = Release|Any CPU
		{9031246B-4B08-47C9-A500-30334A245272}.Debug|Any CPU.ActiveCfg = Debug|iPhone
		{9031246B-4B08-47C9-A500-30334A245272}.Debug|iPhone.ActiveCfg = Debug|iPhone
		{9031246B-4B08-47C9-A500-30334A245272}.Debug|iPhone.Build.0 = Debug|iPhone
		{9031246B-4B08-47C9-A500-30334A245272}.Debug|iPhoneSimulator.ActiveCfg = Debug|iPhoneSimulator
		{9031246B-4B08-47C9-A500-30334A245272}.Debug|iPhoneSimulator.Build.0 = Debug|iPhoneSimulator
		{9031246B-4B08-47C9-A500-30334A245272}.Debug|x86.ActiveCfg = Debug|iPhone
		{9031246B-4B08-47C9-A500-30334A245272}.Release|Any CPU.ActiveCfg = Release|iPhone
		{9031246B-4B08-47C9-A500-30334A245272}.Release|iPhone.ActiveCfg = Release|iPhone
		{9031246B-4B08-47C9-A500-30334A245272}.Release|iPhone.Build.0 = Release|iPhone
		{9031246B-4B08-47C9-A500-30334A245272}.Release|iPhoneSimulator.ActiveCfg = Release|iPhoneSimulator
		{9031246B-4B08-47C9-A500-30334A245272}.Release|iPhoneSimulator.Build.0 = Release|iPhoneSimulator
		{9031246B-4B08-47C9-A500-30334A245272}.Release|x86.ActiveCfg = Release|iPhone
		{AC36B11A-383D-45A3-8999-4F6475E9DD13}.Debug|Any CPU.ActiveCfg = Debug|Any CPU
		{AC36B11A-383D-45A3-8999-4F6475E9DD13}.Debug|Any CPU.Build.0 = Debug|Any CPU
		{AC36B11A-383D-45A3-8999-4F6475E9DD13}.Debug|iPhone.ActiveCfg = Debug|Any CPU
		{AC36B11A-383D-45A3-8999-4F6475E9DD13}.Debug|iPhone.Build.0 = Debug|Any CPU
		{AC36B11A-383D-45A3-8999-4F6475E9DD13}.Debug|iPhoneSimulator.ActiveCfg = Debug|Any CPU
		{AC36B11A-383D-45A3-8999-4F6475E9DD13}.Debug|iPhoneSimulator.Build.0 = Debug|Any CPU
		{AC36B11A-383D-45A3-8999-4F6475E9DD13}.Debug|x86.ActiveCfg = Debug|Any CPU
		{AC36B11A-383D-45A3-8999-4F6475E9DD13}.Debug|x86.Build.0 = Debug|Any CPU
		{AC36B11A-383D-45A3-8999-4F6475E9DD13}.Release|Any CPU.ActiveCfg = Release|Any CPU
		{AC36B11A-383D-45A3-8999-4F6475E9DD13}.Release|Any CPU.Build.0 = Release|Any CPU
		{AC36B11A-383D-45A3-8999-4F6475E9DD13}.Release|iPhone.ActiveCfg = Release|Any CPU
		{AC36B11A-383D-45A3-8999-4F6475E9DD13}.Release|iPhone.Build.0 = Release|Any CPU
		{AC36B11A-383D-45A3-8999-4F6475E9DD13}.Release|iPhoneSimulator.ActiveCfg = Release|Any CPU
		{AC36B11A-383D-45A3-8999-4F6475E9DD13}.Release|iPhoneSimulator.Build.0 = Release|Any CPU
		{AC36B11A-383D-45A3-8999-4F6475E9DD13}.Release|x86.ActiveCfg = Release|Any CPU
		{AC36B11A-383D-45A3-8999-4F6475E9DD13}.Release|x86.Build.0 = Release|Any CPU
		{13181907-1C53-47C1-BDF0-DBECCC2ED92E}.Debug|Any CPU.ActiveCfg = Debug|Any CPU
		{13181907-1C53-47C1-BDF0-DBECCC2ED92E}.Debug|Any CPU.Build.0 = Debug|Any CPU
		{13181907-1C53-47C1-BDF0-DBECCC2ED92E}.Debug|Any CPU.Deploy.0 = Debug|Any CPU
		{13181907-1C53-47C1-BDF0-DBECCC2ED92E}.Debug|iPhone.ActiveCfg = Debug|Any CPU
		{13181907-1C53-47C1-BDF0-DBECCC2ED92E}.Debug|iPhone.Build.0 = Debug|Any CPU
		{13181907-1C53-47C1-BDF0-DBECCC2ED92E}.Debug|iPhone.Deploy.0 = Debug|Any CPU
		{13181907-1C53-47C1-BDF0-DBECCC2ED92E}.Debug|iPhoneSimulator.ActiveCfg = Debug|Any CPU
		{13181907-1C53-47C1-BDF0-DBECCC2ED92E}.Debug|iPhoneSimulator.Build.0 = Debug|Any CPU
		{13181907-1C53-47C1-BDF0-DBECCC2ED92E}.Debug|iPhoneSimulator.Deploy.0 = Debug|Any CPU
		{13181907-1C53-47C1-BDF0-DBECCC2ED92E}.Debug|x86.ActiveCfg = Debug|Any CPU
		{13181907-1C53-47C1-BDF0-DBECCC2ED92E}.Debug|x86.Build.0 = Debug|Any CPU
		{13181907-1C53-47C1-BDF0-DBECCC2ED92E}.Debug|x86.Deploy.0 = Debug|Any CPU
		{13181907-1C53-47C1-BDF0-DBECCC2ED92E}.Release|Any CPU.ActiveCfg = Release|Any CPU
		{13181907-1C53-47C1-BDF0-DBECCC2ED92E}.Release|Any CPU.Build.0 = Release|Any CPU
		{13181907-1C53-47C1-BDF0-DBECCC2ED92E}.Release|Any CPU.Deploy.0 = Release|Any CPU
		{13181907-1C53-47C1-BDF0-DBECCC2ED92E}.Release|iPhone.ActiveCfg = Release|Any CPU
		{13181907-1C53-47C1-BDF0-DBECCC2ED92E}.Release|iPhone.Build.0 = Release|Any CPU
		{13181907-1C53-47C1-BDF0-DBECCC2ED92E}.Release|iPhone.Deploy.0 = Release|Any CPU
		{13181907-1C53-47C1-BDF0-DBECCC2ED92E}.Release|iPhoneSimulator.ActiveCfg = Release|Any CPU
		{13181907-1C53-47C1-BDF0-DBECCC2ED92E}.Release|iPhoneSimulator.Build.0 = Release|Any CPU
		{13181907-1C53-47C1-BDF0-DBECCC2ED92E}.Release|iPhoneSimulator.Deploy.0 = Release|Any CPU
		{13181907-1C53-47C1-BDF0-DBECCC2ED92E}.Release|x86.ActiveCfg = Release|Any CPU
		{13181907-1C53-47C1-BDF0-DBECCC2ED92E}.Release|x86.Build.0 = Release|Any CPU
		{13181907-1C53-47C1-BDF0-DBECCC2ED92E}.Release|x86.Deploy.0 = Release|Any CPU
		{F557905B-B099-44AB-939C-AB169499A36E}.Debug|Any CPU.ActiveCfg = Debug|iPhone
		{F557905B-B099-44AB-939C-AB169499A36E}.Debug|iPhone.ActiveCfg = Debug|iPhone
		{F557905B-B099-44AB-939C-AB169499A36E}.Debug|iPhone.Build.0 = Debug|iPhone
		{F557905B-B099-44AB-939C-AB169499A36E}.Debug|iPhoneSimulator.ActiveCfg = Debug|iPhoneSimulator
		{F557905B-B099-44AB-939C-AB169499A36E}.Debug|iPhoneSimulator.Build.0 = Debug|iPhoneSimulator
		{F557905B-B099-44AB-939C-AB169499A36E}.Debug|x86.ActiveCfg = Debug|iPhone
		{F557905B-B099-44AB-939C-AB169499A36E}.Release|Any CPU.ActiveCfg = Release|iPhone
		{F557905B-B099-44AB-939C-AB169499A36E}.Release|iPhone.ActiveCfg = Release|iPhone
		{F557905B-B099-44AB-939C-AB169499A36E}.Release|iPhone.Build.0 = Release|iPhone
		{F557905B-B099-44AB-939C-AB169499A36E}.Release|iPhoneSimulator.ActiveCfg = Release|iPhoneSimulator
		{F557905B-B099-44AB-939C-AB169499A36E}.Release|iPhoneSimulator.Build.0 = Release|iPhoneSimulator
		{F557905B-B099-44AB-939C-AB169499A36E}.Release|x86.ActiveCfg = Release|iPhone
		{10DF5D2F-17FA-43DE-9549-B84E6CF26602}.Debug|Any CPU.ActiveCfg = Debug|Any CPU
		{10DF5D2F-17FA-43DE-9549-B84E6CF26602}.Debug|Any CPU.Build.0 = Debug|Any CPU
		{10DF5D2F-17FA-43DE-9549-B84E6CF26602}.Debug|iPhone.ActiveCfg = Debug|Any CPU
		{10DF5D2F-17FA-43DE-9549-B84E6CF26602}.Debug|iPhone.Build.0 = Debug|Any CPU
		{10DF5D2F-17FA-43DE-9549-B84E6CF26602}.Debug|iPhoneSimulator.ActiveCfg = Debug|Any CPU
		{10DF5D2F-17FA-43DE-9549-B84E6CF26602}.Debug|iPhoneSimulator.Build.0 = Debug|Any CPU
		{10DF5D2F-17FA-43DE-9549-B84E6CF26602}.Debug|x86.ActiveCfg = Debug|Any CPU
		{10DF5D2F-17FA-43DE-9549-B84E6CF26602}.Debug|x86.Build.0 = Debug|Any CPU
		{10DF5D2F-17FA-43DE-9549-B84E6CF26602}.Release|Any CPU.ActiveCfg = Release|Any CPU
		{10DF5D2F-17FA-43DE-9549-B84E6CF26602}.Release|Any CPU.Build.0 = Release|Any CPU
		{10DF5D2F-17FA-43DE-9549-B84E6CF26602}.Release|iPhone.ActiveCfg = Release|Any CPU
		{10DF5D2F-17FA-43DE-9549-B84E6CF26602}.Release|iPhone.Build.0 = Release|Any CPU
		{10DF5D2F-17FA-43DE-9549-B84E6CF26602}.Release|iPhoneSimulator.ActiveCfg = Release|Any CPU
		{10DF5D2F-17FA-43DE-9549-B84E6CF26602}.Release|iPhoneSimulator.Build.0 = Release|Any CPU
		{10DF5D2F-17FA-43DE-9549-B84E6CF26602}.Release|x86.ActiveCfg = Release|Any CPU
		{10DF5D2F-17FA-43DE-9549-B84E6CF26602}.Release|x86.Build.0 = Release|Any CPU
	EndGlobalSection
	GlobalSection(SolutionProperties) = preSolution
		HideSolutionNode = FALSE
	EndGlobalSection
	GlobalSection(NestedProjects) = preSolution
		{FB194A8D-00A6-4416-AA8D-A89C1541935C} = {FB194A8D-00A6-4416-AA8D-A89C1541935B}
		{A832662D-05EB-4582-B871-143798897673} = {FB194A8D-00A6-4416-AA8D-A89C1541935C}
		{4282E90F-2519-46D0-B593-D57CFCA36A2D} = {A832662D-05EB-4582-B871-143798897673}
		{2D3CBBD7-118F-4457-817E-0D60E03C5534} = {A832662D-05EB-4582-B871-143798897673}
		{71C30453-89CF-4955-8DFA-F09231DD99ED} = {A832662D-05EB-4582-B871-143798897673}
		{9869E35B-39CD-490C-A843-842C09938630} = {FB194A8D-00A6-4416-AA8D-A89C1541935B}
		{AE045D79-7FF3-45F3-BFD0-305542A1C728} = {9869E35B-39CD-490C-A843-842C09938630}
		{E43D02E6-04E7-4E4E-A527-3C5D00D9D826} = {9869E35B-39CD-490C-A843-842C09938630}
		{8E482415-A728-4B35-9C9A-31F4D3AE1D54} = {9869E35B-39CD-490C-A843-842C09938630}
		{12D18417-809C-4CA9-AD3E-474333B181BC} = {FB194A8D-00A6-4416-AA8D-A89C1541935B}
		{13F140D6-2D21-41BE-AC90-4B14D8C16A47} = {12D18417-809C-4CA9-AD3E-474333B181BC}
		{5CCD3C0C-3434-434C-B8C2-7FFDEDCC2437} = {12D18417-809C-4CA9-AD3E-474333B181BC}
		{9031246B-4B08-47C9-A500-30334A245272} = {12D18417-809C-4CA9-AD3E-474333B181BC}
		{A61655CB-26DF-47E7-BCC0-91FD9A7D83AA} = {FB194A8D-00A6-4416-AA8D-A89C1541935B}
		{AC36B11A-383D-45A3-8999-4F6475E9DD13} = {A61655CB-26DF-47E7-BCC0-91FD9A7D83AA}
		{13181907-1C53-47C1-BDF0-DBECCC2ED92E} = {A61655CB-26DF-47E7-BCC0-91FD9A7D83AA}
		{F557905B-B099-44AB-939C-AB169499A36E} = {A61655CB-26DF-47E7-BCC0-91FD9A7D83AA}
	EndGlobalSection
	GlobalSection(ExtensibilityGlobals) = postSolution
		SolutionGuid = {E142F9FB-7EA9-4866-81D4-718660BDCAEB}
	EndGlobalSection
EndGlobal
