
Microsoft Visual Studio Solution File, Format Version 12.00
# Visual Studio Version 17
VisualStudioVersion = 17.0.31606.5
MinimumVisualStudioVersion = 10.0.40219.1
Project("{2150E333-8FDC-42A3-9474-1A3956D46DE8}") = "src", "src", "{17D6F0FE-4DC3-4D1D-9B21-7F03C85D94CF}"
EndProject
Project("{F2A71F9B-5D33-465A-A702-920D77279786}") = "Fabulous", "src\Fabulous\Fabulous.fsproj", "{6C7591CF-8023-4867-9C60-A9A770D0E218}"
EndProject
Project("{2150E333-8FDC-42A3-9474-1A3956D46DE8}") = "samples", "samples", "{86E2044D-6BDD-45B4-A1A3-65386D858230}"
EndProject
Project("{F2A71F9B-5D33-465A-A702-920D77279786}") = "Fabulous.Tests", "src\Fabulous.Tests\Fabulous.Tests.fsproj", "{DECCE853-25E6-4D84-8ABF-0ACB50964A49}"
EndProject
Project("{F2A71F9B-5D33-465A-A702-920D77279786}") = "Fabulous.XamarinForms", "src\Fabulous.XamarinForms\Fabulous.XamarinForms.fsproj", "{50366FAC-4301-4EFB-99CA-B511D7D3D782}"
EndProject
Project("{2150E333-8FDC-42A3-9474-1A3956D46DE8}") = "Xamarin.Forms", "Xamarin.Forms", "{8C126D0F-0588-43BF-8FF0-99C0FBF4C459}"
EndProject
Project("{F2A71F9B-5D33-465A-A702-920D77279786}") = "Fabulous.Benchmarks", "src\Fabulous.Benchmarks\Fabulous.Benchmarks.fsproj", "{9034B95D-4EBD-4CBF-AEB7-963B3F2C83CB}"
EndProject
Project("{2150E333-8FDC-42A3-9474-1A3956D46DE8}") = "CounterApp", "CounterApp", "{C1C40071-569A-4530-8270-2D129EE598A9}"
EndProject
Project("{F2A71F9B-5D33-465A-A702-920D77279786}") = "CounterApp", "samples\Xamarin.Forms\CounterApp\CounterApp\CounterApp.fsproj", "{8B7731E3-F337-4142-BF09-0FD02FD83D85}"
EndProject
Project("{F2A71F9B-5D33-465A-A702-920D77279786}") = "CounterApp.Android.Mono", "samples\Xamarin.Forms\CounterApp\Android.Mono\CounterApp.Android.Mono.fsproj", "{02FE7465-8523-45D1-B126-F9A4058E4012}"
EndProject
Project("{F2A71F9B-5D33-465A-A702-920D77279786}") = "CounterApp.iOS.Mono", "samples\Xamarin.Forms\CounterApp\iOS.Mono\CounterApp.iOS.Mono.fsproj", "{9CA07D47-D998-4172-9795-885AFA2BCAD1}"
EndProject
Project("{F2A71F9B-5D33-465A-A702-920D77279786}") = "CounterApp.Android.Net6", "samples\Xamarin.Forms\CounterApp\Android.Net6\CounterApp.Android.Net6.fsproj", "{E3D5A865-5E23-477C-9FF6-2C546AE17879}"
EndProject
Project("{F2A71F9B-5D33-465A-A702-920D77279786}") = "CounterApp.iOS.Net6", "samples\Xamarin.Forms\CounterApp\iOS.Net6\CounterApp.iOS.Net6.fsproj", "{32016A38-C77B-4758-8E50-A92F36D1BF73}"
EndProject
Project("{2150E333-8FDC-42A3-9474-1A3956D46DE8}") = "_Solution files", "_Solution files", "{FC0E5AD7-D8E8-4DC1-B80D-4E80CCBBBC26}"
	ProjectSection(SolutionItems) = preProject
		nuget.config = nuget.config
		.gitignore = .gitignore
		nuget.config.example = nuget.config.example
		dotnet.yml = .github\workflows\dotnet.yml
		dotnet.yml = .github\workflows\dotnet_pull_request.yml
	EndProjectSection
EndProject
Global
	GlobalSection(SolutionConfigurationPlatforms) = preSolution
		Debug|Any CPU = Debug|Any CPU
		Release|Any CPU = Release|Any CPU
		Debug|iPhoneSimulator = Debug|iPhoneSimulator
		Release|iPhone = Release|iPhone
		Release|iPhoneSimulator = Release|iPhoneSimulator
		Debug|iPhone = Debug|iPhone
	EndGlobalSection
	GlobalSection(ProjectConfigurationPlatforms) = postSolution
		{6C7591CF-8023-4867-9C60-A9A770D0E218}.Debug|Any CPU.ActiveCfg = Debug|Any CPU
		{6C7591CF-8023-4867-9C60-A9A770D0E218}.Debug|Any CPU.Build.0 = Debug|Any CPU
		{6C7591CF-8023-4867-9C60-A9A770D0E218}.Release|Any CPU.ActiveCfg = Release|Any CPU
		{6C7591CF-8023-4867-9C60-A9A770D0E218}.Release|Any CPU.Build.0 = Release|Any CPU
		{6C7591CF-8023-4867-9C60-A9A770D0E218}.Debug|iPhoneSimulator.ActiveCfg = Debug|Any CPU
		{6C7591CF-8023-4867-9C60-A9A770D0E218}.Debug|iPhoneSimulator.Build.0 = Debug|Any CPU
		{6C7591CF-8023-4867-9C60-A9A770D0E218}.Release|iPhone.ActiveCfg = Release|Any CPU
		{6C7591CF-8023-4867-9C60-A9A770D0E218}.Release|iPhone.Build.0 = Release|Any CPU
		{6C7591CF-8023-4867-9C60-A9A770D0E218}.Release|iPhoneSimulator.ActiveCfg = Release|Any CPU
		{6C7591CF-8023-4867-9C60-A9A770D0E218}.Release|iPhoneSimulator.Build.0 = Release|Any CPU
		{6C7591CF-8023-4867-9C60-A9A770D0E218}.Debug|iPhone.ActiveCfg = Debug|Any CPU
		{6C7591CF-8023-4867-9C60-A9A770D0E218}.Debug|iPhone.Build.0 = Debug|Any CPU
		{DECCE853-25E6-4D84-8ABF-0ACB50964A49}.Debug|Any CPU.ActiveCfg = Debug|Any CPU
		{DECCE853-25E6-4D84-8ABF-0ACB50964A49}.Debug|Any CPU.Build.0 = Debug|Any CPU
		{DECCE853-25E6-4D84-8ABF-0ACB50964A49}.Release|Any CPU.ActiveCfg = Release|Any CPU
		{DECCE853-25E6-4D84-8ABF-0ACB50964A49}.Release|Any CPU.Build.0 = Release|Any CPU
		{DECCE853-25E6-4D84-8ABF-0ACB50964A49}.Debug|iPhoneSimulator.ActiveCfg = Debug|Any CPU
		{DECCE853-25E6-4D84-8ABF-0ACB50964A49}.Debug|iPhoneSimulator.Build.0 = Debug|Any CPU
		{DECCE853-25E6-4D84-8ABF-0ACB50964A49}.Release|iPhone.ActiveCfg = Release|Any CPU
		{DECCE853-25E6-4D84-8ABF-0ACB50964A49}.Release|iPhone.Build.0 = Release|Any CPU
		{DECCE853-25E6-4D84-8ABF-0ACB50964A49}.Release|iPhoneSimulator.ActiveCfg = Release|Any CPU
		{DECCE853-25E6-4D84-8ABF-0ACB50964A49}.Release|iPhoneSimulator.Build.0 = Release|Any CPU
		{DECCE853-25E6-4D84-8ABF-0ACB50964A49}.Debug|iPhone.ActiveCfg = Debug|Any CPU
		{DECCE853-25E6-4D84-8ABF-0ACB50964A49}.Debug|iPhone.Build.0 = Debug|Any CPU
		{50366FAC-4301-4EFB-99CA-B511D7D3D782}.Debug|Any CPU.ActiveCfg = Debug|Any CPU
		{50366FAC-4301-4EFB-99CA-B511D7D3D782}.Debug|Any CPU.Build.0 = Debug|Any CPU
		{50366FAC-4301-4EFB-99CA-B511D7D3D782}.Release|Any CPU.ActiveCfg = Release|Any CPU
		{50366FAC-4301-4EFB-99CA-B511D7D3D782}.Release|Any CPU.Build.0 = Release|Any CPU
		{50366FAC-4301-4EFB-99CA-B511D7D3D782}.Debug|iPhoneSimulator.ActiveCfg = Debug|Any CPU
		{50366FAC-4301-4EFB-99CA-B511D7D3D782}.Debug|iPhoneSimulator.Build.0 = Debug|Any CPU
		{50366FAC-4301-4EFB-99CA-B511D7D3D782}.Release|iPhone.ActiveCfg = Release|Any CPU
		{50366FAC-4301-4EFB-99CA-B511D7D3D782}.Release|iPhone.Build.0 = Release|Any CPU
		{50366FAC-4301-4EFB-99CA-B511D7D3D782}.Release|iPhoneSimulator.ActiveCfg = Release|Any CPU
		{50366FAC-4301-4EFB-99CA-B511D7D3D782}.Release|iPhoneSimulator.Build.0 = Release|Any CPU
		{50366FAC-4301-4EFB-99CA-B511D7D3D782}.Debug|iPhone.ActiveCfg = Debug|Any CPU
		{50366FAC-4301-4EFB-99CA-B511D7D3D782}.Debug|iPhone.Build.0 = Debug|Any CPU
		{9034B95D-4EBD-4CBF-AEB7-963B3F2C83CB}.Debug|Any CPU.ActiveCfg = Debug|Any CPU
		{9034B95D-4EBD-4CBF-AEB7-963B3F2C83CB}.Debug|Any CPU.Build.0 = Debug|Any CPU
		{9034B95D-4EBD-4CBF-AEB7-963B3F2C83CB}.Release|Any CPU.ActiveCfg = Release|Any CPU
		{9034B95D-4EBD-4CBF-AEB7-963B3F2C83CB}.Release|Any CPU.Build.0 = Release|Any CPU
		{9034B95D-4EBD-4CBF-AEB7-963B3F2C83CB}.Debug|iPhoneSimulator.ActiveCfg = Debug|Any CPU
		{9034B95D-4EBD-4CBF-AEB7-963B3F2C83CB}.Debug|iPhoneSimulator.Build.0 = Debug|Any CPU
		{9034B95D-4EBD-4CBF-AEB7-963B3F2C83CB}.Release|iPhone.ActiveCfg = Release|Any CPU
		{9034B95D-4EBD-4CBF-AEB7-963B3F2C83CB}.Release|iPhone.Build.0 = Release|Any CPU
		{9034B95D-4EBD-4CBF-AEB7-963B3F2C83CB}.Release|iPhoneSimulator.ActiveCfg = Release|Any CPU
		{9034B95D-4EBD-4CBF-AEB7-963B3F2C83CB}.Release|iPhoneSimulator.Build.0 = Release|Any CPU
		{9034B95D-4EBD-4CBF-AEB7-963B3F2C83CB}.Debug|iPhone.ActiveCfg = Debug|Any CPU
		{9034B95D-4EBD-4CBF-AEB7-963B3F2C83CB}.Debug|iPhone.Build.0 = Debug|Any CPU
		{8B7731E3-F337-4142-BF09-0FD02FD83D85}.Debug|Any CPU.ActiveCfg = Debug|Any CPU
		{8B7731E3-F337-4142-BF09-0FD02FD83D85}.Debug|Any CPU.Build.0 = Debug|Any CPU
		{8B7731E3-F337-4142-BF09-0FD02FD83D85}.Release|Any CPU.ActiveCfg = Release|Any CPU
		{8B7731E3-F337-4142-BF09-0FD02FD83D85}.Release|Any CPU.Build.0 = Release|Any CPU
		{8B7731E3-F337-4142-BF09-0FD02FD83D85}.Debug|iPhoneSimulator.ActiveCfg = Debug|Any CPU
		{8B7731E3-F337-4142-BF09-0FD02FD83D85}.Debug|iPhoneSimulator.Build.0 = Debug|Any CPU
		{8B7731E3-F337-4142-BF09-0FD02FD83D85}.Release|iPhone.ActiveCfg = Release|Any CPU
		{8B7731E3-F337-4142-BF09-0FD02FD83D85}.Release|iPhone.Build.0 = Release|Any CPU
		{8B7731E3-F337-4142-BF09-0FD02FD83D85}.Release|iPhoneSimulator.ActiveCfg = Release|Any CPU
		{8B7731E3-F337-4142-BF09-0FD02FD83D85}.Release|iPhoneSimulator.Build.0 = Release|Any CPU
		{8B7731E3-F337-4142-BF09-0FD02FD83D85}.Debug|iPhone.ActiveCfg = Debug|Any CPU
		{8B7731E3-F337-4142-BF09-0FD02FD83D85}.Debug|iPhone.Build.0 = Debug|Any CPU
		{02FE7465-8523-45D1-B126-F9A4058E4012}.Debug|Any CPU.ActiveCfg = Debug|Any CPU
		{02FE7465-8523-45D1-B126-F9A4058E4012}.Debug|Any CPU.Build.0 = Debug|Any CPU
		{02FE7465-8523-45D1-B126-F9A4058E4012}.Release|Any CPU.ActiveCfg = Release|Any CPU
		{02FE7465-8523-45D1-B126-F9A4058E4012}.Release|Any CPU.Build.0 = Release|Any CPU
		{02FE7465-8523-45D1-B126-F9A4058E4012}.Debug|iPhoneSimulator.ActiveCfg = Debug|Any CPU
		{02FE7465-8523-45D1-B126-F9A4058E4012}.Debug|iPhoneSimulator.Build.0 = Debug|Any CPU
		{02FE7465-8523-45D1-B126-F9A4058E4012}.Release|iPhone.ActiveCfg = Release|Any CPU
		{02FE7465-8523-45D1-B126-F9A4058E4012}.Release|iPhone.Build.0 = Release|Any CPU
		{02FE7465-8523-45D1-B126-F9A4058E4012}.Release|iPhoneSimulator.ActiveCfg = Release|Any CPU
		{02FE7465-8523-45D1-B126-F9A4058E4012}.Release|iPhoneSimulator.Build.0 = Release|Any CPU
		{02FE7465-8523-45D1-B126-F9A4058E4012}.Debug|iPhone.ActiveCfg = Debug|Any CPU
		{02FE7465-8523-45D1-B126-F9A4058E4012}.Debug|iPhone.Build.0 = Debug|Any CPU
		{9CA07D47-D998-4172-9795-885AFA2BCAD1}.Debug|Any CPU.ActiveCfg = Debug|iPhoneSimulator
		{9CA07D47-D998-4172-9795-885AFA2BCAD1}.Debug|Any CPU.Build.0 = Debug|iPhoneSimulator
		{9CA07D47-D998-4172-9795-885AFA2BCAD1}.Release|Any CPU.ActiveCfg = Release|iPhone
		{9CA07D47-D998-4172-9795-885AFA2BCAD1}.Release|Any CPU.Build.0 = Release|iPhone
		{9CA07D47-D998-4172-9795-885AFA2BCAD1}.Debug|iPhoneSimulator.ActiveCfg = Debug|iPhoneSimulator
		{9CA07D47-D998-4172-9795-885AFA2BCAD1}.Debug|iPhoneSimulator.Build.0 = Debug|iPhoneSimulator
		{9CA07D47-D998-4172-9795-885AFA2BCAD1}.Release|iPhone.ActiveCfg = Release|iPhone
		{9CA07D47-D998-4172-9795-885AFA2BCAD1}.Release|iPhone.Build.0 = Release|iPhone
		{9CA07D47-D998-4172-9795-885AFA2BCAD1}.Release|iPhoneSimulator.ActiveCfg = Release|iPhoneSimulator
		{9CA07D47-D998-4172-9795-885AFA2BCAD1}.Release|iPhoneSimulator.Build.0 = Release|iPhoneSimulator
		{9CA07D47-D998-4172-9795-885AFA2BCAD1}.Debug|iPhone.ActiveCfg = Debug|iPhone
		{9CA07D47-D998-4172-9795-885AFA2BCAD1}.Debug|iPhone.Build.0 = Debug|iPhone
		{E3D5A865-5E23-477C-9FF6-2C546AE17879}.Debug|Any CPU.ActiveCfg = Debug|Any CPU
		{E3D5A865-5E23-477C-9FF6-2C546AE17879}.Debug|Any CPU.Build.0 = Debug|Any CPU
		{E3D5A865-5E23-477C-9FF6-2C546AE17879}.Release|Any CPU.ActiveCfg = Release|Any CPU
		{E3D5A865-5E23-477C-9FF6-2C546AE17879}.Release|Any CPU.Build.0 = Release|Any CPU
		{E3D5A865-5E23-477C-9FF6-2C546AE17879}.Debug|iPhoneSimulator.ActiveCfg = Debug|Any CPU
		{E3D5A865-5E23-477C-9FF6-2C546AE17879}.Debug|iPhoneSimulator.Build.0 = Debug|Any CPU
		{E3D5A865-5E23-477C-9FF6-2C546AE17879}.Release|iPhone.ActiveCfg = Release|Any CPU
		{E3D5A865-5E23-477C-9FF6-2C546AE17879}.Release|iPhone.Build.0 = Release|Any CPU
		{E3D5A865-5E23-477C-9FF6-2C546AE17879}.Release|iPhoneSimulator.ActiveCfg = Release|Any CPU
		{E3D5A865-5E23-477C-9FF6-2C546AE17879}.Release|iPhoneSimulator.Build.0 = Release|Any CPU
		{E3D5A865-5E23-477C-9FF6-2C546AE17879}.Debug|iPhone.ActiveCfg = Debug|Any CPU
		{E3D5A865-5E23-477C-9FF6-2C546AE17879}.Debug|iPhone.Build.0 = Debug|Any CPU
		{32016A38-C77B-4758-8E50-A92F36D1BF73}.Debug|Any CPU.ActiveCfg = Debug|Any CPU
		{32016A38-C77B-4758-8E50-A92F36D1BF73}.Debug|Any CPU.Build.0 = Debug|Any CPU
		{32016A38-C77B-4758-8E50-A92F36D1BF73}.Release|Any CPU.ActiveCfg = Release|Any CPU
		{32016A38-C77B-4758-8E50-A92F36D1BF73}.Release|Any CPU.Build.0 = Release|Any CPU
		{32016A38-C77B-4758-8E50-A92F36D1BF73}.Debug|iPhoneSimulator.ActiveCfg = Debug|Any CPU
		{32016A38-C77B-4758-8E50-A92F36D1BF73}.Debug|iPhoneSimulator.Build.0 = Debug|Any CPU
		{32016A38-C77B-4758-8E50-A92F36D1BF73}.Release|iPhone.ActiveCfg = Release|Any CPU
		{32016A38-C77B-4758-8E50-A92F36D1BF73}.Release|iPhone.Build.0 = Release|Any CPU
		{32016A38-C77B-4758-8E50-A92F36D1BF73}.Release|iPhoneSimulator.ActiveCfg = Release|Any CPU
		{32016A38-C77B-4758-8E50-A92F36D1BF73}.Release|iPhoneSimulator.Build.0 = Release|Any CPU
		{32016A38-C77B-4758-8E50-A92F36D1BF73}.Debug|iPhone.ActiveCfg = Debug|Any CPU
		{32016A38-C77B-4758-8E50-A92F36D1BF73}.Debug|iPhone.Build.0 = Debug|Any CPU
	EndGlobalSection
	GlobalSection(SolutionProperties) = preSolution
		HideSolutionNode = FALSE
	EndGlobalSection
	GlobalSection(NestedProjects) = preSolution
		{6C7591CF-8023-4867-9C60-A9A770D0E218} = {17D6F0FE-4DC3-4D1D-9B21-7F03C85D94CF}
		{DECCE853-25E6-4D84-8ABF-0ACB50964A49} = {17D6F0FE-4DC3-4D1D-9B21-7F03C85D94CF}
		{50366FAC-4301-4EFB-99CA-B511D7D3D782} = {17D6F0FE-4DC3-4D1D-9B21-7F03C85D94CF}
		{8C126D0F-0588-43BF-8FF0-99C0FBF4C459} = {86E2044D-6BDD-45B4-A1A3-65386D858230}
		{9034B95D-4EBD-4CBF-AEB7-963B3F2C83CB} = {17D6F0FE-4DC3-4D1D-9B21-7F03C85D94CF}
		{C1C40071-569A-4530-8270-2D129EE598A9} = {8C126D0F-0588-43BF-8FF0-99C0FBF4C459}
		{8B7731E3-F337-4142-BF09-0FD02FD83D85} = {C1C40071-569A-4530-8270-2D129EE598A9}
		{02FE7465-8523-45D1-B126-F9A4058E4012} = {C1C40071-569A-4530-8270-2D129EE598A9}
		{9CA07D47-D998-4172-9795-885AFA2BCAD1} = {C1C40071-569A-4530-8270-2D129EE598A9}
		{E3D5A865-5E23-477C-9FF6-2C546AE17879} = {C1C40071-569A-4530-8270-2D129EE598A9}
		{32016A38-C77B-4758-8E50-A92F36D1BF73} = {C1C40071-569A-4530-8270-2D129EE598A9}
	EndGlobalSection
	GlobalSection(ExtensibilityGlobals) = postSolution
		SolutionGuid = {EDCA34D6-C112-4886-800A-76EBF629BCC7}
	EndGlobalSection
EndGlobal
