
Microsoft Visual Studio Solution File, Format Version 12.00
# Visual Studio Version 16
VisualStudioVersion = 16.0.30114.105
MinimumVisualStudioVersion = 10.0.40219.1
Project("{2150E333-8FDC-42A3-9474-1A3956D46DE8}") = "src", "src", "{C32F7442-714E-4E65-BAC5-92A1852BEE18}"
EndProject
Project("{F2A71F9B-5D33-465A-A702-920D77279786}") = "Fabulous", "src\Fabulous\Fabulous.fsproj", "{8F05A2A1-84F8-4761-8372-E384088CA2F0}"
EndProject
Project("{F2A71F9B-5D33-465A-A702-920D77279786}") = "Fabulous.XamarinForms", "src\Fabulous.XamarinForms\Fabulous.XamarinForms.fsproj", "{2353E0EC-D95C-4B7A-9696-4F8ECDD9163B}"
EndProject
Project("{F2A71F9B-5D33-465A-A702-920D77279786}") = "Fabulous.Benchmarks", "src\Fabulous.Benchmarks\Fabulous.Benchmarks.fsproj", "{FB276FDD-9551-4AF1-AC9E-E1DB03A6581E}"
EndProject
Project("{F2A71F9B-5D33-465A-A702-920D77279786}") = "Fabulous.Tests", "src\Fabulous.Tests\Fabulous.Tests.fsproj", "{4AF4E741-9A26-4E47-A8E0-5DB365392523}"
EndProject
Project("{F2A71F9B-5D33-465A-A702-920D77279786}") = "Fabulous.XamarinForms.Tests", "src\Fabulous.XamarinForms.Tests\Fabulous.XamarinForms.Tests.fsproj", "{F82C5330-429A-443C-8AF4-A0C74257286F}"
EndProject
Global
	GlobalSection(SolutionConfigurationPlatforms) = preSolution
		Debug|Any CPU = Debug|Any CPU
		Release|Any CPU = Release|Any CPU
	EndGlobalSection
	GlobalSection(SolutionProperties) = preSolution
		HideSolutionNode = FALSE
	EndGlobalSection
	GlobalSection(ProjectConfigurationPlatforms) = postSolution
		{8F05A2A1-84F8-4761-8372-E384088CA2F0}.Debug|Any CPU.ActiveCfg = Debug|Any CPU
		{8F05A2A1-84F8-4761-8372-E384088CA2F0}.Debug|Any CPU.Build.0 = Debug|Any CPU
		{8F05A2A1-84F8-4761-8372-E384088CA2F0}.Release|Any CPU.ActiveCfg = Release|Any CPU
		{8F05A2A1-84F8-4761-8372-E384088CA2F0}.Release|Any CPU.Build.0 = Release|Any CPU
		{2353E0EC-D95C-4B7A-9696-4F8ECDD9163B}.Debug|Any CPU.ActiveCfg = Debug|Any CPU
		{2353E0EC-D95C-4B7A-9696-4F8ECDD9163B}.Debug|Any CPU.Build.0 = Debug|Any CPU
		{2353E0EC-D95C-4B7A-9696-4F8ECDD9163B}.Release|Any CPU.ActiveCfg = Release|Any CPU
		{2353E0EC-D95C-4B7A-9696-4F8ECDD9163B}.Release|Any CPU.Build.0 = Release|Any CPU
		{FB276FDD-9551-4AF1-AC9E-E1DB03A6581E}.Debug|Any CPU.ActiveCfg = Debug|Any CPU
		{FB276FDD-9551-4AF1-AC9E-E1DB03A6581E}.Debug|Any CPU.Build.0 = Debug|Any CPU
		{FB276FDD-9551-4AF1-AC9E-E1DB03A6581E}.Release|Any CPU.ActiveCfg = Release|Any CPU
		{FB276FDD-9551-4AF1-AC9E-E1DB03A6581E}.Release|Any CPU.Build.0 = Release|Any CPU
		{4AF4E741-9A26-4E47-A8E0-5DB365392523}.Debug|Any CPU.ActiveCfg = Debug|Any CPU
		{4AF4E741-9A26-4E47-A8E0-5DB365392523}.Debug|Any CPU.Build.0 = Debug|Any CPU
		{4AF4E741-9A26-4E47-A8E0-5DB365392523}.Release|Any CPU.ActiveCfg = Release|Any CPU
		{4AF4E741-9A26-4E47-A8E0-5DB365392523}.Release|Any CPU.Build.0 = Release|Any CPU
		{F82C5330-429A-443C-8AF4-A0C74257286F}.Debug|Any CPU.ActiveCfg = Debug|Any CPU
		{F82C5330-429A-443C-8AF4-A0C74257286F}.Debug|Any CPU.Build.0 = Debug|Any CPU
		{F82C5330-429A-443C-8AF4-A0C74257286F}.Release|Any CPU.ActiveCfg = Release|Any CPU
		{F82C5330-429A-443C-8AF4-A0C74257286F}.Release|Any CPU.Build.0 = Release|Any CPU
	EndGlobalSection
	GlobalSection(NestedProjects) = preSolution
		{8F05A2A1-84F8-4761-8372-E384088CA2F0} = {C32F7442-714E-4E65-BAC5-92A1852BEE18}
		{2353E0EC-D95C-4B7A-9696-4F8ECDD9163B} = {C32F7442-714E-4E65-BAC5-92A1852BEE18}
		{FB276FDD-9551-4AF1-AC9E-E1DB03A6581E} = {C32F7442-714E-4E65-BAC5-92A1852BEE18}
		{4AF4E741-9A26-4E47-A8E0-5DB365392523} = {C32F7442-714E-4E65-BAC5-92A1852BEE18}
		{F82C5330-429A-443C-8AF4-A0C74257286F} = {C32F7442-714E-4E65-BAC5-92A1852BEE18}
	EndGlobalSection
EndGlobal
