
Microsoft Visual Studio Solution File, Format Version 12.00
# Visual Studio Version 16
VisualStudioVersion = 16.0.30114.105
MinimumVisualStudioVersion = 10.0.40219.1
Project("{2150E333-8FDC-42A3-9474-1A3956D46DE8}") = "src", "src", "{2FBCE898-134E-423C-B62D-11495853DBFD}"
EndProject
Project("{F2A71F9B-5D33-465A-A702-920D77279786}") = "Fabulous", "src\Fabulous\Fabulous.fsproj", "{F6EE7DC1-A08D-4B16-B0F3-36774DA9EE42}"
EndProject
Project("{F2A71F9B-5D33-465A-A702-920D77279786}") = "Fabulous.MauiControls", "src\Fabulous.MauiControls\Fabulous.MauiControls.fsproj", "{EFB09E44-2AD8-4F25-A6A4-A1161E0A65FD}"
EndProject
Global
	GlobalSection(SolutionConfigurationPlatforms) = preSolution
		Debug|Any CPU = Debug|Any CPU
		Release|Any CPU = Release|Any CPU
	EndGlobalSection
	GlobalSection(SolutionProperties) = preSolution
		HideSolutionNode = FALSE
	EndGlobalSection
	GlobalSection(ProjectConfigurationPlatforms) = postSolution
		{F6EE7DC1-A08D-4B16-B0F3-36774DA9EE42}.Debug|Any CPU.ActiveCfg = Debug|Any CPU
		{F6EE7DC1-A08D-4B16-B0F3-36774DA9EE42}.Debug|Any CPU.Build.0 = Debug|Any CPU
		{F6EE7DC1-A08D-4B16-B0F3-36774DA9EE42}.Release|Any CPU.ActiveCfg = Release|Any CPU
		{F6EE7DC1-A08D-4B16-B0F3-36774DA9EE42}.Release|Any CPU.Build.0 = Release|Any CPU
		{EFB09E44-2AD8-4F25-A6A4-A1161E0A65FD}.Debug|Any CPU.ActiveCfg = Debug|Any CPU
		{EFB09E44-2AD8-4F25-A6A4-A1161E0A65FD}.Debug|Any CPU.Build.0 = Debug|Any CPU
		{EFB09E44-2AD8-4F25-A6A4-A1161E0A65FD}.Release|Any CPU.ActiveCfg = Release|Any CPU
		{EFB09E44-2AD8-4F25-A6A4-A1161E0A65FD}.Release|Any CPU.Build.0 = Release|Any CPU
	EndGlobalSection
	GlobalSection(NestedProjects) = preSolution
		{F6EE7DC1-A08D-4B16-B0F3-36774DA9EE42} = {2FBCE898-134E-423C-B62D-11495853DBFD}
		{EFB09E44-2AD8-4F25-A6A4-A1161E0A65FD} = {2FBCE898-134E-423C-B62D-11495853DBFD}
	EndGlobalSection
EndGlobal
