
Microsoft Visual Studio Solution File, Format Version 12.00
# Visual Studio Version 17
VisualStudioVersion = 17.0.31903.59
MinimumVisualStudioVersion = 10.0.40219.1
Project("{2150E333-8FDC-42A3-9474-1A3956D46DE8}") = "Neutral", "Neutral", "{4DF3F49F-9FBC-1412-1B49-C0C7F47113B4}"
EndProject
Project("{F2A71F9B-5D33-465A-A702-920D77279786}") = "Fabulous.Core", "src\neutral\Fabulous.Core\Fabulous.Core.fsproj", "{B083C457-4E44-4557-B736-AB554D08E7CA}"
EndProject
Project("{F2A71F9B-5D33-465A-A702-920D77279786}") = "Fabulous.Tests", "src\neutral\Fabulous.Tests\Fabulous.Tests.fsproj", "{39CE6347-FE40-4F3E-BD30-AE87C53F2CC8}"
EndProject
Project("{2150E333-8FDC-42A3-9474-1A3956D46DE8}") = "Avalonia", "Avalonia", "{DA5C3214-5362-D53D-7EE1-7B72DB27BE75}"
EndProject
Project("{F2A71F9B-5D33-465A-A702-920D77279786}") = "Fabulous.Avalonia", "src\avalonia\Fabulous.Avalonia\Fabulous.Avalonia.fsproj", "{39A63EFC-1109-4BDF-8B47-7C1606E94340}"
EndProject
Project("{F2A71F9B-5D33-465A-A702-920D77279786}") = "Fabulous.Avalonia.Tests", "src\avalonia\Fabulous.Avalonia.Tests\Fabulous.Avalonia.Tests.fsproj", "{A5744B06-D293-450F-B9AC-C578C2D72B29}"
EndProject
Project("{F2A71F9B-5D33-465A-A702-920D77279786}") = "Fabulous.Avalonia.ItemsRepeater", "src\avalonia\Fabulous.Avalonia.ItemsRepeater\Fabulous.Avalonia.ItemsRepeater.fsproj", "{CF93D19A-AE9E-421F-83BF-023BB65B1A17}"
EndProject
Project("{F2A71F9B-5D33-465A-A702-920D77279786}") = "Fabulous.Avalonia.Labs", "src\avalonia\Fabulous.Avalonia.Labs\Fabulous.Avalonia.Labs.fsproj", "{2EF02E59-F0E9-400E-BC05-8D767A1996BE}"
EndProject
Project("{F2A71F9B-5D33-465A-A702-920D77279786}") = "Fabulous.Avalonia.DataGrid", "src\avalonia\Fabulous.Avalonia.DataGrid\Fabulous.Avalonia.DataGrid.fsproj", "{EC1A0CE7-C1EE-4307-BADE-96306851D561}"
EndProject
Project("{F2A71F9B-5D33-465A-A702-920D77279786}") = "Fabulous.Avalonia.TreeDataGrid", "src\avalonia\Fabulous.Avalonia.TreeDataGrid\Fabulous.Avalonia.TreeDataGrid.fsproj", "{B16C8681-CB0D-47AC-9E1D-3E4C50391218}"
EndProject
Project("{F2A71F9B-5D33-465A-A702-920D77279786}") = "Fabulous.Avalonia.ColorPicker", "src\avalonia\Fabulous.Avalonia.ColorPicker\Fabulous.Avalonia.ColorPicker.fsproj", "{CF143A37-C689-4ADA-8134-9996C3F276ED}"
EndProject
Project("{F2A71F9B-5D33-465A-A702-920D77279786}") = "Fabulous.Avalonia.Diagnostics", "src\avalonia\Fabulous.Avalonia.Diagnostics\Fabulous.Avalonia.Diagnostics.fsproj", "{513B6B1C-1088-44B8-B1BA-276B0D24283F}"
EndProject
Project("{2150E333-8FDC-42A3-9474-1A3956D46DE8}") = "Maui", "Maui", "{5358A8DD-221C-A68E-DDFB-CD91B98A505E}"
EndProject
Project("{F2A71F9B-5D33-465A-A702-920D77279786}") = "Fabulous.MauiControls", "src\maui\Fabulous.MauiControls\Fabulous.MauiControls.fsproj", "{44C09B2E-5C34-4C2F-8141-4DCE3533497E}"
EndProject
Project("{F2A71F9B-5D33-465A-A702-920D77279786}") = "Fabulous.MauiControls.Tests", "src\maui\Fabulous.MauiControls.Tests\Fabulous.MauiControls.Tests.fsproj", "{9E880992-6292-4572-A044-24E072662873}"
EndProject
Project("{F2A71F9B-5D33-465A-A702-920D77279786}") = "Fabulous.MauiControls.Maps", "src\maui\Fabulous.MauiControls.Maps\Fabulous.MauiControls.Maps.fsproj", "{F8FC47DB-AF53-402C-AB38-1E9A329194C9}"
EndProject
Project("{F2A71F9B-5D33-465A-A702-920D77279786}") = "Fabulous.MauiControls.MediaElement", "src\maui\Fabulous.MauiControls.MediaElement\Fabulous.MauiControls.MediaElement.fsproj", "{6A69184B-3393-489B-8F37-B2DB6BB099C2}"
EndProject
Project("{2150E333-8FDC-42A3-9474-1A3956D46DE8}") = "Templates", "Templates", "{808186BE-9BD0-DD1D-D574-36EEAD1E7F8F}"
EndProject
Project("{F2A71F9B-5D33-465A-A702-920D77279786}") = "Fabulous.Avalonia.Templates", "templates\avalonia\Fabulous.Avalonia.Templates.proj", "{23AEB364-B01D-48D1-83E2-A9ADDCCF0D33}"
EndProject
Project("{F2A71F9B-5D33-465A-A702-920D77279786}") = "Fabulous.MauiControls.Templates", "templates\maui\Fabulous.MauiControls.Templates.proj", "{F23CDDF9-047F-4AA9-8B5D-D4ACDBC995FC}"
EndProject
Global
	GlobalSection(SolutionConfigurationPlatforms) = preSolution
		Debug|Any CPU = Debug|Any CPU
		Debug|x64 = Debug|x64
		Debug|x86 = Debug|x86
		Release|Any CPU = Release|Any CPU
		Release|x64 = Release|x64
		Release|x86 = Release|x86
	EndGlobalSection
	GlobalSection(ProjectConfigurationPlatforms) = postSolution
		{B083C457-4E44-4557-B736-AB554D08E7CA}.Debug|Any CPU.ActiveCfg = Debug|Any CPU
		{B083C457-4E44-4557-B736-AB554D08E7CA}.Debug|Any CPU.Build.0 = Debug|Any CPU
		{B083C457-4E44-4557-B736-AB554D08E7CA}.Debug|x64.ActiveCfg = Debug|Any CPU
		{B083C457-4E44-4557-B736-AB554D08E7CA}.Debug|x64.Build.0 = Debug|Any CPU
		{B083C457-4E44-4557-B736-AB554D08E7CA}.Debug|x86.ActiveCfg = Debug|Any CPU
		{B083C457-4E44-4557-B736-AB554D08E7CA}.Debug|x86.Build.0 = Debug|Any CPU
		{B083C457-4E44-4557-B736-AB554D08E7CA}.Release|Any CPU.ActiveCfg = Release|Any CPU
		{B083C457-4E44-4557-B736-AB554D08E7CA}.Release|Any CPU.Build.0 = Release|Any CPU
		{B083C457-4E44-4557-B736-AB554D08E7CA}.Release|x64.ActiveCfg = Release|Any CPU
		{B083C457-4E44-4557-B736-AB554D08E7CA}.Release|x64.Build.0 = Release|Any CPU
		{B083C457-4E44-4557-B736-AB554D08E7CA}.Release|x86.ActiveCfg = Release|Any CPU
		{B083C457-4E44-4557-B736-AB554D08E7CA}.Release|x86.Build.0 = Release|Any CPU
		{39CE6347-FE40-4F3E-BD30-AE87C53F2CC8}.Debug|Any CPU.ActiveCfg = Debug|Any CPU
		{39CE6347-FE40-4F3E-BD30-AE87C53F2CC8}.Debug|Any CPU.Build.0 = Debug|Any CPU
		{39CE6347-FE40-4F3E-BD30-AE87C53F2CC8}.Debug|x64.ActiveCfg = Debug|Any CPU
		{39CE6347-FE40-4F3E-BD30-AE87C53F2CC8}.Debug|x64.Build.0 = Debug|Any CPU
		{39CE6347-FE40-4F3E-BD30-AE87C53F2CC8}.Debug|x86.ActiveCfg = Debug|Any CPU
		{39CE6347-FE40-4F3E-BD30-AE87C53F2CC8}.Debug|x86.Build.0 = Debug|Any CPU
		{39CE6347-FE40-4F3E-BD30-AE87C53F2CC8}.Release|Any CPU.ActiveCfg = Release|Any CPU
		{39CE6347-FE40-4F3E-BD30-AE87C53F2CC8}.Release|Any CPU.Build.0 = Release|Any CPU
		{39CE6347-FE40-4F3E-BD30-AE87C53F2CC8}.Release|x64.ActiveCfg = Release|Any CPU
		{39CE6347-FE40-4F3E-BD30-AE87C53F2CC8}.Release|x64.Build.0 = Release|Any CPU
		{39CE6347-FE40-4F3E-BD30-AE87C53F2CC8}.Release|x86.ActiveCfg = Release|Any CPU
		{39CE6347-FE40-4F3E-BD30-AE87C53F2CC8}.Release|x86.Build.0 = Release|Any CPU
		{39A63EFC-1109-4BDF-8B47-7C1606E94340}.Debug|Any CPU.ActiveCfg = Debug|Any CPU
		{39A63EFC-1109-4BDF-8B47-7C1606E94340}.Debug|Any CPU.Build.0 = Debug|Any CPU
		{39A63EFC-1109-4BDF-8B47-7C1606E94340}.Debug|x64.ActiveCfg = Debug|Any CPU
		{39A63EFC-1109-4BDF-8B47-7C1606E94340}.Debug|x64.Build.0 = Debug|Any CPU
		{39A63EFC-1109-4BDF-8B47-7C1606E94340}.Debug|x86.ActiveCfg = Debug|Any CPU
		{39A63EFC-1109-4BDF-8B47-7C1606E94340}.Debug|x86.Build.0 = Debug|Any CPU
		{39A63EFC-1109-4BDF-8B47-7C1606E94340}.Release|Any CPU.ActiveCfg = Release|Any CPU
		{39A63EFC-1109-4BDF-8B47-7C1606E94340}.Release|Any CPU.Build.0 = Release|Any CPU
		{39A63EFC-1109-4BDF-8B47-7C1606E94340}.Release|x64.ActiveCfg = Release|Any CPU
		{39A63EFC-1109-4BDF-8B47-7C1606E94340}.Release|x64.Build.0 = Release|Any CPU
		{39A63EFC-1109-4BDF-8B47-7C1606E94340}.Release|x86.ActiveCfg = Release|Any CPU
		{39A63EFC-1109-4BDF-8B47-7C1606E94340}.Release|x86.Build.0 = Release|Any CPU
		{A5744B06-D293-450F-B9AC-C578C2D72B29}.Debug|Any CPU.ActiveCfg = Debug|Any CPU
		{A5744B06-D293-450F-B9AC-C578C2D72B29}.Debug|Any CPU.Build.0 = Debug|Any CPU
		{A5744B06-D293-450F-B9AC-C578C2D72B29}.Debug|x64.ActiveCfg = Debug|Any CPU
		{A5744B06-D293-450F-B9AC-C578C2D72B29}.Debug|x64.Build.0 = Debug|Any CPU
		{A5744B06-D293-450F-B9AC-C578C2D72B29}.Debug|x86.ActiveCfg = Debug|Any CPU
		{A5744B06-D293-450F-B9AC-C578C2D72B29}.Debug|x86.Build.0 = Debug|Any CPU
		{A5744B06-D293-450F-B9AC-C578C2D72B29}.Release|Any CPU.ActiveCfg = Release|Any CPU
		{A5744B06-D293-450F-B9AC-C578C2D72B29}.Release|Any CPU.Build.0 = Release|Any CPU
		{A5744B06-D293-450F-B9AC-C578C2D72B29}.Release|x64.ActiveCfg = Release|Any CPU
		{A5744B06-D293-450F-B9AC-C578C2D72B29}.Release|x64.Build.0 = Release|Any CPU
		{A5744B06-D293-450F-B9AC-C578C2D72B29}.Release|x86.ActiveCfg = Release|Any CPU
		{A5744B06-D293-450F-B9AC-C578C2D72B29}.Release|x86.Build.0 = Release|Any CPU
		{CF93D19A-AE9E-421F-83BF-023BB65B1A17}.Debug|Any CPU.ActiveCfg = Debug|Any CPU
		{CF93D19A-AE9E-421F-83BF-023BB65B1A17}.Debug|Any CPU.Build.0 = Debug|Any CPU
		{CF93D19A-AE9E-421F-83BF-023BB65B1A17}.Debug|x64.ActiveCfg = Debug|Any CPU
		{CF93D19A-AE9E-421F-83BF-023BB65B1A17}.Debug|x64.Build.0 = Debug|Any CPU
		{CF93D19A-AE9E-421F-83BF-023BB65B1A17}.Debug|x86.ActiveCfg = Debug|Any CPU
		{CF93D19A-AE9E-421F-83BF-023BB65B1A17}.Debug|x86.Build.0 = Debug|Any CPU
		{CF93D19A-AE9E-421F-83BF-023BB65B1A17}.Release|Any CPU.ActiveCfg = Release|Any CPU
		{CF93D19A-AE9E-421F-83BF-023BB65B1A17}.Release|Any CPU.Build.0 = Release|Any CPU
		{CF93D19A-AE9E-421F-83BF-023BB65B1A17}.Release|x64.ActiveCfg = Release|Any CPU
		{CF93D19A-AE9E-421F-83BF-023BB65B1A17}.Release|x64.Build.0 = Release|Any CPU
		{CF93D19A-AE9E-421F-83BF-023BB65B1A17}.Release|x86.ActiveCfg = Release|Any CPU
		{CF93D19A-AE9E-421F-83BF-023BB65B1A17}.Release|x86.Build.0 = Release|Any CPU
		{2EF02E59-F0E9-400E-BC05-8D767A1996BE}.Debug|Any CPU.ActiveCfg = Debug|Any CPU
		{2EF02E59-F0E9-400E-BC05-8D767A1996BE}.Debug|Any CPU.Build.0 = Debug|Any CPU
		{2EF02E59-F0E9-400E-BC05-8D767A1996BE}.Debug|x64.ActiveCfg = Debug|Any CPU
		{2EF02E59-F0E9-400E-BC05-8D767A1996BE}.Debug|x64.Build.0 = Debug|Any CPU
		{2EF02E59-F0E9-400E-BC05-8D767A1996BE}.Debug|x86.ActiveCfg = Debug|Any CPU
		{2EF02E59-F0E9-400E-BC05-8D767A1996BE}.Debug|x86.Build.0 = Debug|Any CPU
		{2EF02E59-F0E9-400E-BC05-8D767A1996BE}.Release|Any CPU.ActiveCfg = Release|Any CPU
		{2EF02E59-F0E9-400E-BC05-8D767A1996BE}.Release|Any CPU.Build.0 = Release|Any CPU
		{2EF02E59-F0E9-400E-BC05-8D767A1996BE}.Release|x64.ActiveCfg = Release|Any CPU
		{2EF02E59-F0E9-400E-BC05-8D767A1996BE}.Release|x64.Build.0 = Release|Any CPU
		{2EF02E59-F0E9-400E-BC05-8D767A1996BE}.Release|x86.ActiveCfg = Release|Any CPU
		{2EF02E59-F0E9-400E-BC05-8D767A1996BE}.Release|x86.Build.0 = Release|Any CPU
		{EC1A0CE7-C1EE-4307-BADE-96306851D561}.Debug|Any CPU.ActiveCfg = Debug|Any CPU
		{EC1A0CE7-C1EE-4307-BADE-96306851D561}.Debug|Any CPU.Build.0 = Debug|Any CPU
		{EC1A0CE7-C1EE-4307-BADE-96306851D561}.Debug|x64.ActiveCfg = Debug|Any CPU
		{EC1A0CE7-C1EE-4307-BADE-96306851D561}.Debug|x64.Build.0 = Debug|Any CPU
		{EC1A0CE7-C1EE-4307-BADE-96306851D561}.Debug|x86.ActiveCfg = Debug|Any CPU
		{EC1A0CE7-C1EE-4307-BADE-96306851D561}.Debug|x86.Build.0 = Debug|Any CPU
		{EC1A0CE7-C1EE-4307-BADE-96306851D561}.Release|Any CPU.ActiveCfg = Release|Any CPU
		{EC1A0CE7-C1EE-4307-BADE-96306851D561}.Release|Any CPU.Build.0 = Release|Any CPU
		{EC1A0CE7-C1EE-4307-BADE-96306851D561}.Release|x64.ActiveCfg = Release|Any CPU
		{EC1A0CE7-C1EE-4307-BADE-96306851D561}.Release|x64.Build.0 = Release|Any CPU
		{EC1A0CE7-C1EE-4307-BADE-96306851D561}.Release|x86.ActiveCfg = Release|Any CPU
		{EC1A0CE7-C1EE-4307-BADE-96306851D561}.Release|x86.Build.0 = Release|Any CPU
		{B16C8681-CB0D-47AC-9E1D-3E4C50391218}.Debug|Any CPU.ActiveCfg = Debug|Any CPU
		{B16C8681-CB0D-47AC-9E1D-3E4C50391218}.Debug|Any CPU.Build.0 = Debug|Any CPU
		{B16C8681-CB0D-47AC-9E1D-3E4C50391218}.Debug|x64.ActiveCfg = Debug|Any CPU
		{B16C8681-CB0D-47AC-9E1D-3E4C50391218}.Debug|x64.Build.0 = Debug|Any CPU
		{B16C8681-CB0D-47AC-9E1D-3E4C50391218}.Debug|x86.ActiveCfg = Debug|Any CPU
		{B16C8681-CB0D-47AC-9E1D-3E4C50391218}.Debug|x86.Build.0 = Debug|Any CPU
		{B16C8681-CB0D-47AC-9E1D-3E4C50391218}.Release|Any CPU.ActiveCfg = Release|Any CPU
		{B16C8681-CB0D-47AC-9E1D-3E4C50391218}.Release|Any CPU.Build.0 = Release|Any CPU
		{B16C8681-CB0D-47AC-9E1D-3E4C50391218}.Release|x64.ActiveCfg = Release|Any CPU
		{B16C8681-CB0D-47AC-9E1D-3E4C50391218}.Release|x64.Build.0 = Release|Any CPU
		{B16C8681-CB0D-47AC-9E1D-3E4C50391218}.Release|x86.ActiveCfg = Release|Any CPU
		{B16C8681-CB0D-47AC-9E1D-3E4C50391218}.Release|x86.Build.0 = Release|Any CPU
		{CF143A37-C689-4ADA-8134-9996C3F276ED}.Debug|Any CPU.ActiveCfg = Debug|Any CPU
		{CF143A37-C689-4ADA-8134-9996C3F276ED}.Debug|Any CPU.Build.0 = Debug|Any CPU
		{CF143A37-C689-4ADA-8134-9996C3F276ED}.Debug|x64.ActiveCfg = Debug|Any CPU
		{CF143A37-C689-4ADA-8134-9996C3F276ED}.Debug|x64.Build.0 = Debug|Any CPU
		{CF143A37-C689-4ADA-8134-9996C3F276ED}.Debug|x86.ActiveCfg = Debug|Any CPU
		{CF143A37-C689-4ADA-8134-9996C3F276ED}.Debug|x86.Build.0 = Debug|Any CPU
		{CF143A37-C689-4ADA-8134-9996C3F276ED}.Release|Any CPU.ActiveCfg = Release|Any CPU
		{CF143A37-C689-4ADA-8134-9996C3F276ED}.Release|Any CPU.Build.0 = Release|Any CPU
		{CF143A37-C689-4ADA-8134-9996C3F276ED}.Release|x64.ActiveCfg = Release|Any CPU
		{CF143A37-C689-4ADA-8134-9996C3F276ED}.Release|x64.Build.0 = Release|Any CPU
		{CF143A37-C689-4ADA-8134-9996C3F276ED}.Release|x86.ActiveCfg = Release|Any CPU
		{CF143A37-C689-4ADA-8134-9996C3F276ED}.Release|x86.Build.0 = Release|Any CPU
		{513B6B1C-1088-44B8-B1BA-276B0D24283F}.Debug|Any CPU.ActiveCfg = Debug|Any CPU
		{513B6B1C-1088-44B8-B1BA-276B0D24283F}.Debug|Any CPU.Build.0 = Debug|Any CPU
		{513B6B1C-1088-44B8-B1BA-276B0D24283F}.Debug|x64.ActiveCfg = Debug|Any CPU
		{513B6B1C-1088-44B8-B1BA-276B0D24283F}.Debug|x64.Build.0 = Debug|Any CPU
		{513B6B1C-1088-44B8-B1BA-276B0D24283F}.Debug|x86.ActiveCfg = Debug|Any CPU
		{513B6B1C-1088-44B8-B1BA-276B0D24283F}.Debug|x86.Build.0 = Debug|Any CPU
		{513B6B1C-1088-44B8-B1BA-276B0D24283F}.Release|Any CPU.ActiveCfg = Release|Any CPU
		{513B6B1C-1088-44B8-B1BA-276B0D24283F}.Release|Any CPU.Build.0 = Release|Any CPU
		{513B6B1C-1088-44B8-B1BA-276B0D24283F}.Release|x64.ActiveCfg = Release|Any CPU
		{513B6B1C-1088-44B8-B1BA-276B0D24283F}.Release|x64.Build.0 = Release|Any CPU
		{513B6B1C-1088-44B8-B1BA-276B0D24283F}.Release|x86.ActiveCfg = Release|Any CPU
		{513B6B1C-1088-44B8-B1BA-276B0D24283F}.Release|x86.Build.0 = Release|Any CPU
		{44C09B2E-5C34-4C2F-8141-4DCE3533497E}.Debug|Any CPU.ActiveCfg = Debug|Any CPU
		{44C09B2E-5C34-4C2F-8141-4DCE3533497E}.Debug|Any CPU.Build.0 = Debug|Any CPU
		{44C09B2E-5C34-4C2F-8141-4DCE3533497E}.Debug|x64.ActiveCfg = Debug|Any CPU
		{44C09B2E-5C34-4C2F-8141-4DCE3533497E}.Debug|x64.Build.0 = Debug|Any CPU
		{44C09B2E-5C34-4C2F-8141-4DCE3533497E}.Debug|x86.ActiveCfg = Debug|Any CPU
		{44C09B2E-5C34-4C2F-8141-4DCE3533497E}.Debug|x86.Build.0 = Debug|Any CPU
		{44C09B2E-5C34-4C2F-8141-4DCE3533497E}.Release|Any CPU.ActiveCfg = Release|Any CPU
		{44C09B2E-5C34-4C2F-8141-4DCE3533497E}.Release|Any CPU.Build.0 = Release|Any CPU
		{44C09B2E-5C34-4C2F-8141-4DCE3533497E}.Release|x64.ActiveCfg = Release|Any CPU
		{44C09B2E-5C34-4C2F-8141-4DCE3533497E}.Release|x64.Build.0 = Release|Any CPU
		{44C09B2E-5C34-4C2F-8141-4DCE3533497E}.Release|x86.ActiveCfg = Release|Any CPU
		{44C09B2E-5C34-4C2F-8141-4DCE3533497E}.Release|x86.Build.0 = Release|Any CPU
		{9E880992-6292-4572-A044-24E072662873}.Debug|Any CPU.ActiveCfg = Debug|Any CPU
		{9E880992-6292-4572-A044-24E072662873}.Debug|Any CPU.Build.0 = Debug|Any CPU
		{9E880992-6292-4572-A044-24E072662873}.Debug|x64.ActiveCfg = Debug|Any CPU
		{9E880992-6292-4572-A044-24E072662873}.Debug|x64.Build.0 = Debug|Any CPU
		{9E880992-6292-4572-A044-24E072662873}.Debug|x86.ActiveCfg = Debug|Any CPU
		{9E880992-6292-4572-A044-24E072662873}.Debug|x86.Build.0 = Debug|Any CPU
		{9E880992-6292-4572-A044-24E072662873}.Release|Any CPU.ActiveCfg = Release|Any CPU
		{9E880992-6292-4572-A044-24E072662873}.Release|Any CPU.Build.0 = Release|Any CPU
		{9E880992-6292-4572-A044-24E072662873}.Release|x64.ActiveCfg = Release|Any CPU
		{9E880992-6292-4572-A044-24E072662873}.Release|x64.Build.0 = Release|Any CPU
		{9E880992-6292-4572-A044-24E072662873}.Release|x86.ActiveCfg = Release|Any CPU
		{9E880992-6292-4572-A044-24E072662873}.Release|x86.Build.0 = Release|Any CPU
		{F8FC47DB-AF53-402C-AB38-1E9A329194C9}.Debug|Any CPU.ActiveCfg = Debug|Any CPU
		{F8FC47DB-AF53-402C-AB38-1E9A329194C9}.Debug|Any CPU.Build.0 = Debug|Any CPU
		{F8FC47DB-AF53-402C-AB38-1E9A329194C9}.Debug|x64.ActiveCfg = Debug|Any CPU
		{F8FC47DB-AF53-402C-AB38-1E9A329194C9}.Debug|x64.Build.0 = Debug|Any CPU
		{F8FC47DB-AF53-402C-AB38-1E9A329194C9}.Debug|x86.ActiveCfg = Debug|Any CPU
		{F8FC47DB-AF53-402C-AB38-1E9A329194C9}.Debug|x86.Build.0 = Debug|Any CPU
		{F8FC47DB-AF53-402C-AB38-1E9A329194C9}.Release|Any CPU.ActiveCfg = Release|Any CPU
		{F8FC47DB-AF53-402C-AB38-1E9A329194C9}.Release|Any CPU.Build.0 = Release|Any CPU
		{F8FC47DB-AF53-402C-AB38-1E9A329194C9}.Release|x64.ActiveCfg = Release|Any CPU
		{F8FC47DB-AF53-402C-AB38-1E9A329194C9}.Release|x64.Build.0 = Release|Any CPU
		{F8FC47DB-AF53-402C-AB38-1E9A329194C9}.Release|x86.ActiveCfg = Release|Any CPU
		{F8FC47DB-AF53-402C-AB38-1E9A329194C9}.Release|x86.Build.0 = Release|Any CPU
		{6A69184B-3393-489B-8F37-B2DB6BB099C2}.Debug|Any CPU.ActiveCfg = Debug|Any CPU
		{6A69184B-3393-489B-8F37-B2DB6BB099C2}.Debug|Any CPU.Build.0 = Debug|Any CPU
		{6A69184B-3393-489B-8F37-B2DB6BB099C2}.Debug|x64.ActiveCfg = Debug|Any CPU
		{6A69184B-3393-489B-8F37-B2DB6BB099C2}.Debug|x64.Build.0 = Debug|Any CPU
		{6A69184B-3393-489B-8F37-B2DB6BB099C2}.Debug|x86.ActiveCfg = Debug|Any CPU
		{6A69184B-3393-489B-8F37-B2DB6BB099C2}.Debug|x86.Build.0 = Debug|Any CPU
		{6A69184B-3393-489B-8F37-B2DB6BB099C2}.Release|Any CPU.ActiveCfg = Release|Any CPU
		{6A69184B-3393-489B-8F37-B2DB6BB099C2}.Release|Any CPU.Build.0 = Release|Any CPU
		{6A69184B-3393-489B-8F37-B2DB6BB099C2}.Release|x64.ActiveCfg = Release|Any CPU
		{6A69184B-3393-489B-8F37-B2DB6BB099C2}.Release|x64.Build.0 = Release|Any CPU
		{6A69184B-3393-489B-8F37-B2DB6BB099C2}.Release|x86.ActiveCfg = Release|Any CPU
		{6A69184B-3393-489B-8F37-B2DB6BB099C2}.Release|x86.Build.0 = Release|Any CPU
		{23AEB364-B01D-48D1-83E2-A9ADDCCF0D33}.Debug|Any CPU.ActiveCfg = Debug|Any CPU
		{23AEB364-B01D-48D1-83E2-A9ADDCCF0D33}.Debug|Any CPU.Build.0 = Debug|Any CPU
		{23AEB364-B01D-48D1-83E2-A9ADDCCF0D33}.Debug|x64.ActiveCfg = Debug|Any CPU
		{23AEB364-B01D-48D1-83E2-A9ADDCCF0D33}.Debug|x64.Build.0 = Debug|Any CPU
		{23AEB364-B01D-48D1-83E2-A9ADDCCF0D33}.Debug|x86.ActiveCfg = Debug|Any CPU
		{23AEB364-B01D-48D1-83E2-A9ADDCCF0D33}.Debug|x86.Build.0 = Debug|Any CPU
		{23AEB364-B01D-48D1-83E2-A9ADDCCF0D33}.Release|Any CPU.ActiveCfg = Release|Any CPU
		{23AEB364-B01D-48D1-83E2-A9ADDCCF0D33}.Release|Any CPU.Build.0 = Release|Any CPU
		{23AEB364-B01D-48D1-83E2-A9ADDCCF0D33}.Release|x64.ActiveCfg = Release|Any CPU
		{23AEB364-B01D-48D1-83E2-A9ADDCCF0D33}.Release|x64.Build.0 = Release|Any CPU
		{23AEB364-B01D-48D1-83E2-A9ADDCCF0D33}.Release|x86.ActiveCfg = Release|Any CPU
		{23AEB364-B01D-48D1-83E2-A9ADDCCF0D33}.Release|x86.Build.0 = Release|Any CPU
		{F23CDDF9-047F-4AA9-8B5D-D4ACDBC995FC}.Debug|Any CPU.ActiveCfg = Debug|Any CPU
		{F23CDDF9-047F-4AA9-8B5D-D4ACDBC995FC}.Debug|Any CPU.Build.0 = Debug|Any CPU
		{F23CDDF9-047F-4AA9-8B5D-D4ACDBC995FC}.Debug|x64.ActiveCfg = Debug|Any CPU
		{F23CDDF9-047F-4AA9-8B5D-D4ACDBC995FC}.Debug|x64.Build.0 = Debug|Any CPU
		{F23CDDF9-047F-4AA9-8B5D-D4ACDBC995FC}.Debug|x86.ActiveCfg = Debug|Any CPU
		{F23CDDF9-047F-4AA9-8B5D-D4ACDBC995FC}.Debug|x86.Build.0 = Debug|Any CPU
		{F23CDDF9-047F-4AA9-8B5D-D4ACDBC995FC}.Release|Any CPU.ActiveCfg = Release|Any CPU
		{F23CDDF9-047F-4AA9-8B5D-D4ACDBC995FC}.Release|Any CPU.Build.0 = Release|Any CPU
		{F23CDDF9-047F-4AA9-8B5D-D4ACDBC995FC}.Release|x64.ActiveCfg = Release|Any CPU
		{F23CDDF9-047F-4AA9-8B5D-D4ACDBC995FC}.Release|x64.Build.0 = Release|Any CPU
		{F23CDDF9-047F-4AA9-8B5D-D4ACDBC995FC}.Release|x86.ActiveCfg = Release|Any CPU
		{F23CDDF9-047F-4AA9-8B5D-D4ACDBC995FC}.Release|x86.Build.0 = Release|Any CPU
	EndGlobalSection
	GlobalSection(SolutionProperties) = preSolution
		HideSolutionNode = FALSE
	EndGlobalSection
	GlobalSection(NestedProjects) = preSolution
		{B083C457-4E44-4557-B736-AB554D08E7CA} = {4DF3F49F-9FBC-1412-1B49-C0C7F47113B4}
		{39CE6347-FE40-4F3E-BD30-AE87C53F2CC8} = {4DF3F49F-9FBC-1412-1B49-C0C7F47113B4}
		{39A63EFC-1109-4BDF-8B47-7C1606E94340} = {DA5C3214-5362-D53D-7EE1-7B72DB27BE75}
		{A5744B06-D293-450F-B9AC-C578C2D72B29} = {DA5C3214-5362-D53D-7EE1-7B72DB27BE75}
		{CF93D19A-AE9E-421F-83BF-023BB65B1A17} = {DA5C3214-5362-D53D-7EE1-7B72DB27BE75}
		{2EF02E59-F0E9-400E-BC05-8D767A1996BE} = {DA5C3214-5362-D53D-7EE1-7B72DB27BE75}
		{EC1A0CE7-C1EE-4307-BADE-96306851D561} = {DA5C3214-5362-D53D-7EE1-7B72DB27BE75}
		{B16C8681-CB0D-47AC-9E1D-3E4C50391218} = {DA5C3214-5362-D53D-7EE1-7B72DB27BE75}
		{CF143A37-C689-4ADA-8134-9996C3F276ED} = {DA5C3214-5362-D53D-7EE1-7B72DB27BE75}
		{513B6B1C-1088-44B8-B1BA-276B0D24283F} = {DA5C3214-5362-D53D-7EE1-7B72DB27BE75}
		{44C09B2E-5C34-4C2F-8141-4DCE3533497E} = {5358A8DD-221C-A68E-DDFB-CD91B98A505E}
		{9E880992-6292-4572-A044-24E072662873} = {5358A8DD-221C-A68E-DDFB-CD91B98A505E}
		{F8FC47DB-AF53-402C-AB38-1E9A329194C9} = {5358A8DD-221C-A68E-DDFB-CD91B98A505E}
		{6A69184B-3393-489B-8F37-B2DB6BB099C2} = {5358A8DD-221C-A68E-DDFB-CD91B98A505E}
		{23AEB364-B01D-48D1-83E2-A9ADDCCF0D33} = {808186BE-9BD0-DD1D-D574-36EEAD1E7F8F}
		{F23CDDF9-047F-4AA9-8B5D-D4ACDBC995FC} = {808186BE-9BD0-DD1D-D574-36EEAD1E7F8F}
	EndGlobalSection
EndGlobal
