
Microsoft Visual Studio Solution File, Format Version 12.00
# Visual Studio Version 17
VisualStudioVersion = 17.0.31903.59
MinimumVisualStudioVersion = 10.0.40219.1
Project("{2150E333-8FDC-42A3-9474-1A3956D46DE8}") = "Core", "Core", "{FBF56CC3-7AE6-AD2D-3F14-7F97FD322CD6}"
EndProject
Project("{F2A71F9B-5D33-465A-A702-920D77279786}") = "Fabulous", "src\Fabulous\Fabulous.fsproj", "{355F34FF-E2D0-4BAC-90A9-5300EBA0F78C}"
EndProject
Project("{F2A71F9B-5D33-465A-A702-920D77279786}") = "Fabulous.Tests", "src\Fabulous.Tests\Fabulous.Tests.fsproj", "{C6992C2E-02AA-4F04-99A5-D9C6E8211624}"
EndProject
Project("{2150E333-8FDC-42A3-9474-1A3956D46DE8}") = "Avalonia", "Avalonia", "{DA5C3214-5362-D53D-7EE1-7B72DB27BE75}"
EndProject
Project("{F2A71F9B-5D33-465A-A702-920D77279786}") = "Fabulous.Avalonia", "platforms\avalonia\src\Fabulous.Avalonia\Fabulous.Avalonia.fsproj", "{331ADC8A-8789-432B-A25C-7577FC7647AC}"
EndProject
Project("{F2A71F9B-5D33-465A-A702-920D77279786}") = "Fabulous.Avalonia.Tests", "platforms\avalonia\src\Fabulous.Avalonia.Tests\Fabulous.Avalonia.Tests.fsproj", "{9AC0F9E5-1A73-4FBF-919B-B8EE7B8D9001}"
EndProject
Project("{F2A71F9B-5D33-465A-A702-920D77279786}") = "Fabulous.Avalonia.ColorPicker", "platforms\avalonia\extensions\Fabulous.Avalonia.ColorPicker\Fabulous.Avalonia.ColorPicker.fsproj", "{FA6745C8-CAEB-43DD-BA42-EE6CE99C2ADB}"
EndProject
Project("{F2A71F9B-5D33-465A-A702-920D77279786}") = "Fabulous.Avalonia.DataGrid", "platforms\avalonia\extensions\Fabulous.Avalonia.DataGrid\Fabulous.Avalonia.DataGrid.fsproj", "{5C14A2F9-11FF-4619-A9EF-ACE74EC093DF}"
EndProject
Project("{F2A71F9B-5D33-465A-A702-920D77279786}") = "Fabulous.Avalonia.Diagnostics", "platforms\avalonia\extensions\Fabulous.Avalonia.Diagnostics\Fabulous.Avalonia.Diagnostics.fsproj", "{11186E4B-8951-4F81-B85B-BF9C8A6B2635}"
EndProject
Project("{F2A71F9B-5D33-465A-A702-920D77279786}") = "Fabulous.Avalonia.ItemsRepeater", "platforms\avalonia\extensions\Fabulous.Avalonia.ItemsRepeater\Fabulous.Avalonia.ItemsRepeater.fsproj", "{2881C7F0-7957-4474-B0D2-86EEA49FD091}"
EndProject
Project("{F2A71F9B-5D33-465A-A702-920D77279786}") = "Fabulous.Avalonia.Labs", "platforms\avalonia\extensions\Fabulous.Avalonia.Labs\Fabulous.Avalonia.Labs.fsproj", "{E3BAE91B-C0F8-425A-8F6A-35370A140CD7}"
EndProject
Project("{F2A71F9B-5D33-465A-A702-920D77279786}") = "Fabulous.Avalonia.TreeDataGrid", "platforms\avalonia\extensions\Fabulous.Avalonia.TreeDataGrid\Fabulous.Avalonia.TreeDataGrid.fsproj", "{E10B3B87-51F5-46FC-96FD-568E1D068CC6}"
EndProject
Project("{2150E333-8FDC-42A3-9474-1A3956D46DE8}") = "Maui", "Maui", "{5358A8DD-221C-A68E-DDFB-CD91B98A505E}"
EndProject
Project("{F2A71F9B-5D33-465A-A702-920D77279786}") = "Fabulous.MauiControls", "platforms\maui\src\Fabulous.MauiControls\Fabulous.MauiControls.fsproj", "{1FE1387E-963E-4F41-BD79-0368E65115B9}"
EndProject
Project("{F2A71F9B-5D33-465A-A702-920D77279786}") = "Fabulous.MauiControls.Tests", "platforms\maui\src\Fabulous.MauiControls.Tests\Fabulous.MauiControls.Tests.fsproj", "{B8303021-1CE0-4EDE-A3A3-086331A698B5}"
EndProject
Global
	GlobalSection(SolutionConfigurationPlatforms) = preSolution
		Debug|Any CPU = Debug|Any CPU
		Debug|x64 = Debug|x64
		Debug|x86 = Debug|x86
		Release|Any CPU = Release|Any CPU
		Release|x64 = Release|x64
		Release|x86 = Release|x86
	EndGlobalSection
	GlobalSection(ProjectConfigurationPlatforms) = postSolution
		{355F34FF-E2D0-4BAC-90A9-5300EBA0F78C}.Debug|Any CPU.ActiveCfg = Debug|Any CPU
		{355F34FF-E2D0-4BAC-90A9-5300EBA0F78C}.Debug|Any CPU.Build.0 = Debug|Any CPU
		{355F34FF-E2D0-4BAC-90A9-5300EBA0F78C}.Debug|x64.ActiveCfg = Debug|Any CPU
		{355F34FF-E2D0-4BAC-90A9-5300EBA0F78C}.Debug|x64.Build.0 = Debug|Any CPU
		{355F34FF-E2D0-4BAC-90A9-5300EBA0F78C}.Debug|x86.ActiveCfg = Debug|Any CPU
		{355F34FF-E2D0-4BAC-90A9-5300EBA0F78C}.Debug|x86.Build.0 = Debug|Any CPU
		{355F34FF-E2D0-4BAC-90A9-5300EBA0F78C}.Release|Any CPU.ActiveCfg = Release|Any CPU
		{355F34FF-E2D0-4BAC-90A9-5300EBA0F78C}.Release|Any CPU.Build.0 = Release|Any CPU
		{355F34FF-E2D0-4BAC-90A9-5300EBA0F78C}.Release|x64.ActiveCfg = Release|Any CPU
		{355F34FF-E2D0-4BAC-90A9-5300EBA0F78C}.Release|x64.Build.0 = Release|Any CPU
		{355F34FF-E2D0-4BAC-90A9-5300EBA0F78C}.Release|x86.ActiveCfg = Release|Any CPU
		{355F34FF-E2D0-4BAC-90A9-5300EBA0F78C}.Release|x86.Build.0 = Release|Any CPU
		{C6992C2E-02AA-4F04-99A5-D9C6E8211624}.Debug|Any CPU.ActiveCfg = Debug|Any CPU
		{C6992C2E-02AA-4F04-99A5-D9C6E8211624}.Debug|Any CPU.Build.0 = Debug|Any CPU
		{C6992C2E-02AA-4F04-99A5-D9C6E8211624}.Debug|x64.ActiveCfg = Debug|Any CPU
		{C6992C2E-02AA-4F04-99A5-D9C6E8211624}.Debug|x64.Build.0 = Debug|Any CPU
		{C6992C2E-02AA-4F04-99A5-D9C6E8211624}.Debug|x86.ActiveCfg = Debug|Any CPU
		{C6992C2E-02AA-4F04-99A5-D9C6E8211624}.Debug|x86.Build.0 = Debug|Any CPU
		{C6992C2E-02AA-4F04-99A5-D9C6E8211624}.Release|Any CPU.ActiveCfg = Release|Any CPU
		{C6992C2E-02AA-4F04-99A5-D9C6E8211624}.Release|Any CPU.Build.0 = Release|Any CPU
		{C6992C2E-02AA-4F04-99A5-D9C6E8211624}.Release|x64.ActiveCfg = Release|Any CPU
		{C6992C2E-02AA-4F04-99A5-D9C6E8211624}.Release|x64.Build.0 = Release|Any CPU
		{C6992C2E-02AA-4F04-99A5-D9C6E8211624}.Release|x86.ActiveCfg = Release|Any CPU
		{C6992C2E-02AA-4F04-99A5-D9C6E8211624}.Release|x86.Build.0 = Release|Any CPU
		{331ADC8A-8789-432B-A25C-7577FC7647AC}.Debug|Any CPU.ActiveCfg = Debug|Any CPU
		{331ADC8A-8789-432B-A25C-7577FC7647AC}.Debug|Any CPU.Build.0 = Debug|Any CPU
		{331ADC8A-8789-432B-A25C-7577FC7647AC}.Debug|x64.ActiveCfg = Debug|Any CPU
		{331ADC8A-8789-432B-A25C-7577FC7647AC}.Debug|x64.Build.0 = Debug|Any CPU
		{331ADC8A-8789-432B-A25C-7577FC7647AC}.Debug|x86.ActiveCfg = Debug|Any CPU
		{331ADC8A-8789-432B-A25C-7577FC7647AC}.Debug|x86.Build.0 = Debug|Any CPU
		{331ADC8A-8789-432B-A25C-7577FC7647AC}.Release|Any CPU.ActiveCfg = Release|Any CPU
		{331ADC8A-8789-432B-A25C-7577FC7647AC}.Release|Any CPU.Build.0 = Release|Any CPU
		{331ADC8A-8789-432B-A25C-7577FC7647AC}.Release|x64.ActiveCfg = Release|Any CPU
		{331ADC8A-8789-432B-A25C-7577FC7647AC}.Release|x64.Build.0 = Release|Any CPU
		{331ADC8A-8789-432B-A25C-7577FC7647AC}.Release|x86.ActiveCfg = Release|Any CPU
		{331ADC8A-8789-432B-A25C-7577FC7647AC}.Release|x86.Build.0 = Release|Any CPU
		{9AC0F9E5-1A73-4FBF-919B-B8EE7B8D9001}.Debug|Any CPU.ActiveCfg = Debug|Any CPU
		{9AC0F9E5-1A73-4FBF-919B-B8EE7B8D9001}.Debug|Any CPU.Build.0 = Debug|Any CPU
		{9AC0F9E5-1A73-4FBF-919B-B8EE7B8D9001}.Debug|x64.ActiveCfg = Debug|Any CPU
		{9AC0F9E5-1A73-4FBF-919B-B8EE7B8D9001}.Debug|x64.Build.0 = Debug|Any CPU
		{9AC0F9E5-1A73-4FBF-919B-B8EE7B8D9001}.Debug|x86.ActiveCfg = Debug|Any CPU
		{9AC0F9E5-1A73-4FBF-919B-B8EE7B8D9001}.Debug|x86.Build.0 = Debug|Any CPU
		{9AC0F9E5-1A73-4FBF-919B-B8EE7B8D9001}.Release|Any CPU.ActiveCfg = Release|Any CPU
		{9AC0F9E5-1A73-4FBF-919B-B8EE7B8D9001}.Release|Any CPU.Build.0 = Release|Any CPU
		{9AC0F9E5-1A73-4FBF-919B-B8EE7B8D9001}.Release|x64.ActiveCfg = Release|Any CPU
		{9AC0F9E5-1A73-4FBF-919B-B8EE7B8D9001}.Release|x64.Build.0 = Release|Any CPU
		{9AC0F9E5-1A73-4FBF-919B-B8EE7B8D9001}.Release|x86.ActiveCfg = Release|Any CPU
		{9AC0F9E5-1A73-4FBF-919B-B8EE7B8D9001}.Release|x86.Build.0 = Release|Any CPU
		{FA6745C8-CAEB-43DD-BA42-EE6CE99C2ADB}.Debug|Any CPU.ActiveCfg = Debug|Any CPU
		{FA6745C8-CAEB-43DD-BA42-EE6CE99C2ADB}.Debug|Any CPU.Build.0 = Debug|Any CPU
		{FA6745C8-CAEB-43DD-BA42-EE6CE99C2ADB}.Debug|x64.ActiveCfg = Debug|Any CPU
		{FA6745C8-CAEB-43DD-BA42-EE6CE99C2ADB}.Debug|x64.Build.0 = Debug|Any CPU
		{FA6745C8-CAEB-43DD-BA42-EE6CE99C2ADB}.Debug|x86.ActiveCfg = Debug|Any CPU
		{FA6745C8-CAEB-43DD-BA42-EE6CE99C2ADB}.Debug|x86.Build.0 = Debug|Any CPU
		{FA6745C8-CAEB-43DD-BA42-EE6CE99C2ADB}.Release|Any CPU.ActiveCfg = Release|Any CPU
		{FA6745C8-CAEB-43DD-BA42-EE6CE99C2ADB}.Release|Any CPU.Build.0 = Release|Any CPU
		{FA6745C8-CAEB-43DD-BA42-EE6CE99C2ADB}.Release|x64.ActiveCfg = Release|Any CPU
		{FA6745C8-CAEB-43DD-BA42-EE6CE99C2ADB}.Release|x64.Build.0 = Release|Any CPU
		{FA6745C8-CAEB-43DD-BA42-EE6CE99C2ADB}.Release|x86.ActiveCfg = Release|Any CPU
		{FA6745C8-CAEB-43DD-BA42-EE6CE99C2ADB}.Release|x86.Build.0 = Release|Any CPU
		{5C14A2F9-11FF-4619-A9EF-ACE74EC093DF}.Debug|Any CPU.ActiveCfg = Debug|Any CPU
		{5C14A2F9-11FF-4619-A9EF-ACE74EC093DF}.Debug|Any CPU.Build.0 = Debug|Any CPU
		{5C14A2F9-11FF-4619-A9EF-ACE74EC093DF}.Debug|x64.ActiveCfg = Debug|Any CPU
		{5C14A2F9-11FF-4619-A9EF-ACE74EC093DF}.Debug|x64.Build.0 = Debug|Any CPU
		{5C14A2F9-11FF-4619-A9EF-ACE74EC093DF}.Debug|x86.ActiveCfg = Debug|Any CPU
		{5C14A2F9-11FF-4619-A9EF-ACE74EC093DF}.Debug|x86.Build.0 = Debug|Any CPU
		{5C14A2F9-11FF-4619-A9EF-ACE74EC093DF}.Release|Any CPU.ActiveCfg = Release|Any CPU
		{5C14A2F9-11FF-4619-A9EF-ACE74EC093DF}.Release|Any CPU.Build.0 = Release|Any CPU
		{5C14A2F9-11FF-4619-A9EF-ACE74EC093DF}.Release|x64.ActiveCfg = Release|Any CPU
		{5C14A2F9-11FF-4619-A9EF-ACE74EC093DF}.Release|x64.Build.0 = Release|Any CPU
		{5C14A2F9-11FF-4619-A9EF-ACE74EC093DF}.Release|x86.ActiveCfg = Release|Any CPU
		{5C14A2F9-11FF-4619-A9EF-ACE74EC093DF}.Release|x86.Build.0 = Release|Any CPU
		{11186E4B-8951-4F81-B85B-BF9C8A6B2635}.Debug|Any CPU.ActiveCfg = Debug|Any CPU
		{11186E4B-8951-4F81-B85B-BF9C8A6B2635}.Debug|Any CPU.Build.0 = Debug|Any CPU
		{11186E4B-8951-4F81-B85B-BF9C8A6B2635}.Debug|x64.ActiveCfg = Debug|Any CPU
		{11186E4B-8951-4F81-B85B-BF9C8A6B2635}.Debug|x64.Build.0 = Debug|Any CPU
		{11186E4B-8951-4F81-B85B-BF9C8A6B2635}.Debug|x86.ActiveCfg = Debug|Any CPU
		{11186E4B-8951-4F81-B85B-BF9C8A6B2635}.Debug|x86.Build.0 = Debug|Any CPU
		{11186E4B-8951-4F81-B85B-BF9C8A6B2635}.Release|Any CPU.ActiveCfg = Release|Any CPU
		{11186E4B-8951-4F81-B85B-BF9C8A6B2635}.Release|Any CPU.Build.0 = Release|Any CPU
		{11186E4B-8951-4F81-B85B-BF9C8A6B2635}.Release|x64.ActiveCfg = Release|Any CPU
		{11186E4B-8951-4F81-B85B-BF9C8A6B2635}.Release|x64.Build.0 = Release|Any CPU
		{11186E4B-8951-4F81-B85B-BF9C8A6B2635}.Release|x86.ActiveCfg = Release|Any CPU
		{11186E4B-8951-4F81-B85B-BF9C8A6B2635}.Release|x86.Build.0 = Release|Any CPU
		{2881C7F0-7957-4474-B0D2-86EEA49FD091}.Debug|Any CPU.ActiveCfg = Debug|Any CPU
		{2881C7F0-7957-4474-B0D2-86EEA49FD091}.Debug|Any CPU.Build.0 = Debug|Any CPU
		{2881C7F0-7957-4474-B0D2-86EEA49FD091}.Debug|x64.ActiveCfg = Debug|Any CPU
		{2881C7F0-7957-4474-B0D2-86EEA49FD091}.Debug|x64.Build.0 = Debug|Any CPU
		{2881C7F0-7957-4474-B0D2-86EEA49FD091}.Debug|x86.ActiveCfg = Debug|Any CPU
		{2881C7F0-7957-4474-B0D2-86EEA49FD091}.Debug|x86.Build.0 = Debug|Any CPU
		{2881C7F0-7957-4474-B0D2-86EEA49FD091}.Release|Any CPU.ActiveCfg = Release|Any CPU
		{2881C7F0-7957-4474-B0D2-86EEA49FD091}.Release|Any CPU.Build.0 = Release|Any CPU
		{2881C7F0-7957-4474-B0D2-86EEA49FD091}.Release|x64.ActiveCfg = Release|Any CPU
		{2881C7F0-7957-4474-B0D2-86EEA49FD091}.Release|x64.Build.0 = Release|Any CPU
		{2881C7F0-7957-4474-B0D2-86EEA49FD091}.Release|x86.ActiveCfg = Release|Any CPU
		{2881C7F0-7957-4474-B0D2-86EEA49FD091}.Release|x86.Build.0 = Release|Any CPU
		{E3BAE91B-C0F8-425A-8F6A-35370A140CD7}.Debug|Any CPU.ActiveCfg = Debug|Any CPU
		{E3BAE91B-C0F8-425A-8F6A-35370A140CD7}.Debug|Any CPU.Build.0 = Debug|Any CPU
		{E3BAE91B-C0F8-425A-8F6A-35370A140CD7}.Debug|x64.ActiveCfg = Debug|Any CPU
		{E3BAE91B-C0F8-425A-8F6A-35370A140CD7}.Debug|x64.Build.0 = Debug|Any CPU
		{E3BAE91B-C0F8-425A-8F6A-35370A140CD7}.Debug|x86.ActiveCfg = Debug|Any CPU
		{E3BAE91B-C0F8-425A-8F6A-35370A140CD7}.Debug|x86.Build.0 = Debug|Any CPU
		{E3BAE91B-C0F8-425A-8F6A-35370A140CD7}.Release|Any CPU.ActiveCfg = Release|Any CPU
		{E3BAE91B-C0F8-425A-8F6A-35370A140CD7}.Release|Any CPU.Build.0 = Release|Any CPU
		{E3BAE91B-C0F8-425A-8F6A-35370A140CD7}.Release|x64.ActiveCfg = Release|Any CPU
		{E3BAE91B-C0F8-425A-8F6A-35370A140CD7}.Release|x64.Build.0 = Release|Any CPU
		{E3BAE91B-C0F8-425A-8F6A-35370A140CD7}.Release|x86.ActiveCfg = Release|Any CPU
		{E3BAE91B-C0F8-425A-8F6A-35370A140CD7}.Release|x86.Build.0 = Release|Any CPU
		{E10B3B87-51F5-46FC-96FD-568E1D068CC6}.Debug|Any CPU.ActiveCfg = Debug|Any CPU
		{E10B3B87-51F5-46FC-96FD-568E1D068CC6}.Debug|Any CPU.Build.0 = Debug|Any CPU
		{E10B3B87-51F5-46FC-96FD-568E1D068CC6}.Debug|x64.ActiveCfg = Debug|Any CPU
		{E10B3B87-51F5-46FC-96FD-568E1D068CC6}.Debug|x64.Build.0 = Debug|Any CPU
		{E10B3B87-51F5-46FC-96FD-568E1D068CC6}.Debug|x86.ActiveCfg = Debug|Any CPU
		{E10B3B87-51F5-46FC-96FD-568E1D068CC6}.Debug|x86.Build.0 = Debug|Any CPU
		{E10B3B87-51F5-46FC-96FD-568E1D068CC6}.Release|Any CPU.ActiveCfg = Release|Any CPU
		{E10B3B87-51F5-46FC-96FD-568E1D068CC6}.Release|Any CPU.Build.0 = Release|Any CPU
		{E10B3B87-51F5-46FC-96FD-568E1D068CC6}.Release|x64.ActiveCfg = Release|Any CPU
		{E10B3B87-51F5-46FC-96FD-568E1D068CC6}.Release|x64.Build.0 = Release|Any CPU
		{E10B3B87-51F5-46FC-96FD-568E1D068CC6}.Release|x86.ActiveCfg = Release|Any CPU
		{E10B3B87-51F5-46FC-96FD-568E1D068CC6}.Release|x86.Build.0 = Release|Any CPU
		{1FE1387E-963E-4F41-BD79-0368E65115B9}.Debug|Any CPU.ActiveCfg = Debug|Any CPU
		{1FE1387E-963E-4F41-BD79-0368E65115B9}.Debug|Any CPU.Build.0 = Debug|Any CPU
		{1FE1387E-963E-4F41-BD79-0368E65115B9}.Debug|x64.ActiveCfg = Debug|Any CPU
		{1FE1387E-963E-4F41-BD79-0368E65115B9}.Debug|x64.Build.0 = Debug|Any CPU
		{1FE1387E-963E-4F41-BD79-0368E65115B9}.Debug|x86.ActiveCfg = Debug|Any CPU
		{1FE1387E-963E-4F41-BD79-0368E65115B9}.Debug|x86.Build.0 = Debug|Any CPU
		{1FE1387E-963E-4F41-BD79-0368E65115B9}.Release|Any CPU.ActiveCfg = Release|Any CPU
		{1FE1387E-963E-4F41-BD79-0368E65115B9}.Release|Any CPU.Build.0 = Release|Any CPU
		{1FE1387E-963E-4F41-BD79-0368E65115B9}.Release|x64.ActiveCfg = Release|Any CPU
		{1FE1387E-963E-4F41-BD79-0368E65115B9}.Release|x64.Build.0 = Release|Any CPU
		{1FE1387E-963E-4F41-BD79-0368E65115B9}.Release|x86.ActiveCfg = Release|Any CPU
		{1FE1387E-963E-4F41-BD79-0368E65115B9}.Release|x86.Build.0 = Release|Any CPU
		{B8303021-1CE0-4EDE-A3A3-086331A698B5}.Debug|Any CPU.ActiveCfg = Debug|Any CPU
		{B8303021-1CE0-4EDE-A3A3-086331A698B5}.Debug|Any CPU.Build.0 = Debug|Any CPU
		{B8303021-1CE0-4EDE-A3A3-086331A698B5}.Debug|x64.ActiveCfg = Debug|Any CPU
		{B8303021-1CE0-4EDE-A3A3-086331A698B5}.Debug|x64.Build.0 = Debug|Any CPU
		{B8303021-1CE0-4EDE-A3A3-086331A698B5}.Debug|x86.ActiveCfg = Debug|Any CPU
		{B8303021-1CE0-4EDE-A3A3-086331A698B5}.Debug|x86.Build.0 = Debug|Any CPU
		{B8303021-1CE0-4EDE-A3A3-086331A698B5}.Release|Any CPU.ActiveCfg = Release|Any CPU
		{B8303021-1CE0-4EDE-A3A3-086331A698B5}.Release|Any CPU.Build.0 = Release|Any CPU
		{B8303021-1CE0-4EDE-A3A3-086331A698B5}.Release|x64.ActiveCfg = Release|Any CPU
		{B8303021-1CE0-4EDE-A3A3-086331A698B5}.Release|x64.Build.0 = Release|Any CPU
		{B8303021-1CE0-4EDE-A3A3-086331A698B5}.Release|x86.ActiveCfg = Release|Any CPU
		{B8303021-1CE0-4EDE-A3A3-086331A698B5}.Release|x86.Build.0 = Release|Any CPU
	EndGlobalSection
	GlobalSection(SolutionProperties) = preSolution
		HideSolutionNode = FALSE
	EndGlobalSection
	GlobalSection(NestedProjects) = preSolution
		{355F34FF-E2D0-4BAC-90A9-5300EBA0F78C} = {FBF56CC3-7AE6-AD2D-3F14-7F97FD322CD6}
		{C6992C2E-02AA-4F04-99A5-D9C6E8211624} = {FBF56CC3-7AE6-AD2D-3F14-7F97FD322CD6}
		{331ADC8A-8789-432B-A25C-7577FC7647AC} = {DA5C3214-5362-D53D-7EE1-7B72DB27BE75}
		{9AC0F9E5-1A73-4FBF-919B-B8EE7B8D9001} = {DA5C3214-5362-D53D-7EE1-7B72DB27BE75}
		{FA6745C8-CAEB-43DD-BA42-EE6CE99C2ADB} = {DA5C3214-5362-D53D-7EE1-7B72DB27BE75}
		{5C14A2F9-11FF-4619-A9EF-ACE74EC093DF} = {DA5C3214-5362-D53D-7EE1-7B72DB27BE75}
		{11186E4B-8951-4F81-B85B-BF9C8A6B2635} = {DA5C3214-5362-D53D-7EE1-7B72DB27BE75}
		{2881C7F0-7957-4474-B0D2-86EEA49FD091} = {DA5C3214-5362-D53D-7EE1-7B72DB27BE75}
		{E3BAE91B-C0F8-425A-8F6A-35370A140CD7} = {DA5C3214-5362-D53D-7EE1-7B72DB27BE75}
		{E10B3B87-51F5-46FC-96FD-568E1D068CC6} = {DA5C3214-5362-D53D-7EE1-7B72DB27BE75}
		{1FE1387E-963E-4F41-BD79-0368E65115B9} = {5358A8DD-221C-A68E-DDFB-CD91B98A505E}
		{B8303021-1CE0-4EDE-A3A3-086331A698B5} = {5358A8DD-221C-A68E-DDFB-CD91B98A505E}
	EndGlobalSection
EndGlobal
