
Microsoft Visual Studio Solution File, Format Version 12.00
# Visual Studio Version 17
VisualStudioVersion = 17.0.31903.59
MinimumVisualStudioVersion = 10.0.40219.1
Project("{2150E333-8FDC-42A3-9474-1A3956D46DE8}") = "src", "src", "{1BD6D939-11A9-4A21-8B33-219E7B2C2557}"
EndProject
Project("{F2A71F9B-5D33-465A-A702-920D77279786}") = "Fabulous.Avalonia", "src\Fabulous.Avalonia\Fabulous.Avalonia.fsproj", "{13B84611-1D27-4002-92A7-B1F600962098}"
EndProject
Project("{2150E333-8FDC-42A3-9474-1A3956D46DE8}") = "extensions", "extensions", "{AA8B5812-628E-4D93-BABF-3AB528505B00}"
EndProject
Project("{F2A71F9B-5D33-465A-A702-920D77279786}") = "Fabulous.Avalonia.ColorPicker", "extensions\Fabulous.Avalonia.ColorPicker\Fabulous.Avalonia.ColorPicker.fsproj", "{AC35E64E-0590-4C05-9F3C-515AEB533EFE}"
EndProject
Project("{F2A71F9B-5D33-465A-A702-920D77279786}") = "Fabulous.Avalonia.DataGrid", "extensions\Fabulous.Avalonia.DataGrid\Fabulous.Avalonia.DataGrid.fsproj", "{7F3D8022-5F74-4DF8-A1E4-0893760A1B63}"
EndProject
Project("{F2A71F9B-5D33-465A-A702-920D77279786}") = "Fabulous.Avalonia.Diagnostics", "extensions\Fabulous.Avalonia.Diagnostics\Fabulous.Avalonia.Diagnostics.fsproj", "{42DE79D0-7F77-42DD-8C29-E66C2C46AA01}"
EndProject
Project("{F2A71F9B-5D33-465A-A702-920D77279786}") = "Fabulous.Avalonia.ItemsRepeater", "extensions\Fabulous.Avalonia.ItemsRepeater\Fabulous.Avalonia.ItemsRepeater.fsproj", "{0EDA3DD9-2D73-4D2E-A35D-95F69261602C}"
EndProject
Project("{F2A71F9B-5D33-465A-A702-920D77279786}") = "Fabulous.Avalonia.TreeDataGrid", "extensions\Fabulous.Avalonia.TreeDataGrid\Fabulous.Avalonia.TreeDataGrid.fsproj", "{0208EA22-0362-4477-B636-9674E3E3340A}"
EndProject
Global
	GlobalSection(SolutionConfigurationPlatforms) = preSolution
		Debug|Any CPU = Debug|Any CPU
		Release|Any CPU = Release|Any CPU
	EndGlobalSection
	GlobalSection(SolutionProperties) = preSolution
		HideSolutionNode = FALSE
	EndGlobalSection
	GlobalSection(ProjectConfigurationPlatforms) = postSolution
		{13B84611-1D27-4002-92A7-B1F600962098}.Debug|Any CPU.ActiveCfg = Debug|Any CPU
		{13B84611-1D27-4002-92A7-B1F600962098}.Debug|Any CPU.Build.0 = Debug|Any CPU
		{13B84611-1D27-4002-92A7-B1F600962098}.Release|Any CPU.ActiveCfg = Release|Any CPU
		{13B84611-1D27-4002-92A7-B1F600962098}.Release|Any CPU.Build.0 = Release|Any CPU
		{AC35E64E-0590-4C05-9F3C-515AEB533EFE}.Debug|Any CPU.ActiveCfg = Debug|Any CPU
		{AC35E64E-0590-4C05-9F3C-515AEB533EFE}.Debug|Any CPU.Build.0 = Debug|Any CPU
		{AC35E64E-0590-4C05-9F3C-515AEB533EFE}.Release|Any CPU.ActiveCfg = Release|Any CPU
		{AC35E64E-0590-4C05-9F3C-515AEB533EFE}.Release|Any CPU.Build.0 = Release|Any CPU
		{7F3D8022-5F74-4DF8-A1E4-0893760A1B63}.Debug|Any CPU.ActiveCfg = Debug|Any CPU
		{7F3D8022-5F74-4DF8-A1E4-0893760A1B63}.Debug|Any CPU.Build.0 = Debug|Any CPU
		{7F3D8022-5F74-4DF8-A1E4-0893760A1B63}.Release|Any CPU.ActiveCfg = Release|Any CPU
		{7F3D8022-5F74-4DF8-A1E4-0893760A1B63}.Release|Any CPU.Build.0 = Release|Any CPU
		{42DE79D0-7F77-42DD-8C29-E66C2C46AA01}.Debug|Any CPU.ActiveCfg = Debug|Any CPU
		{42DE79D0-7F77-42DD-8C29-E66C2C46AA01}.Debug|Any CPU.Build.0 = Debug|Any CPU
		{42DE79D0-7F77-42DD-8C29-E66C2C46AA01}.Release|Any CPU.ActiveCfg = Release|Any CPU
		{42DE79D0-7F77-42DD-8C29-E66C2C46AA01}.Release|Any CPU.Build.0 = Release|Any CPU
		{0EDA3DD9-2D73-4D2E-A35D-95F69261602C}.Debug|Any CPU.ActiveCfg = Debug|Any CPU
		{0EDA3DD9-2D73-4D2E-A35D-95F69261602C}.Debug|Any CPU.Build.0 = Debug|Any CPU
		{0EDA3DD9-2D73-4D2E-A35D-95F69261602C}.Release|Any CPU.ActiveCfg = Release|Any CPU
		{0EDA3DD9-2D73-4D2E-A35D-95F69261602C}.Release|Any CPU.Build.0 = Release|Any CPU
		{0208EA22-0362-4477-B636-9674E3E3340A}.Debug|Any CPU.ActiveCfg = Debug|Any CPU
		{0208EA22-0362-4477-B636-9674E3E3340A}.Debug|Any CPU.Build.0 = Debug|Any CPU
		{0208EA22-0362-4477-B636-9674E3E3340A}.Release|Any CPU.ActiveCfg = Release|Any CPU
		{0208EA22-0362-4477-B636-9674E3E3340A}.Release|Any CPU.Build.0 = Release|Any CPU
	EndGlobalSection
	GlobalSection(NestedProjects) = preSolution
		{13B84611-1D27-4002-92A7-B1F600962098} = {1BD6D939-11A9-4A21-8B33-219E7B2C2557}
		{AC35E64E-0590-4C05-9F3C-515AEB533EFE} = {AA8B5812-628E-4D93-BABF-3AB528505B00}
		{7F3D8022-5F74-4DF8-A1E4-0893760A1B63} = {AA8B5812-628E-4D93-BABF-3AB528505B00}
		{42DE79D0-7F77-42DD-8C29-E66C2C46AA01} = {AA8B5812-628E-4D93-BABF-3AB528505B00}
		{0EDA3DD9-2D73-4D2E-A35D-95F69261602C} = {AA8B5812-628E-4D93-BABF-3AB528505B00}
		{0208EA22-0362-4477-B636-9674E3E3340A} = {AA8B5812-628E-4D93-BABF-3AB528505B00}
	EndGlobalSection
EndGlobal
