
Microsoft Visual Studio Solution File, Format Version 12.00
# Visual Studio Version 17
VisualStudioVersion = 17.0.31903.59
MinimumVisualStudioVersion = 10.0.40219.1
Project("{2150E333-8FDC-42A3-9474-1A3956D46DE8}") = "src", "src", "{60AC1554-2FB2-4AED-90F5-A4F99F7DDF5E}"
	ProjectSection(SolutionItems) = preProject
		Fabulous.Avalonia.props = src\Fabulous.Avalonia.props
	EndProjectSection
EndProject
Project("{F2A71F9B-5D33-465A-A702-920D77279786}") = "Fabulous.Avalonia", "src\Fabulous.Avalonia\Fabulous.Avalonia.fsproj", "{9EB9291D-09F8-43DD-9A95-154D4E6BA78E}"
EndProject
Project("{2150E333-8FDC-42A3-9474-1A3956D46DE8}") = "samples", "samples", "{8D513303-98F9-40AA-AFA7-D92D920F96DF}"
	ProjectSection(SolutionItems) = preProject
		samples\Fabulous.Avalonia.Samples.targets = samples\Fabulous.Avalonia.Samples.targets
	EndProjectSection
EndProject
Project("{2150E333-8FDC-42A3-9474-1A3956D46DE8}") = "_Solution Items", "_Solution Items", "{918B7439-7A5D-4581-9910-8C81780E0D32}"
	ProjectSection(SolutionItems) = preProject
		README.md = README.md
		.gitignore = .gitignore
								pull_request.yml = .github/workflows/pull_request.yml
								build.yml = .github/workflows/build.yml
								release.yml = .github/workflows/release.yml
		Directory.Packages.props = Directory.Packages.props
		src\Fabulous.Avalonia\CHANGELOG.md = src\Fabulous.Avalonia\CHANGELOG.md
		extensions\Fabulous.Avalonia.ItemsRepeater\CHANGELOG.md = extensions\Fabulous.Avalonia.ItemsRepeater\CHANGELOG.md
		extensions\Fabulous.Avalonia.ColorPicker\CHANGELOG.md = extensions\Fabulous.Avalonia.ColorPicker\CHANGELOG.md
		extensions\Fabulous.Avalonia.DataGrid\CHANGELOG.md = extensions\Fabulous.Avalonia.DataGrid\CHANGELOG.md
		templates\CHANGELOG.md = templates\CHANGELOG.md
		extensions\Fabulous.Avalonia.TreeDataGrid\CHANGELOG.md = extensions\Fabulous.Avalonia.TreeDataGrid\CHANGELOG.md
		Directory.Build.props = Directory.Build.props
		extensions\Fabulous.Avalonia.Diagnostics\CHANGELOG.md = extensions\Fabulous.Avalonia.Diagnostics\CHANGELOG.md
		extensions\Fabulous.Avalonia.Labs\CHANGELOG.md = extensions\Fabulous.Avalonia.Labs\CHANGELOG.md
	EndProjectSection
EndProject
Project("{F2A71F9B-5D33-465A-A702-920D77279786}") = "Gallery", "samples\Gallery\Gallery.fsproj", "{AADAEC1A-44A7-401C-8B5E-F5506A1AA5AB}"
EndProject
Project("{F2A71F9B-5D33-465A-A702-920D77279786}") = "Fabulous.Avalonia.Tests", "src\Fabulous.Avalonia.Tests\Fabulous.Avalonia.Tests.fsproj", "{ACA3C16C-4537-479A-B420-0718B2A2BF0B}"
EndProject
Project("{FAE04EC0-301F-11D3-BF4B-00C04F79EFBC}") = "ControlSamples", "samples\ControlSamples\ControlSamples.csproj", "{3438C2E8-8221-497B-9ED2-FA351459A7C2}"
EndProject
Project("{2150E333-8FDC-42A3-9474-1A3956D46DE8}") = "extensions", "extensions", "{B672FB45-6577-4721-8711-0EC28EE2E834}"
EndProject
Project("{F2A71F9B-5D33-465A-A702-920D77279786}") = "Fabulous.Avalonia.ColorPicker", "extensions\Fabulous.Avalonia.ColorPicker\Fabulous.Avalonia.ColorPicker.fsproj", "{4A407417-727A-4A0E-9704-B825DC7C45FB}"
EndProject
Project("{F2A71F9B-5D33-465A-A702-920D77279786}") = "Fabulous.Avalonia.DataGrid", "extensions\Fabulous.Avalonia.DataGrid\Fabulous.Avalonia.DataGrid.fsproj", "{F78C6BA2-5867-442D-AAC7-81110892AE05}"
EndProject
Project("{F2A71F9B-5D33-465A-A702-920D77279786}") = "Fabulous.Avalonia.ItemsRepeater", "extensions\Fabulous.Avalonia.ItemsRepeater\Fabulous.Avalonia.ItemsRepeater.fsproj", "{AFA2343C-1250-4B81-9E6F-48001BA9A516}"
EndProject
Project("{F2A71F9B-5D33-465A-A702-920D77279786}") = "Fabulous.Avalonia.TreeDataGrid", "extensions\Fabulous.Avalonia.TreeDataGrid\Fabulous.Avalonia.TreeDataGrid.fsproj", "{88BF2500-3A9E-406C-8726-40CE837D0F36}"
EndProject
Project("{F2A71F9B-5D33-465A-A702-920D77279786}") = "Playground", "samples\Playground\Playground.fsproj", "{482078C3-C228-42A4-9778-1FE856A95D82}"
EndProject
Project("{F2A71F9B-5D33-465A-A702-920D77279786}") = "Fabulous.Avalonia.Diagnostics", "extensions\Fabulous.Avalonia.Diagnostics\Fabulous.Avalonia.Diagnostics.fsproj", "{C4B5FB7F-D3A9-46A7-9EDF-317914F7172A}"
EndProject
Project("{F2A71F9B-5D33-465A-A702-920D77279786}") = "Fabulous.Avalonia.Labs", "extensions\Fabulous.Avalonia.Labs\Fabulous.Avalonia.Labs.fsproj", "{515EF57A-3301-4F58-81FE-723D44E20A72}"
EndProject
Global
	GlobalSection(SolutionConfigurationPlatforms) = preSolution
		Debug|Any CPU = Debug|Any CPU
		Release|Any CPU = Release|Any CPU
	EndGlobalSection
	GlobalSection(SolutionProperties) = preSolution
		HideSolutionNode = FALSE
	EndGlobalSection
	GlobalSection(ProjectConfigurationPlatforms) = postSolution
		{9EB9291D-09F8-43DD-9A95-154D4E6BA78E}.Debug|Any CPU.ActiveCfg = Debug|Any CPU
		{9EB9291D-09F8-43DD-9A95-154D4E6BA78E}.Release|Any CPU.ActiveCfg = Release|Any CPU
		{9EB9291D-09F8-43DD-9A95-154D4E6BA78E}.Debug|Any CPU.Build.0 = Debug|Any CPU
		{9EB9291D-09F8-43DD-9A95-154D4E6BA78E}.Release|Any CPU.Build.0 = Release|Any CPU
		{AADAEC1A-44A7-401C-8B5E-F5506A1AA5AB}.Debug|Any CPU.ActiveCfg = Debug|Any CPU
		{AADAEC1A-44A7-401C-8B5E-F5506A1AA5AB}.Debug|Any CPU.Build.0 = Debug|Any CPU
		{AADAEC1A-44A7-401C-8B5E-F5506A1AA5AB}.Release|Any CPU.ActiveCfg = Release|Any CPU
		{AADAEC1A-44A7-401C-8B5E-F5506A1AA5AB}.Release|Any CPU.Build.0 = Release|Any CPU
		{AADAEC1A-44A7-401C-8B5E-F5506A1AA5AB}.Debug|Any CPU.Deploy.0 = Debug|Any CPU
		{AADAEC1A-44A7-401C-8B5E-F5506A1AA5AB}.Release|Any CPU.Deploy.0 = Release|Any CPU
		{ACA3C16C-4537-479A-B420-0718B2A2BF0B}.Debug|Any CPU.ActiveCfg = Debug|Any CPU
		{ACA3C16C-4537-479A-B420-0718B2A2BF0B}.Release|Any CPU.ActiveCfg = Release|Any CPU
		{ACA3C16C-4537-479A-B420-0718B2A2BF0B}.Debug|Any CPU.Build.0 = Debug|Any CPU
		{ACA3C16C-4537-479A-B420-0718B2A2BF0B}.Release|Any CPU.Build.0 = Release|Any CPU
		{3438C2E8-8221-497B-9ED2-FA351459A7C2}.Debug|Any CPU.ActiveCfg = Debug|Any CPU
		{3438C2E8-8221-497B-9ED2-FA351459A7C2}.Debug|Any CPU.Build.0 = Debug|Any CPU
		{3438C2E8-8221-497B-9ED2-FA351459A7C2}.Release|Any CPU.ActiveCfg = Release|Any CPU
		{3438C2E8-8221-497B-9ED2-FA351459A7C2}.Release|Any CPU.Build.0 = Release|Any CPU
		{-9C33-4B42-931A-138EDA1AFA31}.Release|Any CPU.Build.0 = Release|Any CPU
		{4A407417-727A-4A0E-9704-B825DC7C45FB}.Debug|Any CPU.ActiveCfg = Debug|Any CPU
		{4A407417-727A-4A0E-9704-B825DC7C45FB}.Debug|Any CPU.Build.0 = Debug|Any CPU
		{4A407417-727A-4A0E-9704-B825DC7C45FB}.Release|Any CPU.ActiveCfg = Release|Any CPU
		{4A407417-727A-4A0E-9704-B825DC7C45FB}.Release|Any CPU.Build.0 = Release|Any CPU
		{F78C6BA2-5867-442D-AAC7-81110892AE05}.Debug|Any CPU.ActiveCfg = Debug|Any CPU
		{F78C6BA2-5867-442D-AAC7-81110892AE05}.Debug|Any CPU.Build.0 = Debug|Any CPU
		{F78C6BA2-5867-442D-AAC7-81110892AE05}.Release|Any CPU.ActiveCfg = Release|Any CPU
		{F78C6BA2-5867-442D-AAC7-81110892AE05}.Release|Any CPU.Build.0 = Release|Any CPU
		{AFA2343C-1250-4B81-9E6F-48001BA9A516}.Debug|Any CPU.ActiveCfg = Debug|Any CPU
		{AFA2343C-1250-4B81-9E6F-48001BA9A516}.Debug|Any CPU.Build.0 = Debug|Any CPU
		{AFA2343C-1250-4B81-9E6F-48001BA9A516}.Release|Any CPU.ActiveCfg = Release|Any CPU
		{AFA2343C-1250-4B81-9E6F-48001BA9A516}.Release|Any CPU.Build.0 = Release|Any CPU
		{88BF2500-3A9E-406C-8726-40CE837D0F36}.Debug|Any CPU.ActiveCfg = Debug|Any CPU
		{88BF2500-3A9E-406C-8726-40CE837D0F36}.Debug|Any CPU.Build.0 = Debug|Any CPU
		{88BF2500-3A9E-406C-8726-40CE837D0F36}.Release|Any CPU.ActiveCfg = Release|Any CPU
		{88BF2500-3A9E-406C-8726-40CE837D0F36}.Release|Any CPU.Build.0 = Release|Any CPU
		{482078C3-C228-42A4-9778-1FE856A95D82}.Debug|Any CPU.ActiveCfg = Debug|Any CPU
		{482078C3-C228-42A4-9778-1FE856A95D82}.Debug|Any CPU.Build.0 = Debug|Any CPU
		{482078C3-C228-42A4-9778-1FE856A95D82}.Release|Any CPU.ActiveCfg = Release|Any CPU
		{482078C3-C228-42A4-9778-1FE856A95D82}.Release|Any CPU.Build.0 = Release|Any CPU
		{C4B5FB7F-D3A9-46A7-9EDF-317914F7172A}.Debug|Any CPU.ActiveCfg = Debug|Any CPU
		{C4B5FB7F-D3A9-46A7-9EDF-317914F7172A}.Debug|Any CPU.Build.0 = Debug|Any CPU
		{C4B5FB7F-D3A9-46A7-9EDF-317914F7172A}.Release|Any CPU.ActiveCfg = Release|Any CPU
		{C4B5FB7F-D3A9-46A7-9EDF-317914F7172A}.Release|Any CPU.Build.0 = Release|Any CPU
		{515EF57A-3301-4F58-81FE-723D44E20A72}.Debug|Any CPU.ActiveCfg = Debug|Any CPU
		{515EF57A-3301-4F58-81FE-723D44E20A72}.Debug|Any CPU.Build.0 = Debug|Any CPU
		{515EF57A-3301-4F58-81FE-723D44E20A72}.Release|Any CPU.ActiveCfg = Release|Any CPU
		{515EF57A-3301-4F58-81FE-723D44E20A72}.Release|Any CPU.Build.0 = Release|Any CPU
	EndGlobalSection
	GlobalSection(NestedProjects) = preSolution
		{9EB9291D-09F8-43DD-9A95-154D4E6BA78E} = {60AC1554-2FB2-4AED-90F5-A4F99F7DDF5E}
		{AADAEC1A-44A7-401C-8B5E-F5506A1AA5AB} = {8D513303-98F9-40AA-AFA7-D92D920F96DF}
		{ACA3C16C-4537-479A-B420-0718B2A2BF0B} = {60AC1554-2FB2-4AED-90F5-A4F99F7DDF5E}
		{3438C2E8-8221-497B-9ED2-FA351459A7C2} = {8D513303-98F9-40AA-AFA7-D92D920F96DF}
		{4A407417-727A-4A0E-9704-B825DC7C45FB} = {B672FB45-6577-4721-8711-0EC28EE2E834}
		{F78C6BA2-5867-442D-AAC7-81110892AE05} = {B672FB45-6577-4721-8711-0EC28EE2E834}
		{AFA2343C-1250-4B81-9E6F-48001BA9A516} = {B672FB45-6577-4721-8711-0EC28EE2E834}
		{88BF2500-3A9E-406C-8726-40CE837D0F36} = {B672FB45-6577-4721-8711-0EC28EE2E834}
		{482078C3-C228-42A4-9778-1FE856A95D82} = {8D513303-98F9-40AA-AFA7-D92D920F96DF}
		{C4B5FB7F-D3A9-46A7-9EDF-317914F7172A} = {B672FB45-6577-4721-8711-0EC28EE2E834}
		{515EF57A-3301-4F58-81FE-723D44E20A72} = {B672FB45-6577-4721-8711-0EC28EE2E834}
	EndGlobalSection
EndGlobal
