
Microsoft Visual Studio Solution File, Format Version 12.00
Project("{2150E333-8FDC-42A3-9474-1A3956D46DE8}") = "Mvu", "Mvu", "{4E3F0590-7C7E-4891-A6FE-634468C99313}"
EndProject
Project("{2150E333-8FDC-42A3-9474-1A3956D46DE8}") = "Component", "Component", "{235D1041-3D82-4E43-BB85-334ED0130077}"
EndProject
Project("{F2A71F9B-5D33-465A-A702-920D77279786}") = "CounterApp", "samples\Mvu\CounterApp\CounterApp.fsproj", "{2B882B7C-3932-4F27-804C-2E3A0A9D0C2F}"
EndProject
Project("{F2A71F9B-5D33-465A-A702-920D77279786}") = "DrawingApp", "samples\Mvu\DrawingApp\DrawingApp.fsproj", "{CE76D7A4-3565-403E-A589-5AE92F3765AE}"
EndProject
Project("{F2A71F9B-5D33-465A-A702-920D77279786}") = "GameOfLife", "samples\Mvu\GameOfLife\GameOfLife.fsproj", "{EC4B4E68-0BC2-434F-BAFA-9B9CE6E18556}"
EndProject
Project("{F2A71F9B-5D33-465A-A702-920D77279786}") = "GitHubClient", "samples\Mvu\GitHubClient\GitHubClient.fsproj", "{BC1FCE91-9AEE-4B9A-A09B-EF544C4F79E0}"
EndProject
Project("{F2A71F9B-5D33-465A-A702-920D77279786}") = "Tetris", "samples\Mvu\Tetris\Tetris.fsproj", "{8F6F232F-C28D-4A6A-877D-2A55149C35C3}"
EndProject
Project("{F2A71F9B-5D33-465A-A702-920D77279786}") = "TicTacToe", "samples\Mvu\TicTacToe\TicTacToe.fsproj", "{364882E8-3D37-4BA3-AD1A-A2EA424E90AB}"
EndProject
Project("{2150E333-8FDC-42A3-9474-1A3956D46DE8}") = "Navigation", "Navigation", "{24EADCE7-78C6-4A4A-AFFA-081441AF95D9}"
EndProject
Project("{F2A71F9B-5D33-465A-A702-920D77279786}") = "BasicNavigation", "samples\Mvu\Navigation\BasicNavigation\BasicNavigation.fsproj", "{E074CC4F-8F11-47D9-AFAD-ECF318EEA925}"
EndProject
Project("{F2A71F9B-5D33-465A-A702-920D77279786}") = "CounterApp", "samples\Component\CounterApp\CounterApp.fsproj", "{0E96853C-7981-446D-8FD9-E99281669072}"
EndProject
Project("{F2A71F9B-5D33-465A-A702-920D77279786}") = "DrawingApp", "samples\Component\DrawingApp\DrawingApp.fsproj", "{0508A7C3-1F43-46EE-8DDC-CD3BD2D90927}"
EndProject
Project("{F2A71F9B-5D33-465A-A702-920D77279786}") = "TicTacToe", "samples\Component\TicTacToe\TicTacToe.fsproj", "{B014757F-B5EC-480A-955F-44CF1FC122D8}"
EndProject
Project("{2150E333-8FDC-42A3-9474-1A3956D46DE8}") = "Navigation", "Navigation", "{56059AFE-9469-497E-9BFB-F98E889EC9CF}"
EndProject
Project("{F2A71F9B-5D33-465A-A702-920D77279786}") = "BasicNavigation", "samples\Component\Navigation\BasicNavigation\BasicNavigation.fsproj", "{3D56601F-5DF3-4F49-A71D-A8B3363138A6}"
EndProject
Project("{2150E333-8FDC-42A3-9474-1A3956D46DE8}") = "_Solution Items", "_Solution Items", "{FDAA9907-3247-478B-B123-840BE8749E74}"
	ProjectSection(SolutionItems) = preProject
		Directory.Packages.props = Directory.Packages.props
		README.md = README.md
		global.json = global.json
		Directory.Build.props = Directory.Build.props
	EndProjectSection
EndProject
Project("{F2A71F9B-5D33-465A-A702-920D77279786}") = "Tetris", "samples\Component\Tetris\Tetris.fsproj", "{48A8F92E-CFAD-4B35-9DD4-D3110E259AE6}"
EndProject
Project("{F2A71F9B-5D33-465A-A702-920D77279786}") = "TestableApp", "samples\TestableApp\TestableApp.fsproj", "{A9902E3A-53B8-4864-8587-5E37D9934631}"
EndProject
Project("{F2A71F9B-5D33-465A-A702-920D77279786}") = "TestableApp.Headless.XUnit", "samples\TestableApp.Headless.XUnit\TestableApp.Headless.XUnit.fsproj", "{335C0A9D-C11F-42B4-8FA1-F549C8F65381}"
EndProject
Project("{F2A71F9B-5D33-465A-A702-920D77279786}") = "TestableApp.UnitTests", "samples\TestableApp.UnitTests\TestableApp.UnitTests.fsproj", "{89CE91F9-AFF2-4CD2-BFD0-AC4C781887F2}"
EndProject
Project("{F2A71F9B-5D33-465A-A702-920D77279786}") = "Fabulous.Avalonia", "src\Fabulous.Avalonia\Fabulous.Avalonia.fsproj", "{31D47096-FBF7-4A74-A302-011B9608C32E}"
EndProject
Project("{F2A71F9B-5D33-465A-A702-920D77279786}") = "Fabulous.Avalonia.Labs", "extensions\Fabulous.Avalonia.Labs\Fabulous.Avalonia.Labs.fsproj", "{992E1416-7747-4E03-98F5-F608C135C635}"
EndProject
Project("{F2A71F9B-5D33-465A-A702-920D77279786}") = "MultiWindow", "samples\Mvu\MultiWindow\MultiWindow.fsproj", "{4084238B-E34C-4CE6-9C77-0A4B4EACE9E0}"
EndProject
Project("{F2A71F9B-5D33-465A-A702-920D77279786}") = "MultiWindow", "samples\Component\MultiWindow\MultiWindow.fsproj", "{3C44C987-93A1-4F18-972D-B071ECDB2AF2}"
EndProject
Global
	GlobalSection(SolutionConfigurationPlatforms) = preSolution
		Debug|Any CPU = Debug|Any CPU
		Release|Any CPU = Release|Any CPU
	EndGlobalSection
	GlobalSection(NestedProjects) = preSolution
		{2B882B7C-3932-4F27-804C-2E3A0A9D0C2F} = {4E3F0590-7C7E-4891-A6FE-634468C99313}
		{CE76D7A4-3565-403E-A589-5AE92F3765AE} = {4E3F0590-7C7E-4891-A6FE-634468C99313}
		{EC4B4E68-0BC2-434F-BAFA-9B9CE6E18556} = {4E3F0590-7C7E-4891-A6FE-634468C99313}
		{BC1FCE91-9AEE-4B9A-A09B-EF544C4F79E0} = {4E3F0590-7C7E-4891-A6FE-634468C99313}
		{8F6F232F-C28D-4A6A-877D-2A55149C35C3} = {4E3F0590-7C7E-4891-A6FE-634468C99313}
		{364882E8-3D37-4BA3-AD1A-A2EA424E90AB} = {4E3F0590-7C7E-4891-A6FE-634468C99313}
		{24EADCE7-78C6-4A4A-AFFA-081441AF95D9} = {4E3F0590-7C7E-4891-A6FE-634468C99313}
		{E074CC4F-8F11-47D9-AFAD-ECF318EEA925} = {24EADCE7-78C6-4A4A-AFFA-081441AF95D9}
		{0E96853C-7981-446D-8FD9-E99281669072} = {235D1041-3D82-4E43-BB85-334ED0130077}
		{0508A7C3-1F43-46EE-8DDC-CD3BD2D90927} = {235D1041-3D82-4E43-BB85-334ED0130077}
		{B014757F-B5EC-480A-955F-44CF1FC122D8} = {235D1041-3D82-4E43-BB85-334ED0130077}
		{56059AFE-9469-497E-9BFB-F98E889EC9CF} = {235D1041-3D82-4E43-BB85-334ED0130077}
		{3D56601F-5DF3-4F49-A71D-A8B3363138A6} = {56059AFE-9469-497E-9BFB-F98E889EC9CF}
		{48A8F92E-CFAD-4B35-9DD4-D3110E259AE6} = {235D1041-3D82-4E43-BB85-334ED0130077}
		{4084238B-E34C-4CE6-9C77-0A4B4EACE9E0} = {4E3F0590-7C7E-4891-A6FE-634468C99313}
		{3C44C987-93A1-4F18-972D-B071ECDB2AF2} = {235D1041-3D82-4E43-BB85-334ED0130077}
	EndGlobalSection
	GlobalSection(ProjectConfigurationPlatforms) = postSolution
		{2B882B7C-3932-4F27-804C-2E3A0A9D0C2F}.Debug|Any CPU.ActiveCfg = Debug|Any CPU
		{2B882B7C-3932-4F27-804C-2E3A0A9D0C2F}.Debug|Any CPU.Build.0 = Debug|Any CPU
		{2B882B7C-3932-4F27-804C-2E3A0A9D0C2F}.Release|Any CPU.ActiveCfg = Release|Any CPU
		{2B882B7C-3932-4F27-804C-2E3A0A9D0C2F}.Release|Any CPU.Build.0 = Release|Any CPU
		{CE76D7A4-3565-403E-A589-5AE92F3765AE}.Debug|Any CPU.ActiveCfg = Debug|Any CPU
		{CE76D7A4-3565-403E-A589-5AE92F3765AE}.Debug|Any CPU.Build.0 = Debug|Any CPU
		{CE76D7A4-3565-403E-A589-5AE92F3765AE}.Release|Any CPU.ActiveCfg = Release|Any CPU
		{CE76D7A4-3565-403E-A589-5AE92F3765AE}.Release|Any CPU.Build.0 = Release|Any CPU
		{EC4B4E68-0BC2-434F-BAFA-9B9CE6E18556}.Debug|Any CPU.ActiveCfg = Debug|Any CPU
		{EC4B4E68-0BC2-434F-BAFA-9B9CE6E18556}.Debug|Any CPU.Build.0 = Debug|Any CPU
		{EC4B4E68-0BC2-434F-BAFA-9B9CE6E18556}.Release|Any CPU.ActiveCfg = Release|Any CPU
		{EC4B4E68-0BC2-434F-BAFA-9B9CE6E18556}.Release|Any CPU.Build.0 = Release|Any CPU
		{BC1FCE91-9AEE-4B9A-A09B-EF544C4F79E0}.Debug|Any CPU.ActiveCfg = Debug|Any CPU
		{BC1FCE91-9AEE-4B9A-A09B-EF544C4F79E0}.Debug|Any CPU.Build.0 = Debug|Any CPU
		{BC1FCE91-9AEE-4B9A-A09B-EF544C4F79E0}.Release|Any CPU.ActiveCfg = Release|Any CPU
		{BC1FCE91-9AEE-4B9A-A09B-EF544C4F79E0}.Release|Any CPU.Build.0 = Release|Any CPU
		{8F6F232F-C28D-4A6A-877D-2A55149C35C3}.Debug|Any CPU.ActiveCfg = Debug|Any CPU
		{8F6F232F-C28D-4A6A-877D-2A55149C35C3}.Debug|Any CPU.Build.0 = Debug|Any CPU
		{8F6F232F-C28D-4A6A-877D-2A55149C35C3}.Release|Any CPU.ActiveCfg = Release|Any CPU
		{8F6F232F-C28D-4A6A-877D-2A55149C35C3}.Release|Any CPU.Build.0 = Release|Any CPU
		{364882E8-3D37-4BA3-AD1A-A2EA424E90AB}.Debug|Any CPU.ActiveCfg = Debug|Any CPU
		{364882E8-3D37-4BA3-AD1A-A2EA424E90AB}.Debug|Any CPU.Build.0 = Debug|Any CPU
		{364882E8-3D37-4BA3-AD1A-A2EA424E90AB}.Release|Any CPU.ActiveCfg = Release|Any CPU
		{364882E8-3D37-4BA3-AD1A-A2EA424E90AB}.Release|Any CPU.Build.0 = Release|Any CPU
		{E074CC4F-8F11-47D9-AFAD-ECF318EEA925}.Debug|Any CPU.ActiveCfg = Debug|Any CPU
		{E074CC4F-8F11-47D9-AFAD-ECF318EEA925}.Debug|Any CPU.Build.0 = Debug|Any CPU
		{E074CC4F-8F11-47D9-AFAD-ECF318EEA925}.Release|Any CPU.ActiveCfg = Release|Any CPU
		{E074CC4F-8F11-47D9-AFAD-ECF318EEA925}.Release|Any CPU.Build.0 = Release|Any CPU
		{0E96853C-7981-446D-8FD9-E99281669072}.Debug|Any CPU.ActiveCfg = Debug|Any CPU
		{0E96853C-7981-446D-8FD9-E99281669072}.Debug|Any CPU.Build.0 = Debug|Any CPU
		{0E96853C-7981-446D-8FD9-E99281669072}.Release|Any CPU.ActiveCfg = Release|Any CPU
		{0E96853C-7981-446D-8FD9-E99281669072}.Release|Any CPU.Build.0 = Release|Any CPU
		{0508A7C3-1F43-46EE-8DDC-CD3BD2D90927}.Debug|Any CPU.ActiveCfg = Debug|Any CPU
		{0508A7C3-1F43-46EE-8DDC-CD3BD2D90927}.Debug|Any CPU.Build.0 = Debug|Any CPU
		{0508A7C3-1F43-46EE-8DDC-CD3BD2D90927}.Release|Any CPU.ActiveCfg = Release|Any CPU
		{0508A7C3-1F43-46EE-8DDC-CD3BD2D90927}.Release|Any CPU.Build.0 = Release|Any CPU
		{B014757F-B5EC-480A-955F-44CF1FC122D8}.Debug|Any CPU.ActiveCfg = Debug|Any CPU
		{B014757F-B5EC-480A-955F-44CF1FC122D8}.Debug|Any CPU.Build.0 = Debug|Any CPU
		{B014757F-B5EC-480A-955F-44CF1FC122D8}.Release|Any CPU.ActiveCfg = Release|Any CPU
		{B014757F-B5EC-480A-955F-44CF1FC122D8}.Release|Any CPU.Build.0 = Release|Any CPU
		{3D56601F-5DF3-4F49-A71D-A8B3363138A6}.Debug|Any CPU.ActiveCfg = Debug|Any CPU
		{3D56601F-5DF3-4F49-A71D-A8B3363138A6}.Debug|Any CPU.Build.0 = Debug|Any CPU
		{3D56601F-5DF3-4F49-A71D-A8B3363138A6}.Release|Any CPU.ActiveCfg = Release|Any CPU
		{3D56601F-5DF3-4F49-A71D-A8B3363138A6}.Release|Any CPU.Build.0 = Release|Any CPU
		{48A8F92E-CFAD-4B35-9DD4-D3110E259AE6}.Debug|Any CPU.ActiveCfg = Debug|Any CPU
		{48A8F92E-CFAD-4B35-9DD4-D3110E259AE6}.Debug|Any CPU.Build.0 = Debug|Any CPU
		{48A8F92E-CFAD-4B35-9DD4-D3110E259AE6}.Release|Any CPU.ActiveCfg = Release|Any CPU
		{48A8F92E-CFAD-4B35-9DD4-D3110E259AE6}.Release|Any CPU.Build.0 = Release|Any CPU
		{A9902E3A-53B8-4864-8587-5E37D9934631}.Debug|Any CPU.ActiveCfg = Debug|Any CPU
		{A9902E3A-53B8-4864-8587-5E37D9934631}.Debug|Any CPU.Build.0 = Debug|Any CPU
		{A9902E3A-53B8-4864-8587-5E37D9934631}.Release|Any CPU.ActiveCfg = Release|Any CPU
		{A9902E3A-53B8-4864-8587-5E37D9934631}.Release|Any CPU.Build.0 = Release|Any CPU
		{335C0A9D-C11F-42B4-8FA1-F549C8F65381}.Debug|Any CPU.ActiveCfg = Debug|Any CPU
		{335C0A9D-C11F-42B4-8FA1-F549C8F65381}.Debug|Any CPU.Build.0 = Debug|Any CPU
		{335C0A9D-C11F-42B4-8FA1-F549C8F65381}.Release|Any CPU.ActiveCfg = Release|Any CPU
		{335C0A9D-C11F-42B4-8FA1-F549C8F65381}.Release|Any CPU.Build.0 = Release|Any CPU
		{89CE91F9-AFF2-4CD2-BFD0-AC4C781887F2}.Debug|Any CPU.ActiveCfg = Debug|Any CPU
		{89CE91F9-AFF2-4CD2-BFD0-AC4C781887F2}.Debug|Any CPU.Build.0 = Debug|Any CPU
		{89CE91F9-AFF2-4CD2-BFD0-AC4C781887F2}.Release|Any CPU.ActiveCfg = Release|Any CPU
		{89CE91F9-AFF2-4CD2-BFD0-AC4C781887F2}.Release|Any CPU.Build.0 = Release|Any CPU
		{31D47096-FBF7-4A74-A302-011B9608C32E}.Debug|Any CPU.ActiveCfg = Debug|Any CPU
		{31D47096-FBF7-4A74-A302-011B9608C32E}.Debug|Any CPU.Build.0 = Debug|Any CPU
		{31D47096-FBF7-4A74-A302-011B9608C32E}.Release|Any CPU.ActiveCfg = Release|Any CPU
		{31D47096-FBF7-4A74-A302-011B9608C32E}.Release|Any CPU.Build.0 = Release|Any CPU
		{992E1416-7747-4E03-98F5-F608C135C635}.Debug|Any CPU.ActiveCfg = Debug|Any CPU
		{992E1416-7747-4E03-98F5-F608C135C635}.Debug|Any CPU.Build.0 = Debug|Any CPU
		{992E1416-7747-4E03-98F5-F608C135C635}.Release|Any CPU.ActiveCfg = Release|Any CPU
		{992E1416-7747-4E03-98F5-F608C135C635}.Release|Any CPU.Build.0 = Release|Any CPU
		{4084238B-E34C-4CE6-9C77-0A4B4EACE9E0}.Debug|Any CPU.ActiveCfg = Debug|Any CPU
		{4084238B-E34C-4CE6-9C77-0A4B4EACE9E0}.Debug|Any CPU.Build.0 = Debug|Any CPU
		{4084238B-E34C-4CE6-9C77-0A4B4EACE9E0}.Release|Any CPU.ActiveCfg = Release|Any CPU
		{4084238B-E34C-4CE6-9C77-0A4B4EACE9E0}.Release|Any CPU.Build.0 = Release|Any CPU
		{3C44C987-93A1-4F18-972D-B071ECDB2AF2}.Debug|Any CPU.ActiveCfg = Debug|Any CPU
		{3C44C987-93A1-4F18-972D-B071ECDB2AF2}.Debug|Any CPU.Build.0 = Debug|Any CPU
		{3C44C987-93A1-4F18-972D-B071ECDB2AF2}.Release|Any CPU.ActiveCfg = Release|Any CPU
		{3C44C987-93A1-4F18-972D-B071ECDB2AF2}.Release|Any CPU.Build.0 = Release|Any CPU
	EndGlobalSection
EndGlobal
