
Microsoft Visual Studio Solution File, Format Version 12.00
# Visual Studio Version 16
VisualStudioVersion = 16.0.30114.105
MinimumVisualStudioVersion = 10.0.40219.1
Project("{F2A71F9B-5D33-465A-A702-920D77279786}") = "NewApp", "NewApp\NewApp.fsproj", "{99E19497-29A6-4B77-B773-BEC55F9B55DC}"
EndProject
Project("{F2A71F9B-5D33-465A-A702-920D77279786}") = "NewApp.iOS", "NewApp.iOS\NewApp.iOS.fsproj", "{1069F96F-A42B-4CD8-8FA1-7F047C726B88}"
EndProject
Global
    GlobalSection(SolutionConfigurationPlatforms) = preSolution
        Debug|Any CPU = Debug|Any CPU
        Release|Any CPU = Release|Any CPU
        Debug|iPhoneSimulator = Debug|iPhoneSimulator
        Release|iPhoneSimulator = Release|iPhoneSimulator
        Debug|iPhone = Debug|iPhone
        Release|iPhone = Release|iPhone
        Ad-Hoc|iPhone = Ad-Hoc|iPhone
        AppStore|iPhone = AppStore|iPhone
    EndGlobalSection
    GlobalSection(SolutionProperties) = preSolution
        HideSolutionNode = FALSE
    EndGlobalSection
    GlobalSection(ProjectConfigurationPlatforms) = postSolution
        {99E19497-29A6-4B77-B773-BEC55F9B55DC}.Debug|Any CPU.ActiveCfg = Debug|Any CPU
        {99E19497-29A6-4B77-B773-BEC55F9B55DC}.Debug|Any CPU.Build.0 = Debug|Any CPU
        {99E19497-29A6-4B77-B773-BEC55F9B55DC}.Release|Any CPU.ActiveCfg = Release|Any CPU
        {99E19497-29A6-4B77-B773-BEC55F9B55DC}.Release|Any CPU.Build.0 = Release|Any CPU
        {1069F96F-A42B-4CD8-8FA1-7F047C726B88}.Debug|Any CPU.ActiveCfg = Debug|iPhoneSimulator
        {1069F96F-A42B-4CD8-8FA1-7F047C726B88}.Debug|Any CPU.Build.0 = Debug|iPhoneSimulator
        {1069F96F-A42B-4CD8-8FA1-7F047C726B88}.Release|Any CPU.ActiveCfg = Release|iPhoneSimulator
        {1069F96F-A42B-4CD8-8FA1-7F047C726B88}.Release|Any CPU.Build.0 = Release|iPhoneSimulator
        {1069F96F-A42B-4CD8-8FA1-7F047C726B88}.Debug|iPhoneSimulator.ActiveCfg = Debug|iPhoneSimulator
        {1069F96F-A42B-4CD8-8FA1-7F047C726B88}.Debug|iPhoneSimulator.Build.0 = Debug|iPhoneSimulator
        {1069F96F-A42B-4CD8-8FA1-7F047C726B88}.Release|iPhoneSimulator.ActiveCfg = Release|iPhoneSimulator
        {1069F96F-A42B-4CD8-8FA1-7F047C726B88}.Release|iPhoneSimulator.Build.0 = Release|iPhoneSimulator
        {1069F96F-A42B-4CD8-8FA1-7F047C726B88}.Debug|iPhone.ActiveCfg = Debug|iPhone
        {1069F96F-A42B-4CD8-8FA1-7F047C726B88}.Debug|iPhone.Build.0 = Debug|iPhone
        {1069F96F-A42B-4CD8-8FA1-7F047C726B88}.Release|iPhone.ActiveCfg = Release|iPhone
        {1069F96F-A42B-4CD8-8FA1-7F047C726B88}.Release|iPhone.Build.0 = Release|iPhone
        {1069F96F-A42B-4CD8-8FA1-7F047C726B88}.Ad-Hoc|iPhone.ActiveCfg = Ad-Hoc|iPhone
        {1069F96F-A42B-4CD8-8FA1-7F047C726B88}.Ad-Hoc|iPhone.Build.0 = Ad-Hoc|iPhone
        {1069F96F-A42B-4CD8-8FA1-7F047C726B88}.AppStore|iPhone.ActiveCfg = AppStore|iPhone
        {1069F96F-A42B-4CD8-8FA1-7F047C726B88}.AppStore|iPhone.Build.0 = AppStore|iPhone
    EndGlobalSection
EndGlobal
