
Microsoft Visual Studio Solution File, Format Version 12.00
# Visual Studio 15
VisualStudioVersion = 15.0.26730.10
MinimumVisualStudioVersion = 10.0.40219.1

Project("{6EC3EE1D-3C4E-46DD-8F32-0CC8E7565705}") = "NewApp", "NewApp\NewApp.fsproj", "{99E19497-29A6-4B77-B773-BEC55F9B55DC}"
EndProject

#//#if (Android)
Project("{F2A71F9B-5D33-465A-A702-920D77279786}") = "NewApp.Android", "NewApp.Android\NewApp.Android.fsproj", "{8D9F8CF0-E178-402D-8D40-A88B7B5F3D42}"
EndProject
#//#endif

#//#if (GTK)
Project("{F2A71F9B-5D33-465A-A702-920D77279786}") = "NewApp.Gtk", "NewApp.Gtk\NewApp.Gtk.fsproj", "{E9A5BEFA-0E53-40B7-B2F8-DDB8369E644D}"
EndProject
#//#endif

#//#if (iOS)
Project("{F2A71F9B-5D33-465A-A702-920D77279786}") = "NewApp.iOS", "NewApp.iOS\NewApp.iOS.fsproj", "{91D74A40-E440-42AD-B51F-C2D641C49384}"
EndProject
#//#endif

#//#if (macOS)
Project("{F2A71F9B-5D33-465A-A702-920D77279786}") = "NewApp.macOS", "NewApp.macOS\NewApp.macOS.fsproj", "{B445DF73-AC9E-4276-9FBA-7CB5AD5D2518}"
EndProject
#//#endif

#//#if (WPF)
Project("{F2A71F9B-5D33-465A-A702-920D77279786}") = "NewApp.WPF", "NewApp.WPF\NewApp.WPF.fsproj", "{3EA9E612-E717-4E55-9034-DE653429FEFD}"
EndProject
#//#endif

#//#if (UWP)
Project("{FAE04EC0-301F-11D3-BF4B-00C04F79EFBC}") = "NewApp.UWP", "NewApp.UWP\NewApp.UWP.csproj", "{2B1FDFB6-C93C-4CA1-A6AB-528C4B3654B9}"
EndProject
#//#endif

Global
	GlobalSection(SolutionConfigurationPlatforms) = preSolution
		Ad-Hoc|Any CPU = Ad-Hoc|Any CPU
		Ad-Hoc|ARM = Ad-Hoc|ARM
		Ad-Hoc|iPhone = Ad-Hoc|iPhone
		Ad-Hoc|iPhoneSimulator = Ad-Hoc|iPhoneSimulator
		Ad-Hoc|x64 = Ad-Hoc|x64
		Ad-Hoc|x86 = Ad-Hoc|x86
		AppStore|Any CPU = AppStore|Any CPU
		AppStore|ARM = AppStore|ARM
		AppStore|iPhone = AppStore|iPhone
		AppStore|iPhoneSimulator = AppStore|iPhoneSimulator
		AppStore|x64 = AppStore|x64
		AppStore|x86 = AppStore|x86
		Debug|Any CPU = Debug|Any CPU
		Debug|ARM = Debug|ARM
		Debug|iPhone = Debug|iPhone
		Debug|iPhoneSimulator = Debug|iPhoneSimulator
		Debug|x64 = Debug|x64
		Debug|x86 = Debug|x86
		Release|Any CPU = Release|Any CPU
		Release|ARM = Release|ARM
		Release|iPhone = Release|iPhone
		Release|iPhoneSimulator = Release|iPhoneSimulator
		Release|x64 = Release|x64
		Release|x86 = Release|x86
	EndGlobalSection
	GlobalSection(ProjectConfigurationPlatforms) = postSolution
		{99E19497-29A6-4B77-B773-BEC55F9B55DC}.Ad-Hoc|Any CPU.ActiveCfg = Debug|Any CPU
		{99E19497-29A6-4B77-B773-BEC55F9B55DC}.Ad-Hoc|Any CPU.Build.0 = Debug|Any CPU
		{99E19497-29A6-4B77-B773-BEC55F9B55DC}.Ad-Hoc|ARM.ActiveCfg = Debug|Any CPU
		{99E19497-29A6-4B77-B773-BEC55F9B55DC}.Ad-Hoc|ARM.Build.0 = Debug|Any CPU
		{99E19497-29A6-4B77-B773-BEC55F9B55DC}.Ad-Hoc|iPhone.ActiveCfg = Debug|Any CPU
		{99E19497-29A6-4B77-B773-BEC55F9B55DC}.Ad-Hoc|iPhone.Build.0 = Debug|Any CPU
		{99E19497-29A6-4B77-B773-BEC55F9B55DC}.Ad-Hoc|iPhoneSimulator.ActiveCfg = Debug|Any CPU
		{99E19497-29A6-4B77-B773-BEC55F9B55DC}.Ad-Hoc|iPhoneSimulator.Build.0 = Debug|Any CPU
		{99E19497-29A6-4B77-B773-BEC55F9B55DC}.Ad-Hoc|x64.ActiveCfg = Debug|Any CPU
		{99E19497-29A6-4B77-B773-BEC55F9B55DC}.Ad-Hoc|x64.Build.0 = Debug|Any CPU
		{99E19497-29A6-4B77-B773-BEC55F9B55DC}.Ad-Hoc|x86.ActiveCfg = Debug|Any CPU
		{99E19497-29A6-4B77-B773-BEC55F9B55DC}.Ad-Hoc|x86.Build.0 = Debug|Any CPU
		{99E19497-29A6-4B77-B773-BEC55F9B55DC}.AppStore|Any CPU.ActiveCfg = Debug|Any CPU
		{99E19497-29A6-4B77-B773-BEC55F9B55DC}.AppStore|Any CPU.Build.0 = Debug|Any CPU
		{99E19497-29A6-4B77-B773-BEC55F9B55DC}.AppStore|ARM.ActiveCfg = Debug|Any CPU
		{99E19497-29A6-4B77-B773-BEC55F9B55DC}.AppStore|ARM.Build.0 = Debug|Any CPU
		{99E19497-29A6-4B77-B773-BEC55F9B55DC}.AppStore|iPhone.ActiveCfg = Debug|Any CPU
		{99E19497-29A6-4B77-B773-BEC55F9B55DC}.AppStore|iPhone.Build.0 = Debug|Any CPU
		{99E19497-29A6-4B77-B773-BEC55F9B55DC}.AppStore|iPhoneSimulator.ActiveCfg = Debug|Any CPU
		{99E19497-29A6-4B77-B773-BEC55F9B55DC}.AppStore|iPhoneSimulator.Build.0 = Debug|Any CPU
		{99E19497-29A6-4B77-B773-BEC55F9B55DC}.AppStore|x64.ActiveCfg = Debug|Any CPU
		{99E19497-29A6-4B77-B773-BEC55F9B55DC}.AppStore|x64.Build.0 = Debug|Any CPU
		{99E19497-29A6-4B77-B773-BEC55F9B55DC}.AppStore|x86.ActiveCfg = Debug|Any CPU
		{99E19497-29A6-4B77-B773-BEC55F9B55DC}.AppStore|x86.Build.0 = Debug|Any CPU
		{99E19497-29A6-4B77-B773-BEC55F9B55DC}.Debug|Any CPU.ActiveCfg = Debug|Any CPU
		{99E19497-29A6-4B77-B773-BEC55F9B55DC}.Debug|Any CPU.Build.0 = Debug|Any CPU
		{99E19497-29A6-4B77-B773-BEC55F9B55DC}.Debug|ARM.ActiveCfg = Debug|Any CPU
		{99E19497-29A6-4B77-B773-BEC55F9B55DC}.Debug|ARM.Build.0 = Debug|Any CPU
		{99E19497-29A6-4B77-B773-BEC55F9B55DC}.Debug|iPhone.ActiveCfg = Debug|Any CPU
		{99E19497-29A6-4B77-B773-BEC55F9B55DC}.Debug|iPhone.Build.0 = Debug|Any CPU
		{99E19497-29A6-4B77-B773-BEC55F9B55DC}.Debug|iPhoneSimulator.ActiveCfg = Debug|Any CPU
		{99E19497-29A6-4B77-B773-BEC55F9B55DC}.Debug|iPhoneSimulator.Build.0 = Debug|Any CPU
		{99E19497-29A6-4B77-B773-BEC55F9B55DC}.Debug|x64.ActiveCfg = Debug|Any CPU
		{99E19497-29A6-4B77-B773-BEC55F9B55DC}.Debug|x64.Build.0 = Debug|Any CPU
		{99E19497-29A6-4B77-B773-BEC55F9B55DC}.Debug|x86.ActiveCfg = Debug|Any CPU
		{99E19497-29A6-4B77-B773-BEC55F9B55DC}.Debug|x86.Build.0 = Debug|Any CPU
		{99E19497-29A6-4B77-B773-BEC55F9B55DC}.Release|Any CPU.ActiveCfg = Release|Any CPU
		{99E19497-29A6-4B77-B773-BEC55F9B55DC}.Release|Any CPU.Build.0 = Release|Any CPU
		{99E19497-29A6-4B77-B773-BEC55F9B55DC}.Release|ARM.ActiveCfg = Release|Any CPU
		{99E19497-29A6-4B77-B773-BEC55F9B55DC}.Release|ARM.Build.0 = Release|Any CPU
		{99E19497-29A6-4B77-B773-BEC55F9B55DC}.Release|iPhone.ActiveCfg = Release|Any CPU
		{99E19497-29A6-4B77-B773-BEC55F9B55DC}.Release|iPhone.Build.0 = Release|Any CPU
		{99E19497-29A6-4B77-B773-BEC55F9B55DC}.Release|iPhoneSimulator.ActiveCfg = Release|Any CPU
		{99E19497-29A6-4B77-B773-BEC55F9B55DC}.Release|iPhoneSimulator.Build.0 = Release|Any CPU
		{99E19497-29A6-4B77-B773-BEC55F9B55DC}.Release|x64.ActiveCfg = Release|Any CPU
		{99E19497-29A6-4B77-B773-BEC55F9B55DC}.Release|x64.Build.0 = Release|Any CPU
		{99E19497-29A6-4B77-B773-BEC55F9B55DC}.Release|x86.ActiveCfg = Release|Any CPU
		{99E19497-29A6-4B77-B773-BEC55F9B55DC}.Release|x86.Build.0 = Release|Any CPU
		{91D74A40-E440-42AD-B51F-C2D641C49384}.Ad-Hoc|Any CPU.ActiveCfg = Ad-Hoc|iPhone
		{91D74A40-E440-42AD-B51F-C2D641C49384}.Ad-Hoc|ARM.ActiveCfg = Ad-Hoc|iPhone
		{91D74A40-E440-42AD-B51F-C2D641C49384}.Ad-Hoc|iPhone.ActiveCfg = Ad-Hoc|iPhone
		{91D74A40-E440-42AD-B51F-C2D641C49384}.Ad-Hoc|iPhone.Build.0 = Ad-Hoc|iPhone
		{91D74A40-E440-42AD-B51F-C2D641C49384}.Ad-Hoc|iPhoneSimulator.ActiveCfg = Ad-Hoc|iPhoneSimulator
		{91D74A40-E440-42AD-B51F-C2D641C49384}.Ad-Hoc|iPhoneSimulator.Build.0 = Ad-Hoc|iPhoneSimulator
		{91D74A40-E440-42AD-B51F-C2D641C49384}.Ad-Hoc|x64.ActiveCfg = Ad-Hoc|iPhone
		{91D74A40-E440-42AD-B51F-C2D641C49384}.Ad-Hoc|x86.ActiveCfg = Ad-Hoc|iPhone
		{91D74A40-E440-42AD-B51F-C2D641C49384}.AppStore|Any CPU.ActiveCfg = AppStore|iPhone
		{91D74A40-E440-42AD-B51F-C2D641C49384}.AppStore|ARM.ActiveCfg = AppStore|iPhone
		{91D74A40-E440-42AD-B51F-C2D641C49384}.AppStore|iPhone.ActiveCfg = AppStore|iPhone
		{91D74A40-E440-42AD-B51F-C2D641C49384}.AppStore|iPhone.Build.0 = AppStore|iPhone
		{91D74A40-E440-42AD-B51F-C2D641C49384}.AppStore|iPhoneSimulator.ActiveCfg = AppStore|iPhoneSimulator
		{91D74A40-E440-42AD-B51F-C2D641C49384}.AppStore|iPhoneSimulator.Build.0 = AppStore|iPhoneSimulator
		{91D74A40-E440-42AD-B51F-C2D641C49384}.AppStore|x64.ActiveCfg = AppStore|iPhone
		{91D74A40-E440-42AD-B51F-C2D641C49384}.AppStore|x86.ActiveCfg = AppStore|iPhone
		{91D74A40-E440-42AD-B51F-C2D641C49384}.Debug|Any CPU.ActiveCfg = Debug|iPhone
		{91D74A40-E440-42AD-B51F-C2D641C49384}.Debug|ARM.ActiveCfg = Debug|iPhone
		{91D74A40-E440-42AD-B51F-C2D641C49384}.Debug|iPhone.ActiveCfg = Debug|iPhone
		{91D74A40-E440-42AD-B51F-C2D641C49384}.Debug|iPhone.Build.0 = Debug|iPhone
		{91D74A40-E440-42AD-B51F-C2D641C49384}.Debug|iPhoneSimulator.ActiveCfg = Debug|iPhoneSimulator
		{91D74A40-E440-42AD-B51F-C2D641C49384}.Debug|iPhoneSimulator.Build.0 = Debug|iPhoneSimulator
		{91D74A40-E440-42AD-B51F-C2D641C49384}.Debug|x64.ActiveCfg = Debug|iPhone
		{91D74A40-E440-42AD-B51F-C2D641C49384}.Debug|x86.ActiveCfg = Debug|iPhone
		{91D74A40-E440-42AD-B51F-C2D641C49384}.Release|Any CPU.ActiveCfg = Release|iPhone
		{91D74A40-E440-42AD-B51F-C2D641C49384}.Release|ARM.ActiveCfg = Release|iPhone
		{91D74A40-E440-42AD-B51F-C2D641C49384}.Release|iPhone.ActiveCfg = Release|iPhone
		{91D74A40-E440-42AD-B51F-C2D641C49384}.Release|iPhone.Build.0 = Release|iPhone
		{91D74A40-E440-42AD-B51F-C2D641C49384}.Release|iPhoneSimulator.ActiveCfg = Release|iPhoneSimulator
		{91D74A40-E440-42AD-B51F-C2D641C49384}.Release|iPhoneSimulator.Build.0 = Release|iPhoneSimulator
		{91D74A40-E440-42AD-B51F-C2D641C49384}.Release|x64.ActiveCfg = Release|iPhone
		{91D74A40-E440-42AD-B51F-C2D641C49384}.Release|x86.ActiveCfg = Release|iPhone
		{3EA9E612-E717-4E55-9034-C415CD62AF9A}.Ad-Hoc|Any CPU.ActiveCfg = Release|x86
		{3EA9E612-E717-4E55-9034-C415CD62AF9A}.Ad-Hoc|Any CPU.Build.0 = Release|x86
		{3EA9E612-E717-4E55-9034-C415CD62AF9A}.Ad-Hoc|Any CPU.Deploy.0 = Release|x86
		{3EA9E612-E717-4E55-9034-C415CD62AF9A}.Ad-Hoc|ARM.ActiveCfg = Release|ARM
		{3EA9E612-E717-4E55-9034-C415CD62AF9A}.Ad-Hoc|ARM.Build.0 = Release|ARM
		{3EA9E612-E717-4E55-9034-C415CD62AF9A}.Ad-Hoc|ARM.Deploy.0 = Release|ARM
		{3EA9E612-E717-4E55-9034-C415CD62AF9A}.Ad-Hoc|iPhone.ActiveCfg = Release|x86
		{3EA9E612-E717-4E55-9034-C415CD62AF9A}.Ad-Hoc|iPhone.Build.0 = Release|x86
		{3EA9E612-E717-4E55-9034-C415CD62AF9A}.Ad-Hoc|iPhone.Deploy.0 = Release|x86
		{3EA9E612-E717-4E55-9034-C415CD62AF9A}.Ad-Hoc|iPhoneSimulator.ActiveCfg = Release|x86
		{3EA9E612-E717-4E55-9034-C415CD62AF9A}.Ad-Hoc|iPhoneSimulator.Build.0 = Release|x86
		{3EA9E612-E717-4E55-9034-C415CD62AF9A}.Ad-Hoc|iPhoneSimulator.Deploy.0 = Release|x86
		{3EA9E612-E717-4E55-9034-C415CD62AF9A}.Ad-Hoc|x64.ActiveCfg = Release|x64
		{3EA9E612-E717-4E55-9034-C415CD62AF9A}.Ad-Hoc|x64.Build.0 = Release|x64
		{3EA9E612-E717-4E55-9034-C415CD62AF9A}.Ad-Hoc|x64.Deploy.0 = Release|x64
		{3EA9E612-E717-4E55-9034-C415CD62AF9A}.Ad-Hoc|x86.ActiveCfg = Release|x86
		{3EA9E612-E717-4E55-9034-C415CD62AF9A}.Ad-Hoc|x86.Build.0 = Release|x86
		{3EA9E612-E717-4E55-9034-C415CD62AF9A}.Ad-Hoc|x86.Deploy.0 = Release|x86
		{3EA9E612-E717-4E55-9034-C415CD62AF9A}.AppStore|Any CPU.ActiveCfg = Release|x86
		{3EA9E612-E717-4E55-9034-C415CD62AF9A}.AppStore|Any CPU.Build.0 = Release|x86
		{3EA9E612-E717-4E55-9034-C415CD62AF9A}.AppStore|Any CPU.Deploy.0 = Release|x86
		{3EA9E612-E717-4E55-9034-C415CD62AF9A}.AppStore|ARM.ActiveCfg = Release|ARM
		{3EA9E612-E717-4E55-9034-C415CD62AF9A}.AppStore|ARM.Build.0 = Release|ARM
		{3EA9E612-E717-4E55-9034-C415CD62AF9A}.AppStore|ARM.Deploy.0 = Release|ARM
		{3EA9E612-E717-4E55-9034-C415CD62AF9A}.AppStore|iPhone.ActiveCfg = Release|x86
		{3EA9E612-E717-4E55-9034-C415CD62AF9A}.AppStore|iPhone.Build.0 = Release|x86
		{3EA9E612-E717-4E55-9034-C415CD62AF9A}.AppStore|iPhone.Deploy.0 = Release|x86
		{3EA9E612-E717-4E55-9034-C415CD62AF9A}.AppStore|iPhoneSimulator.ActiveCfg = Release|x86
		{3EA9E612-E717-4E55-9034-C415CD62AF9A}.AppStore|iPhoneSimulator.Build.0 = Release|x86
		{3EA9E612-E717-4E55-9034-C415CD62AF9A}.AppStore|iPhoneSimulator.Deploy.0 = Release|x86
		{3EA9E612-E717-4E55-9034-C415CD62AF9A}.AppStore|x64.ActiveCfg = Release|x64
		{3EA9E612-E717-4E55-9034-C415CD62AF9A}.AppStore|x64.Build.0 = Release|x64
		{3EA9E612-E717-4E55-9034-C415CD62AF9A}.AppStore|x64.Deploy.0 = Release|x64
		{3EA9E612-E717-4E55-9034-C415CD62AF9A}.AppStore|x86.ActiveCfg = Release|x86
		{3EA9E612-E717-4E55-9034-C415CD62AF9A}.AppStore|x86.Build.0 = Release|x86
		{3EA9E612-E717-4E55-9034-C415CD62AF9A}.AppStore|x86.Deploy.0 = Release|x86
		{3EA9E612-E717-4E55-9034-C415CD62AF9A}.Debug|Any CPU.ActiveCfg = Debug|x86
		{3EA9E612-E717-4E55-9034-C415CD62AF9A}.Debug|ARM.ActiveCfg = Debug|ARM
		{3EA9E612-E717-4E55-9034-C415CD62AF9A}.Debug|ARM.Build.0 = Debug|ARM
		{3EA9E612-E717-4E55-9034-C415CD62AF9A}.Debug|ARM.Deploy.0 = Debug|ARM
		{3EA9E612-E717-4E55-9034-C415CD62AF9A}.Debug|iPhone.ActiveCfg = Debug|x86
		{3EA9E612-E717-4E55-9034-C415CD62AF9A}.Debug|iPhoneSimulator.ActiveCfg = Debug|x86
		{3EA9E612-E717-4E55-9034-C415CD62AF9A}.Debug|x64.ActiveCfg = Debug|x64
		{3EA9E612-E717-4E55-9034-C415CD62AF9A}.Debug|x64.Build.0 = Debug|x64
		{3EA9E612-E717-4E55-9034-C415CD62AF9A}.Debug|x64.Deploy.0 = Debug|x64
		{3EA9E612-E717-4E55-9034-C415CD62AF9A}.Debug|x86.ActiveCfg = Debug|x86
		{3EA9E612-E717-4E55-9034-C415CD62AF9A}.Debug|x86.Build.0 = Debug|x86
		{3EA9E612-E717-4E55-9034-C415CD62AF9A}.Debug|x86.Deploy.0 = Debug|x86
		{3EA9E612-E717-4E55-9034-C415CD62AF9A}.Release|Any CPU.ActiveCfg = Release|x86
		{3EA9E612-E717-4E55-9034-C415CD62AF9A}.Release|ARM.ActiveCfg = Release|ARM
		{3EA9E612-E717-4E55-9034-C415CD62AF9A}.Release|ARM.Build.0 = Release|ARM
		{3EA9E612-E717-4E55-9034-C415CD62AF9A}.Release|ARM.Deploy.0 = Release|ARM
		{3EA9E612-E717-4E55-9034-C415CD62AF9A}.Release|iPhone.ActiveCfg = Release|x86
		{3EA9E612-E717-4E55-9034-C415CD62AF9A}.Release|iPhoneSimulator.ActiveCfg = Release|x86
		{3EA9E612-E717-4E55-9034-C415CD62AF9A}.Release|x64.ActiveCfg = Release|x64
		{3EA9E612-E717-4E55-9034-C415CD62AF9A}.Release|x64.Build.0 = Release|x64
		{3EA9E612-E717-4E55-9034-C415CD62AF9A}.Release|x64.Deploy.0 = Release|x64
		{3EA9E612-E717-4E55-9034-C415CD62AF9A}.Release|x86.ActiveCfg = Release|x86
		{3EA9E612-E717-4E55-9034-C415CD62AF9A}.Release|x86.Build.0 = Release|x86
		{3EA9E612-E717-4E55-9034-C415CD62AF9A}.Release|x86.Deploy.0 = Release|x86
		{B445DF73-AC9E-4276-9FBA-7CB5AD5D2518}.Ad-Hoc|Any CPU.ActiveCfg = Release|Any CPU
		{B445DF73-AC9E-4276-9FBA-7CB5AD5D2518}.Ad-Hoc|Any CPU.Build.0 = Release|Any CPU
		{B445DF73-AC9E-4276-9FBA-7CB5AD5D2518}.Ad-Hoc|ARM.ActiveCfg = Release|Any CPU
		{B445DF73-AC9E-4276-9FBA-7CB5AD5D2518}.Ad-Hoc|ARM.Build.0 = Release|Any CPU
		{B445DF73-AC9E-4276-9FBA-7CB5AD5D2518}.Ad-Hoc|iPhone.ActiveCfg = Release|Any CPU
		{B445DF73-AC9E-4276-9FBA-7CB5AD5D2518}.Ad-Hoc|iPhone.Build.0 = Release|Any CPU
		{B445DF73-AC9E-4276-9FBA-7CB5AD5D2518}.Ad-Hoc|iPhoneSimulator.ActiveCfg = Release|Any CPU
		{B445DF73-AC9E-4276-9FBA-7CB5AD5D2518}.Ad-Hoc|iPhoneSimulator.Build.0 = Release|Any CPU
		{B445DF73-AC9E-4276-9FBA-7CB5AD5D2518}.Ad-Hoc|x64.ActiveCfg = Release|Any CPU
		{B445DF73-AC9E-4276-9FBA-7CB5AD5D2518}.Ad-Hoc|x64.Build.0 = Release|Any CPU
		{B445DF73-AC9E-4276-9FBA-7CB5AD5D2518}.Ad-Hoc|x86.ActiveCfg = Release|Any CPU
		{B445DF73-AC9E-4276-9FBA-7CB5AD5D2518}.Ad-Hoc|x86.Build.0 = Release|Any CPU
		{B445DF73-AC9E-4276-9FBA-7CB5AD5D2518}.AppStore|Any CPU.ActiveCfg = Release|Any CPU
		{B445DF73-AC9E-4276-9FBA-7CB5AD5D2518}.AppStore|Any CPU.Build.0 = Release|Any CPU
		{B445DF73-AC9E-4276-9FBA-7CB5AD5D2518}.AppStore|ARM.ActiveCfg = Release|Any CPU
		{B445DF73-AC9E-4276-9FBA-7CB5AD5D2518}.AppStore|ARM.Build.0 = Release|Any CPU
		{B445DF73-AC9E-4276-9FBA-7CB5AD5D2518}.AppStore|iPhone.ActiveCfg = Release|Any CPU
		{B445DF73-AC9E-4276-9FBA-7CB5AD5D2518}.AppStore|iPhone.Build.0 = Release|Any CPU
		{B445DF73-AC9E-4276-9FBA-7CB5AD5D2518}.AppStore|iPhoneSimulator.ActiveCfg = Release|Any CPU
		{B445DF73-AC9E-4276-9FBA-7CB5AD5D2518}.AppStore|iPhoneSimulator.Build.0 = Release|Any CPU
		{B445DF73-AC9E-4276-9FBA-7CB5AD5D2518}.AppStore|x64.ActiveCfg = Release|Any CPU
		{B445DF73-AC9E-4276-9FBA-7CB5AD5D2518}.AppStore|x64.Build.0 = Release|Any CPU
		{B445DF73-AC9E-4276-9FBA-7CB5AD5D2518}.AppStore|x86.ActiveCfg = Release|Any CPU
		{B445DF73-AC9E-4276-9FBA-7CB5AD5D2518}.AppStore|x86.Build.0 = Release|Any CPU
		{B445DF73-AC9E-4276-9FBA-7CB5AD5D2518}.Debug|Any CPU.ActiveCfg = Debug|Any CPU
		{B445DF73-AC9E-4276-9FBA-7CB5AD5D2518}.Debug|Any CPU.Build.0 = Debug|Any CPU
		{B445DF73-AC9E-4276-9FBA-7CB5AD5D2518}.Debug|ARM.ActiveCfg = Debug|Any CPU
		{B445DF73-AC9E-4276-9FBA-7CB5AD5D2518}.Debug|ARM.Build.0 = Debug|Any CPU
		{B445DF73-AC9E-4276-9FBA-7CB5AD5D2518}.Debug|iPhone.ActiveCfg = Debug|Any CPU
		{B445DF73-AC9E-4276-9FBA-7CB5AD5D2518}.Debug|iPhone.Build.0 = Debug|Any CPU
		{B445DF73-AC9E-4276-9FBA-7CB5AD5D2518}.Debug|iPhoneSimulator.ActiveCfg = Debug|Any CPU
		{B445DF73-AC9E-4276-9FBA-7CB5AD5D2518}.Debug|iPhoneSimulator.Build.0 = Debug|Any CPU
		{B445DF73-AC9E-4276-9FBA-7CB5AD5D2518}.Debug|x64.ActiveCfg = Debug|Any CPU
		{B445DF73-AC9E-4276-9FBA-7CB5AD5D2518}.Debug|x64.Build.0 = Debug|Any CPU
		{B445DF73-AC9E-4276-9FBA-7CB5AD5D2518}.Debug|x86.ActiveCfg = Debug|Any CPU
		{B445DF73-AC9E-4276-9FBA-7CB5AD5D2518}.Debug|x86.Build.0 = Debug|Any CPU
		{B445DF73-AC9E-4276-9FBA-7CB5AD5D2518}.Release|Any CPU.ActiveCfg = Release|Any CPU
		{B445DF73-AC9E-4276-9FBA-7CB5AD5D2518}.Release|Any CPU.Build.0 = Release|Any CPU
		{B445DF73-AC9E-4276-9FBA-7CB5AD5D2518}.Release|ARM.ActiveCfg = Release|Any CPU
		{B445DF73-AC9E-4276-9FBA-7CB5AD5D2518}.Release|ARM.Build.0 = Release|Any CPU
		{B445DF73-AC9E-4276-9FBA-7CB5AD5D2518}.Release|iPhone.ActiveCfg = Release|Any CPU
		{B445DF73-AC9E-4276-9FBA-7CB5AD5D2518}.Release|iPhone.Build.0 = Release|Any CPU
		{B445DF73-AC9E-4276-9FBA-7CB5AD5D2518}.Release|iPhoneSimulator.ActiveCfg = Release|Any CPU
		{B445DF73-AC9E-4276-9FBA-7CB5AD5D2518}.Release|iPhoneSimulator.Build.0 = Release|Any CPU
		{B445DF73-AC9E-4276-9FBA-7CB5AD5D2518}.Release|x64.ActiveCfg = Release|Any CPU
		{B445DF73-AC9E-4276-9FBA-7CB5AD5D2518}.Release|x64.Build.0 = Release|Any CPU
		{B445DF73-AC9E-4276-9FBA-7CB5AD5D2518}.Release|x86.ActiveCfg = Release|Any CPU
		{B445DF73-AC9E-4276-9FBA-7CB5AD5D2518}.Release|x86.Build.0 = Release|Any CPU
		{3EA9E612-E717-4E55-9034-DE653429FEFD}.Ad-Hoc|Any CPU.ActiveCfg = Release|Any CPU
		{3EA9E612-E717-4E55-9034-DE653429FEFD}.Ad-Hoc|Any CPU.Build.0 = Release|Any CPU
		{3EA9E612-E717-4E55-9034-DE653429FEFD}.Ad-Hoc|ARM.ActiveCfg = Release|Any CPU
		{3EA9E612-E717-4E55-9034-DE653429FEFD}.Ad-Hoc|ARM.Build.0 = Release|Any CPU
		{3EA9E612-E717-4E55-9034-DE653429FEFD}.Ad-Hoc|iPhone.ActiveCfg = Release|Any CPU
		{3EA9E612-E717-4E55-9034-DE653429FEFD}.Ad-Hoc|iPhone.Build.0 = Release|Any CPU
		{3EA9E612-E717-4E55-9034-DE653429FEFD}.Ad-Hoc|iPhoneSimulator.ActiveCfg = Release|Any CPU
		{3EA9E612-E717-4E55-9034-DE653429FEFD}.Ad-Hoc|iPhoneSimulator.Build.0 = Release|Any CPU
		{3EA9E612-E717-4E55-9034-DE653429FEFD}.Ad-Hoc|x64.ActiveCfg = Release|Any CPU
		{3EA9E612-E717-4E55-9034-DE653429FEFD}.Ad-Hoc|x64.Build.0 = Release|Any CPU
		{3EA9E612-E717-4E55-9034-DE653429FEFD}.Ad-Hoc|x86.ActiveCfg = Release|Any CPU
		{3EA9E612-E717-4E55-9034-DE653429FEFD}.Ad-Hoc|x86.Build.0 = Release|Any CPU
		{3EA9E612-E717-4E55-9034-DE653429FEFD}.AppStore|Any CPU.ActiveCfg = Release|Any CPU
		{3EA9E612-E717-4E55-9034-DE653429FEFD}.AppStore|Any CPU.Build.0 = Release|Any CPU
		{3EA9E612-E717-4E55-9034-DE653429FEFD}.AppStore|ARM.ActiveCfg = Release|Any CPU
		{3EA9E612-E717-4E55-9034-DE653429FEFD}.AppStore|ARM.Build.0 = Release|Any CPU
		{3EA9E612-E717-4E55-9034-DE653429FEFD}.AppStore|iPhone.ActiveCfg = Release|Any CPU
		{3EA9E612-E717-4E55-9034-DE653429FEFD}.AppStore|iPhone.Build.0 = Release|Any CPU
		{3EA9E612-E717-4E55-9034-DE653429FEFD}.AppStore|iPhoneSimulator.ActiveCfg = Release|Any CPU
		{3EA9E612-E717-4E55-9034-DE653429FEFD}.AppStore|iPhoneSimulator.Build.0 = Release|Any CPU
		{3EA9E612-E717-4E55-9034-DE653429FEFD}.AppStore|x64.ActiveCfg = Release|Any CPU
		{3EA9E612-E717-4E55-9034-DE653429FEFD}.AppStore|x64.Build.0 = Release|Any CPU
		{3EA9E612-E717-4E55-9034-DE653429FEFD}.AppStore|x86.ActiveCfg = Release|Any CPU
		{3EA9E612-E717-4E55-9034-DE653429FEFD}.AppStore|x86.Build.0 = Release|Any CPU
		{3EA9E612-E717-4E55-9034-DE653429FEFD}.Debug|Any CPU.ActiveCfg = Debug|Any CPU
		{3EA9E612-E717-4E55-9034-DE653429FEFD}.Debug|Any CPU.Build.0 = Debug|Any CPU
		{3EA9E612-E717-4E55-9034-DE653429FEFD}.Debug|ARM.ActiveCfg = Debug|Any CPU
		{3EA9E612-E717-4E55-9034-DE653429FEFD}.Debug|ARM.Build.0 = Debug|Any CPU
		{3EA9E612-E717-4E55-9034-DE653429FEFD}.Debug|iPhone.ActiveCfg = Debug|Any CPU
		{3EA9E612-E717-4E55-9034-DE653429FEFD}.Debug|iPhone.Build.0 = Debug|Any CPU
		{3EA9E612-E717-4E55-9034-DE653429FEFD}.Debug|iPhoneSimulator.ActiveCfg = Debug|Any CPU
		{3EA9E612-E717-4E55-9034-DE653429FEFD}.Debug|iPhoneSimulator.Build.0 = Debug|Any CPU
		{3EA9E612-E717-4E55-9034-DE653429FEFD}.Debug|x64.ActiveCfg = Debug|Any CPU
		{3EA9E612-E717-4E55-9034-DE653429FEFD}.Debug|x64.Build.0 = Debug|Any CPU
		{3EA9E612-E717-4E55-9034-DE653429FEFD}.Debug|x86.ActiveCfg = Debug|Any CPU
		{3EA9E612-E717-4E55-9034-DE653429FEFD}.Debug|x86.Build.0 = Debug|Any CPU
		{3EA9E612-E717-4E55-9034-DE653429FEFD}.Release|Any CPU.ActiveCfg = Release|Any CPU
		{3EA9E612-E717-4E55-9034-DE653429FEFD}.Release|Any CPU.Build.0 = Release|Any CPU
		{3EA9E612-E717-4E55-9034-DE653429FEFD}.Release|ARM.ActiveCfg = Release|Any CPU
		{3EA9E612-E717-4E55-9034-DE653429FEFD}.Release|ARM.Build.0 = Release|Any CPU
		{3EA9E612-E717-4E55-9034-DE653429FEFD}.Release|iPhone.ActiveCfg = Release|Any CPU
		{3EA9E612-E717-4E55-9034-DE653429FEFD}.Release|iPhone.Build.0 = Release|Any CPU
		{3EA9E612-E717-4E55-9034-DE653429FEFD}.Release|iPhoneSimulator.ActiveCfg = Release|Any CPU
		{3EA9E612-E717-4E55-9034-DE653429FEFD}.Release|iPhoneSimulator.Build.0 = Release|Any CPU
		{3EA9E612-E717-4E55-9034-DE653429FEFD}.Release|x64.ActiveCfg = Release|Any CPU
		{3EA9E612-E717-4E55-9034-DE653429FEFD}.Release|x64.Build.0 = Release|Any CPU
		{3EA9E612-E717-4E55-9034-DE653429FEFD}.Release|x86.ActiveCfg = Release|Any CPU
		{3EA9E612-E717-4E55-9034-DE653429FEFD}.Release|x86.Build.0 = Release|Any CPU
		{8D9F8CF0-E178-402D-8D40-A88B7B5F3D42}.Ad-Hoc|Any CPU.ActiveCfg = Release|Any CPU
		{8D9F8CF0-E178-402D-8D40-A88B7B5F3D42}.Ad-Hoc|Any CPU.Build.0 = Release|Any CPU
		{8D9F8CF0-E178-402D-8D40-A88B7B5F3D42}.Ad-Hoc|ARM.ActiveCfg = Release|Any CPU
		{8D9F8CF0-E178-402D-8D40-A88B7B5F3D42}.Ad-Hoc|ARM.Build.0 = Release|Any CPU
		{8D9F8CF0-E178-402D-8D40-A88B7B5F3D42}.Ad-Hoc|iPhone.ActiveCfg = Release|Any CPU
		{8D9F8CF0-E178-402D-8D40-A88B7B5F3D42}.Ad-Hoc|iPhone.Build.0 = Release|Any CPU
		{8D9F8CF0-E178-402D-8D40-A88B7B5F3D42}.Ad-Hoc|iPhoneSimulator.ActiveCfg = Release|Any CPU
		{8D9F8CF0-E178-402D-8D40-A88B7B5F3D42}.Ad-Hoc|iPhoneSimulator.Build.0 = Release|Any CPU
		{8D9F8CF0-E178-402D-8D40-A88B7B5F3D42}.Ad-Hoc|x64.ActiveCfg = Release|Any CPU
		{8D9F8CF0-E178-402D-8D40-A88B7B5F3D42}.Ad-Hoc|x64.Build.0 = Release|Any CPU
		{8D9F8CF0-E178-402D-8D40-A88B7B5F3D42}.Ad-Hoc|x86.ActiveCfg = Release|Any CPU
		{8D9F8CF0-E178-402D-8D40-A88B7B5F3D42}.Ad-Hoc|x86.Build.0 = Release|Any CPU
		{8D9F8CF0-E178-402D-8D40-A88B7B5F3D42}.AppStore|Any CPU.ActiveCfg = Release|Any CPU
		{8D9F8CF0-E178-402D-8D40-A88B7B5F3D42}.AppStore|Any CPU.Build.0 = Release|Any CPU
		{8D9F8CF0-E178-402D-8D40-A88B7B5F3D42}.AppStore|ARM.ActiveCfg = Release|Any CPU
		{8D9F8CF0-E178-402D-8D40-A88B7B5F3D42}.AppStore|ARM.Build.0 = Release|Any CPU
		{8D9F8CF0-E178-402D-8D40-A88B7B5F3D42}.AppStore|iPhone.ActiveCfg = Release|Any CPU
		{8D9F8CF0-E178-402D-8D40-A88B7B5F3D42}.AppStore|iPhone.Build.0 = Release|Any CPU
		{8D9F8CF0-E178-402D-8D40-A88B7B5F3D42}.AppStore|iPhoneSimulator.ActiveCfg = Release|Any CPU
		{8D9F8CF0-E178-402D-8D40-A88B7B5F3D42}.AppStore|iPhoneSimulator.Build.0 = Release|Any CPU
		{8D9F8CF0-E178-402D-8D40-A88B7B5F3D42}.AppStore|x64.ActiveCfg = Release|Any CPU
		{8D9F8CF0-E178-402D-8D40-A88B7B5F3D42}.AppStore|x64.Build.0 = Release|Any CPU
		{8D9F8CF0-E178-402D-8D40-A88B7B5F3D42}.AppStore|x86.ActiveCfg = Release|Any CPU
		{8D9F8CF0-E178-402D-8D40-A88B7B5F3D42}.AppStore|x86.Build.0 = Release|Any CPU
		{8D9F8CF0-E178-402D-8D40-A88B7B5F3D42}.Debug|Any CPU.ActiveCfg = Debug|Any CPU
		{8D9F8CF0-E178-402D-8D40-A88B7B5F3D42}.Debug|Any CPU.Build.0 = Debug|Any CPU
		{8D9F8CF0-E178-402D-8D40-A88B7B5F3D42}.Debug|Any CPU.Deploy.0 = Debug|Any CPU
		{8D9F8CF0-E178-402D-8D40-A88B7B5F3D42}.Debug|ARM.ActiveCfg = Debug|Any CPU
		{8D9F8CF0-E178-402D-8D40-A88B7B5F3D42}.Debug|ARM.Build.0 = Debug|Any CPU
		{8D9F8CF0-E178-402D-8D40-A88B7B5F3D42}.Debug|iPhone.ActiveCfg = Debug|Any CPU
		{8D9F8CF0-E178-402D-8D40-A88B7B5F3D42}.Debug|iPhone.Build.0 = Debug|Any CPU
		{8D9F8CF0-E178-402D-8D40-A88B7B5F3D42}.Debug|iPhoneSimulator.ActiveCfg = Debug|Any CPU
		{8D9F8CF0-E178-402D-8D40-A88B7B5F3D42}.Debug|iPhoneSimulator.Build.0 = Debug|Any CPU
		{8D9F8CF0-E178-402D-8D40-A88B7B5F3D42}.Debug|x64.ActiveCfg = Debug|Any CPU
		{8D9F8CF0-E178-402D-8D40-A88B7B5F3D42}.Debug|x64.Build.0 = Debug|Any CPU
		{8D9F8CF0-E178-402D-8D40-A88B7B5F3D42}.Debug|x86.ActiveCfg = Debug|Any CPU
		{8D9F8CF0-E178-402D-8D40-A88B7B5F3D42}.Debug|x86.Build.0 = Debug|Any CPU
		{8D9F8CF0-E178-402D-8D40-A88B7B5F3D42}.Release|Any CPU.ActiveCfg = Release|Any CPU
		{8D9F8CF0-E178-402D-8D40-A88B7B5F3D42}.Release|Any CPU.Build.0 = Release|Any CPU
		{8D9F8CF0-E178-402D-8D40-A88B7B5F3D42}.Release|Any CPU.Deploy.0 = Release|Any CPU
		{8D9F8CF0-E178-402D-8D40-A88B7B5F3D42}.Release|ARM.ActiveCfg = Release|Any CPU
		{8D9F8CF0-E178-402D-8D40-A88B7B5F3D42}.Release|ARM.Build.0 = Release|Any CPU
		{8D9F8CF0-E178-402D-8D40-A88B7B5F3D42}.Release|iPhone.ActiveCfg = Release|Any CPU
		{8D9F8CF0-E178-402D-8D40-A88B7B5F3D42}.Release|iPhone.Build.0 = Release|Any CPU
		{8D9F8CF0-E178-402D-8D40-A88B7B5F3D42}.Release|iPhoneSimulator.ActiveCfg = Release|Any CPU
		{8D9F8CF0-E178-402D-8D40-A88B7B5F3D42}.Release|iPhoneSimulator.Build.0 = Release|Any CPU
		{8D9F8CF0-E178-402D-8D40-A88B7B5F3D42}.Release|x64.ActiveCfg = Release|Any CPU
		{8D9F8CF0-E178-402D-8D40-A88B7B5F3D42}.Release|x64.Build.0 = Release|Any CPU
		{8D9F8CF0-E178-402D-8D40-A88B7B5F3D42}.Release|x86.ActiveCfg = Release|Any CPU
		{8D9F8CF0-E178-402D-8D40-A88B7B5F3D42}.Release|x86.Build.0 = Release|Any CPU
		{E9A5BEFA-0E53-40B7-B2F8-DDB8369E644D}.Ad-Hoc|Any CPU.ActiveCfg = Release|Any CPU
		{E9A5BEFA-0E53-40B7-B2F8-DDB8369E644D}.Ad-Hoc|Any CPU.Build.0 = Release|Any CPU
		{E9A5BEFA-0E53-40B7-B2F8-DDB8369E644D}.Ad-Hoc|ARM.ActiveCfg = Release|Any CPU
		{E9A5BEFA-0E53-40B7-B2F8-DDB8369E644D}.Ad-Hoc|ARM.Build.0 = Release|Any CPU
		{E9A5BEFA-0E53-40B7-B2F8-DDB8369E644D}.Ad-Hoc|iPhone.ActiveCfg = Release|Any CPU
		{E9A5BEFA-0E53-40B7-B2F8-DDB8369E644D}.Ad-Hoc|iPhone.Build.0 = Release|Any CPU
		{E9A5BEFA-0E53-40B7-B2F8-DDB8369E644D}.Ad-Hoc|iPhoneSimulator.ActiveCfg = Release|Any CPU
		{E9A5BEFA-0E53-40B7-B2F8-DDB8369E644D}.Ad-Hoc|iPhoneSimulator.Build.0 = Release|Any CPU
		{E9A5BEFA-0E53-40B7-B2F8-DDB8369E644D}.Ad-Hoc|x64.ActiveCfg = Release|Any CPU
		{E9A5BEFA-0E53-40B7-B2F8-DDB8369E644D}.Ad-Hoc|x64.Build.0 = Release|Any CPU
		{E9A5BEFA-0E53-40B7-B2F8-DDB8369E644D}.Ad-Hoc|x86.ActiveCfg = Release|Any CPU
		{E9A5BEFA-0E53-40B7-B2F8-DDB8369E644D}.Ad-Hoc|x86.Build.0 = Release|Any CPU
		{E9A5BEFA-0E53-40B7-B2F8-DDB8369E644D}.AppStore|Any CPU.ActiveCfg = Release|Any CPU
		{E9A5BEFA-0E53-40B7-B2F8-DDB8369E644D}.AppStore|Any CPU.Build.0 = Release|Any CPU
		{E9A5BEFA-0E53-40B7-B2F8-DDB8369E644D}.AppStore|ARM.ActiveCfg = Release|Any CPU
		{E9A5BEFA-0E53-40B7-B2F8-DDB8369E644D}.AppStore|ARM.Build.0 = Release|Any CPU
		{E9A5BEFA-0E53-40B7-B2F8-DDB8369E644D}.AppStore|iPhone.ActiveCfg = Release|Any CPU
		{E9A5BEFA-0E53-40B7-B2F8-DDB8369E644D}.AppStore|iPhone.Build.0 = Release|Any CPU
		{E9A5BEFA-0E53-40B7-B2F8-DDB8369E644D}.AppStore|iPhoneSimulator.ActiveCfg = Release|Any CPU
		{E9A5BEFA-0E53-40B7-B2F8-DDB8369E644D}.AppStore|iPhoneSimulator.Build.0 = Release|Any CPU
		{E9A5BEFA-0E53-40B7-B2F8-DDB8369E644D}.AppStore|x64.ActiveCfg = Release|Any CPU
		{E9A5BEFA-0E53-40B7-B2F8-DDB8369E644D}.AppStore|x64.Build.0 = Release|Any CPU
		{E9A5BEFA-0E53-40B7-B2F8-DDB8369E644D}.AppStore|x86.ActiveCfg = Release|Any CPU
		{E9A5BEFA-0E53-40B7-B2F8-DDB8369E644D}.AppStore|x86.Build.0 = Release|Any CPU
		{E9A5BEFA-0E53-40B7-B2F8-DDB8369E644D}.Debug|Any CPU.ActiveCfg = Debug|Any CPU
		{E9A5BEFA-0E53-40B7-B2F8-DDB8369E644D}.Debug|Any CPU.Build.0 = Debug|Any CPU
		{E9A5BEFA-0E53-40B7-B2F8-DDB8369E644D}.Debug|ARM.ActiveCfg = Debug|Any CPU
		{E9A5BEFA-0E53-40B7-B2F8-DDB8369E644D}.Debug|ARM.Build.0 = Debug|Any CPU
		{E9A5BEFA-0E53-40B7-B2F8-DDB8369E644D}.Debug|iPhone.ActiveCfg = Debug|Any CPU
		{E9A5BEFA-0E53-40B7-B2F8-DDB8369E644D}.Debug|iPhone.Build.0 = Debug|Any CPU
		{E9A5BEFA-0E53-40B7-B2F8-DDB8369E644D}.Debug|iPhoneSimulator.ActiveCfg = Debug|Any CPU
		{E9A5BEFA-0E53-40B7-B2F8-DDB8369E644D}.Debug|iPhoneSimulator.Build.0 = Debug|Any CPU
		{E9A5BEFA-0E53-40B7-B2F8-DDB8369E644D}.Debug|x64.ActiveCfg = Debug|Any CPU
		{E9A5BEFA-0E53-40B7-B2F8-DDB8369E644D}.Debug|x64.Build.0 = Debug|Any CPU
		{E9A5BEFA-0E53-40B7-B2F8-DDB8369E644D}.Debug|x86.ActiveCfg = Debug|Any CPU
		{E9A5BEFA-0E53-40B7-B2F8-DDB8369E644D}.Debug|x86.Build.0 = Debug|Any CPU
		{E9A5BEFA-0E53-40B7-B2F8-DDB8369E644D}.Release|Any CPU.ActiveCfg = Release|Any CPU
		{E9A5BEFA-0E53-40B7-B2F8-DDB8369E644D}.Release|Any CPU.Build.0 = Release|Any CPU
		{E9A5BEFA-0E53-40B7-B2F8-DDB8369E644D}.Release|ARM.ActiveCfg = Release|Any CPU
		{E9A5BEFA-0E53-40B7-B2F8-DDB8369E644D}.Release|ARM.Build.0 = Release|Any CPU
		{E9A5BEFA-0E53-40B7-B2F8-DDB8369E644D}.Release|iPhone.ActiveCfg = Release|Any CPU
		{E9A5BEFA-0E53-40B7-B2F8-DDB8369E644D}.Release|iPhone.Build.0 = Release|Any CPU
		{E9A5BEFA-0E53-40B7-B2F8-DDB8369E644D}.Release|iPhoneSimulator.ActiveCfg = Release|Any CPU
		{E9A5BEFA-0E53-40B7-B2F8-DDB8369E644D}.Release|iPhoneSimulator.Build.0 = Release|Any CPU
		{E9A5BEFA-0E53-40B7-B2F8-DDB8369E644D}.Release|x64.ActiveCfg = Release|Any CPU
		{E9A5BEFA-0E53-40B7-B2F8-DDB8369E644D}.Release|x64.Build.0 = Release|Any CPU
		{E9A5BEFA-0E53-40B7-B2F8-DDB8369E644D}.Release|x86.ActiveCfg = Release|Any CPU
		{E9A5BEFA-0E53-40B7-B2F8-DDB8369E644D}.Release|x86.Build.0 = Release|Any CPU
		{2B1FDFB6-C93C-4CA1-A6AB-528C4B3654B9}.Ad-Hoc|Any CPU.ActiveCfg = Release|x64
		{2B1FDFB6-C93C-4CA1-A6AB-528C4B3654B9}.Ad-Hoc|Any CPU.Build.0 = Release|x64
		{2B1FDFB6-C93C-4CA1-A6AB-528C4B3654B9}.Ad-Hoc|Any CPU.Deploy.0 = Release|x64
		{2B1FDFB6-C93C-4CA1-A6AB-528C4B3654B9}.Ad-Hoc|ARM.ActiveCfg = Release|ARM
		{2B1FDFB6-C93C-4CA1-A6AB-528C4B3654B9}.Ad-Hoc|ARM.Build.0 = Release|ARM
		{2B1FDFB6-C93C-4CA1-A6AB-528C4B3654B9}.Ad-Hoc|ARM.Deploy.0 = Release|ARM
		{2B1FDFB6-C93C-4CA1-A6AB-528C4B3654B9}.Ad-Hoc|ARM64.ActiveCfg = Release|ARM64
		{2B1FDFB6-C93C-4CA1-A6AB-528C4B3654B9}.Ad-Hoc|ARM64.Build.0 = Release|ARM64
		{2B1FDFB6-C93C-4CA1-A6AB-528C4B3654B9}.Ad-Hoc|ARM64.Deploy.0 = Release|ARM64
		{2B1FDFB6-C93C-4CA1-A6AB-528C4B3654B9}.Ad-Hoc|iPhone.ActiveCfg = Release|x64
		{2B1FDFB6-C93C-4CA1-A6AB-528C4B3654B9}.Ad-Hoc|iPhone.Build.0 = Release|x64
		{2B1FDFB6-C93C-4CA1-A6AB-528C4B3654B9}.Ad-Hoc|iPhone.Deploy.0 = Release|x64
		{2B1FDFB6-C93C-4CA1-A6AB-528C4B3654B9}.Ad-Hoc|iPhoneSimulator.ActiveCfg = Release|x64
		{2B1FDFB6-C93C-4CA1-A6AB-528C4B3654B9}.Ad-Hoc|iPhoneSimulator.Build.0 = Release|x64
		{2B1FDFB6-C93C-4CA1-A6AB-528C4B3654B9}.Ad-Hoc|iPhoneSimulator.Deploy.0 = Release|x64
		{2B1FDFB6-C93C-4CA1-A6AB-528C4B3654B9}.Ad-Hoc|x64.ActiveCfg = Release|x64
		{2B1FDFB6-C93C-4CA1-A6AB-528C4B3654B9}.Ad-Hoc|x64.Build.0 = Release|x64
		{2B1FDFB6-C93C-4CA1-A6AB-528C4B3654B9}.Ad-Hoc|x64.Deploy.0 = Release|x64
		{2B1FDFB6-C93C-4CA1-A6AB-528C4B3654B9}.Ad-Hoc|x86.ActiveCfg = Release|x86
		{2B1FDFB6-C93C-4CA1-A6AB-528C4B3654B9}.Ad-Hoc|x86.Build.0 = Release|x86
		{2B1FDFB6-C93C-4CA1-A6AB-528C4B3654B9}.Ad-Hoc|x86.Deploy.0 = Release|x86
		{2B1FDFB6-C93C-4CA1-A6AB-528C4B3654B9}.AppStore|Any CPU.ActiveCfg = Release|x64
		{2B1FDFB6-C93C-4CA1-A6AB-528C4B3654B9}.AppStore|Any CPU.Build.0 = Release|x64
		{2B1FDFB6-C93C-4CA1-A6AB-528C4B3654B9}.AppStore|Any CPU.Deploy.0 = Release|x64
		{2B1FDFB6-C93C-4CA1-A6AB-528C4B3654B9}.AppStore|ARM.ActiveCfg = Release|ARM
		{2B1FDFB6-C93C-4CA1-A6AB-528C4B3654B9}.AppStore|ARM.Build.0 = Release|ARM
		{2B1FDFB6-C93C-4CA1-A6AB-528C4B3654B9}.AppStore|ARM.Deploy.0 = Release|ARM
		{2B1FDFB6-C93C-4CA1-A6AB-528C4B3654B9}.AppStore|ARM64.ActiveCfg = Release|ARM64
		{2B1FDFB6-C93C-4CA1-A6AB-528C4B3654B9}.AppStore|ARM64.Build.0 = Release|ARM64
		{2B1FDFB6-C93C-4CA1-A6AB-528C4B3654B9}.AppStore|ARM64.Deploy.0 = Release|ARM64
		{2B1FDFB6-C93C-4CA1-A6AB-528C4B3654B9}.AppStore|iPhone.ActiveCfg = Release|x64
		{2B1FDFB6-C93C-4CA1-A6AB-528C4B3654B9}.AppStore|iPhone.Build.0 = Release|x64
		{2B1FDFB6-C93C-4CA1-A6AB-528C4B3654B9}.AppStore|iPhone.Deploy.0 = Release|x64
		{2B1FDFB6-C93C-4CA1-A6AB-528C4B3654B9}.AppStore|iPhoneSimulator.ActiveCfg = Release|x64
		{2B1FDFB6-C93C-4CA1-A6AB-528C4B3654B9}.AppStore|iPhoneSimulator.Build.0 = Release|x64
		{2B1FDFB6-C93C-4CA1-A6AB-528C4B3654B9}.AppStore|iPhoneSimulator.Deploy.0 = Release|x64
		{2B1FDFB6-C93C-4CA1-A6AB-528C4B3654B9}.AppStore|x64.ActiveCfg = Release|x64
		{2B1FDFB6-C93C-4CA1-A6AB-528C4B3654B9}.AppStore|x64.Build.0 = Release|x64
		{2B1FDFB6-C93C-4CA1-A6AB-528C4B3654B9}.AppStore|x64.Deploy.0 = Release|x64
		{2B1FDFB6-C93C-4CA1-A6AB-528C4B3654B9}.AppStore|x86.ActiveCfg = Release|x86
		{2B1FDFB6-C93C-4CA1-A6AB-528C4B3654B9}.AppStore|x86.Build.0 = Release|x86
		{2B1FDFB6-C93C-4CA1-A6AB-528C4B3654B9}.AppStore|x86.Deploy.0 = Release|x86
		{2B1FDFB6-C93C-4CA1-A6AB-528C4B3654B9}.Debug|Any CPU.ActiveCfg = Debug|x86
		{2B1FDFB6-C93C-4CA1-A6AB-528C4B3654B9}.Debug|ARM.ActiveCfg = Debug|ARM
		{2B1FDFB6-C93C-4CA1-A6AB-528C4B3654B9}.Debug|ARM.Build.0 = Debug|ARM
		{2B1FDFB6-C93C-4CA1-A6AB-528C4B3654B9}.Debug|ARM.Deploy.0 = Debug|ARM
		{2B1FDFB6-C93C-4CA1-A6AB-528C4B3654B9}.Debug|ARM64.ActiveCfg = Debug|ARM64
		{2B1FDFB6-C93C-4CA1-A6AB-528C4B3654B9}.Debug|ARM64.Build.0 = Debug|ARM64
		{2B1FDFB6-C93C-4CA1-A6AB-528C4B3654B9}.Debug|ARM64.Deploy.0 = Debug|ARM64
		{2B1FDFB6-C93C-4CA1-A6AB-528C4B3654B9}.Debug|iPhone.ActiveCfg = Debug|x86
		{2B1FDFB6-C93C-4CA1-A6AB-528C4B3654B9}.Debug|iPhoneSimulator.ActiveCfg = Debug|x86
		{2B1FDFB6-C93C-4CA1-A6AB-528C4B3654B9}.Debug|x64.ActiveCfg = Debug|x64
		{2B1FDFB6-C93C-4CA1-A6AB-528C4B3654B9}.Debug|x64.Build.0 = Debug|x64
		{2B1FDFB6-C93C-4CA1-A6AB-528C4B3654B9}.Debug|x64.Deploy.0 = Debug|x64
		{2B1FDFB6-C93C-4CA1-A6AB-528C4B3654B9}.Debug|x86.ActiveCfg = Debug|x86
		{2B1FDFB6-C93C-4CA1-A6AB-528C4B3654B9}.Debug|x86.Build.0 = Debug|x86
		{2B1FDFB6-C93C-4CA1-A6AB-528C4B3654B9}.Debug|x86.Deploy.0 = Debug|x86
		{2B1FDFB6-C93C-4CA1-A6AB-528C4B3654B9}.Release|Any CPU.ActiveCfg = Release|x86
		{2B1FDFB6-C93C-4CA1-A6AB-528C4B3654B9}.Release|ARM.ActiveCfg = Release|ARM
		{2B1FDFB6-C93C-4CA1-A6AB-528C4B3654B9}.Release|ARM.Build.0 = Release|ARM
		{2B1FDFB6-C93C-4CA1-A6AB-528C4B3654B9}.Release|ARM.Deploy.0 = Release|ARM
		{2B1FDFB6-C93C-4CA1-A6AB-528C4B3654B9}.Release|ARM64.ActiveCfg = Release|ARM64
		{2B1FDFB6-C93C-4CA1-A6AB-528C4B3654B9}.Release|ARM64.Build.0 = Release|ARM64
		{2B1FDFB6-C93C-4CA1-A6AB-528C4B3654B9}.Release|ARM64.Deploy.0 = Release|ARM64
		{2B1FDFB6-C93C-4CA1-A6AB-528C4B3654B9}.Release|iPhone.ActiveCfg = Release|x86
		{2B1FDFB6-C93C-4CA1-A6AB-528C4B3654B9}.Release|iPhoneSimulator.ActiveCfg = Release|x86
		{2B1FDFB6-C93C-4CA1-A6AB-528C4B3654B9}.Release|x64.ActiveCfg = Release|x64
		{2B1FDFB6-C93C-4CA1-A6AB-528C4B3654B9}.Release|x64.Build.0 = Release|x64
		{2B1FDFB6-C93C-4CA1-A6AB-528C4B3654B9}.Release|x64.Deploy.0 = Release|x64
		{2B1FDFB6-C93C-4CA1-A6AB-528C4B3654B9}.Release|x86.ActiveCfg = Release|x86
		{2B1FDFB6-C93C-4CA1-A6AB-528C4B3654B9}.Release|x86.Build.0 = Release|x86
		{2B1FDFB6-C93C-4CA1-A6AB-528C4B3654B9}.Release|x86.Deploy.0 = Release|x86
	EndGlobalSection
	GlobalSection(SolutionProperties) = preSolution
		HideSolutionNode = FALSE
	EndGlobalSection
	GlobalSection(ExtensibilityGlobals) = postSolution
		SolutionGuid = {F6D05029-56B8-4E45-AF2D-0E76295DDBA2}
	EndGlobalSection
EndGlobal
