
Microsoft Visual Studio Solution File, Format Version 12.00
# Visual Studio Version 17
VisualStudioVersion = 17.0.31903.59
MinimumVisualStudioVersion = 10.0.40219.1
Project("{F2A71F9B-5D33-465A-A702-920D77279786}") = "Fabulous.MauiControls.MediaElement", "src\Fabulous.MauiControls.MediaElement.fsproj", "{9F386C37-700A-4273-A90C-25AF9E24C78E}"
EndProject
Global
	GlobalSection(SolutionConfigurationPlatforms) = preSolution
		Debug|Any CPU = Debug|Any CPU
		Release|Any CPU = Release|Any CPU
	EndGlobalSection
	GlobalSection(SolutionProperties) = preSolution
		HideSolutionNode = FALSE
	EndGlobalSection
	GlobalSection(ProjectConfigurationPlatforms) = postSolution
		{9F386C37-700A-4273-A90C-25AF9E24C78E}.Debug|Any CPU.ActiveCfg = Debug|Any CPU
		{9F386C37-700A-4273-A90C-25AF9E24C78E}.Debug|Any CPU.Build.0 = Debug|Any CPU
		{9F386C37-700A-4273-A90C-25AF9E24C78E}.Release|Any CPU.ActiveCfg = Release|Any CPU
		{9F386C37-700A-4273-A90C-25AF9E24C78E}.Release|Any CPU.Build.0 = Release|Any CPU
	EndGlobalSection
EndGlobal
