
Microsoft Visual Studio Solution File, Format Version 12.00
# Visual Studio 15
VisualStudioVersion = 15.0.27004.2006
MinimumVisualStudioVersion = 10.0.40219.1
Project("{F2A71F9B-5D33-465A-A702-920D77279786}") = "Elmish.XamarinForms", "Elmish.XamarinForms\Elmish.XamarinForms.fsproj", "{62F04666-3F3E-49C6-B7BE-AFC1B64DA81B}"
EndProject
Global
	GlobalSection(SolutionConfigurationPlatforms) = preSolution
		Debug|Any CPU = Debug|Any CPU
		Debug|x86 = Debug|x86
		Release|Any CPU = Release|Any CPU
		Release|x86 = Release|x86
	EndGlobalSection
	GlobalSection(ProjectConfigurationPlatforms) = postSolution
		{62F04666-3F3E-49C6-B7BE-AFC1B64DA81B}.Debug|Any CPU.ActiveCfg = Debug|Any CPU
		{62F04666-3F3E-49C6-B7BE-AFC1B64DA81B}.Debug|Any CPU.Build.0 = Debug|Any CPU
		{62F04666-3F3E-49C6-B7BE-AFC1B64DA81B}.Debug|x86.ActiveCfg = Debug|Any CPU
		{62F04666-3F3E-49C6-B7BE-AFC1B64DA81B}.Debug|x86.Build.0 = Debug|Any CPU
		{62F04666-3F3E-49C6-B7BE-AFC1B64DA81B}.Release|Any CPU.ActiveCfg = Release|Any CPU
		{62F04666-3F3E-49C6-B7BE-AFC1B64DA81B}.Release|Any CPU.Build.0 = Release|Any CPU
		{62F04666-3F3E-49C6-B7BE-AFC1B64DA81B}.Release|x86.ActiveCfg = Release|Any CPU
		{62F04666-3F3E-49C6-B7BE-AFC1B64DA81B}.Release|x86.Build.0 = Release|Any CPU
	EndGlobalSection
	GlobalSection(SolutionProperties) = preSolution
		HideSolutionNode = FALSE
	EndGlobalSection
	GlobalSection(ExtensibilityGlobals) = postSolution
		SolutionGuid = {E142F9FB-7EA9-4866-81D4-718660BDCAEB}
	EndGlobalSection
EndGlobal
